PODS:
  - Down (0.9.5)
  - Parma (0.3.0):
    - Down (~> 0.9.3)
  - SwiftFormat/CLI (0.53.2)
  - SwiftLint (0.54.0)

DEPENDENCIES:
  - Parma (= 0.3.0)
  - SwiftFormat/CLI (= 0.53.2)
  - SwiftLint (= 0.54.0)

SPEC REPOS:
  trunk:
    - Down
    - Parma
    - SwiftFormat
    - SwiftLint

SPEC CHECKSUMS:
  Down: 7321a72d0747ed0061dce948bcff518fcb6df2bd
  Parma: 679bca1c20ac336fffcdf9ff1ba0db9388a86a13
  SwiftFormat: 19cf302c4ecf4f8c64d394d57589beb145debed5
  SwiftLint: c1de071d9d08c8aba837545f6254315bc900e211

PODFILE CHECKSUM: 8736a53849a18ffa03ff64a1bb22b57f5b38b013

COCOAPODS: 1.15.2
