PODS:
  - Down (0.9.5)
  - Parma (0.3.0):
    - Down (~> 0.9.3)
  - SwiftFormat/CLI (0.53.0)
  - SwiftLint (0.54.0)

DEPENDENCIES:
  - Parma (= 0.3.0)
  - SwiftFormat/CLI (= 0.53.0)
  - SwiftLint (= 0.54.0)

SPEC REPOS:
  trunk:
    - Down
    - Parma
    - SwiftFormat
    - SwiftLint

SPEC CHECKSUMS:
  Down: 7321a72d0747ed0061dce948bcff518fcb6df2bd
  Parma: 679bca1c20ac336fffcdf9ff1ba0db9388a86a13
  SwiftFormat: 5c50ccf2c2b178fe5e46cc75e43555b09d72b103
  SwiftLint: c1de071d9d08c8aba837545f6254315bc900e211

PODFILE CHECKSUM: 9f12b5beee8fdd74ccc3219fcee5a672836ce9b7

COCOAPODS: 1.14.3
