// !$*UTF8*$!
{
	archiveVersion = 1;
	classes = {
	};
	objectVersion = 55;
	objects = {

/* Begin PBXBuildFile section */
		07000FB7292B7B0700CE537A /* NavigatinBarModifiers.swift in Sources */ = {isa = PBXBuildFile; fileRef = 07000FB6292B7B0700CE537A /* NavigatinBarModifiers.swift */; };
		07000FBC292FD9D700CE537A /* TabBarVariant.swift in Sources */ = {isa = PBXBuildFile; fileRef = 07000FBB292FD9D700CE537A /* TabBarVariant.swift */; };
		07081296293E29A7002E38BB /* ProgressBarVariant.swift in Sources */ = {isa = PBXBuildFile; fileRef = 07081295293E29A7002E38BB /* ProgressBarVariant.swift */; };
		071D3EF128884D8200DFD1C9 /* SpacingsPage.swift in Sources */ = {isa = PBXBuildFile; fileRef = 071D3EF028884D8200DFD1C9 /* SpacingsPage.swift */; };
		072DE105296DCE3E00229FCF /* ToastView.swift in Sources */ = {isa = PBXBuildFile; fileRef = 072DE104296DCE3E00229FCF /* ToastView.swift */; };
		0735F63E293DF13200280AD4 /* SelectionListModel.swift in Sources */ = {isa = PBXBuildFile; fileRef = 0735F63D293DF13200280AD4 /* SelectionListModel.swift */; };
		07387C5D28F0068B00D8721F /* Component.swift in Sources */ = {isa = PBXBuildFile; fileRef = 07387C5C28F0068B00D8721F /* Component.swift */; };
		07387C5F28F02F4F00D8721F /* SelectionList.swift in Sources */ = {isa = PBXBuildFile; fileRef = 07387C5E28F02F4F00D8721F /* SelectionList.swift */; };
		07387C6128F0486A00D8721F /* StandardList.swift in Sources */ = {isa = PBXBuildFile; fileRef = 07387C6028F0486A00D8721F /* StandardList.swift */; };
		07387C6328F062D900D8721F /* ListComponent.swift in Sources */ = {isa = PBXBuildFile; fileRef = 07387C6228F062D900D8721F /* ListComponent.swift */; };
		07387C6928F0641400D8721F /* StandardListModel.swift in Sources */ = {isa = PBXBuildFile; fileRef = 07387C6828F0641400D8721F /* StandardListModel.swift */; };
		0752EC2828EDBB540029A7BE /* ChipsComponentModel.swift in Sources */ = {isa = PBXBuildFile; fileRef = 0752EC2728EDBB540029A7BE /* ChipsComponentModel.swift */; };
		07535BAA29D31A440012F298 /* BottomSheetStandardVariant.swift in Sources */ = {isa = PBXBuildFile; fileRef = 07535BA929D31A440012F298 /* BottomSheetStandardVariant.swift */; };
		07535BAF29D713320012F298 /* BottomSheetExpandingVariantOptions.swift in Sources */ = {isa = PBXBuildFile; fileRef = 07535BAD29D713320012F298 /* BottomSheetExpandingVariantOptions.swift */; };
		07535BB029D713320012F298 /* BottomSheetExpandingVariant.swift in Sources */ = {isa = PBXBuildFile; fileRef = 07535BAE29D713320012F298 /* BottomSheetExpandingVariant.swift */; };
		07535BCF29DC57E60012F298 /* CustomizableVariant.swift in Sources */ = {isa = PBXBuildFile; fileRef = 07535BCE29DC57E60012F298 /* CustomizableVariant.swift */; };
		075462FA28F474CC002E2E40 /* ButtonsComponent.swift in Sources */ = {isa = PBXBuildFile; fileRef = 075462F728F474CC002E2E40 /* ButtonsComponent.swift */; };
		075462FC28F474CC002E2E40 /* EmphasisAndFunctionnalVariant.swift in Sources */ = {isa = PBXBuildFile; fileRef = 075462F928F474CC002E2E40 /* EmphasisAndFunctionnalVariant.swift */; };
		075E5D6D29378735009A801B /* RecipesLoader.swift in Sources */ = {isa = PBXBuildFile; fileRef = 075E5D6C29378735009A801B /* RecipesLoader.swift */; };
		075E5D6F29379164009A801B /* Recipes.json in Resources */ = {isa = PBXBuildFile; fileRef = 075E5D6E29379164009A801B /* Recipes.json */; };
		075E611929966CE5004CE0A6 /* IconVariant.swift in Sources */ = {isa = PBXBuildFile; fileRef = 075E611829966CE5004CE0A6 /* IconVariant.swift */; };
		075E611B29966D0C004CE0A6 /* BannerVariantOptions.swift in Sources */ = {isa = PBXBuildFile; fileRef = 075E611A29966D0C004CE0A6 /* BannerVariantOptions.swift */; };
		075E611D29966EFB004CE0A6 /* NavigationBarVariant.swift in Sources */ = {isa = PBXBuildFile; fileRef = 075E611C29966EFB004CE0A6 /* NavigationBarVariant.swift */; };
		075E611F299672A9004CE0A6 /* ActivityIndicatorVariant.swift in Sources */ = {isa = PBXBuildFile; fileRef = 075E611E299672A9004CE0A6 /* ActivityIndicatorVariant.swift */; };
		075E6121299686B9004CE0A6 /* CapitalizedTextInputsVariant.swift in Sources */ = {isa = PBXBuildFile; fileRef = 075E6120299686B9004CE0A6 /* CapitalizedTextInputsVariant.swift */; };
		075E612329968A56004CE0A6 /* SecureVariant.swift in Sources */ = {isa = PBXBuildFile; fileRef = 075E612229968A56004CE0A6 /* SecureVariant.swift */; };
		075E6126299AA4D4004CE0A6 /* Guideline.swift in Sources */ = {isa = PBXBuildFile; fileRef = 075E6125299AA4D4004CE0A6 /* Guideline.swift */; };
		075E612A299AA904004CE0A6 /* SpacingsGuideline.swift in Sources */ = {isa = PBXBuildFile; fileRef = 075E6129299AA904004CE0A6 /* SpacingsGuideline.swift */; };
		075E612C299AA988004CE0A6 /* ColorsGuideline.swift in Sources */ = {isa = PBXBuildFile; fileRef = 075E612B299AA988004CE0A6 /* ColorsGuideline.swift */; };
		075E612E299AAAEE004CE0A6 /* TypographyGuideline.swift in Sources */ = {isa = PBXBuildFile; fileRef = 075E612D299AAAEE004CE0A6 /* TypographyGuideline.swift */; };
		075E6130299B77B5004CE0A6 /* GuidelinePage.swift in Sources */ = {isa = PBXBuildFile; fileRef = 075E612F299B77B5004CE0A6 /* GuidelinePage.swift */; };
		0789AB972934C33200796B82 /* TabBarComponent.swift in Sources */ = {isa = PBXBuildFile; fileRef = 0789AB962934C33200796B82 /* TabBarComponent.swift */; };
		0789AB992934C35B00796B82 /* SliderComponent.swift in Sources */ = {isa = PBXBuildFile; fileRef = 0789AB982934C35A00796B82 /* SliderComponent.swift */; };
		07973C54287C7470004397D7 /* ODSColors+extension.swift in Sources */ = {isa = PBXBuildFile; fileRef = 07973C53287C7470004397D7 /* ODSColors+extension.swift */; };
		07973C56287C74CF004397D7 /* RGBA.swift in Sources */ = {isa = PBXBuildFile; fileRef = 07973C55287C74CF004397D7 /* RGBA.swift */; };
		079821C729262C4400BE3116 /* InnovationCupTheme in Frameworks */ = {isa = PBXBuildFile; productRef = 079821C629262C4400BE3116 /* InnovationCupTheme */; };
		079821C92926340B00BE3116 /* OrangeTheme in Frameworks */ = {isa = PBXBuildFile; productRef = 079821C82926340B00BE3116 /* OrangeTheme */; };
		079821CB29263C1200BE3116 /* ThemeablePreviews.swift in Sources */ = {isa = PBXBuildFile; fileRef = 079821CA29263C1200BE3116 /* ThemeablePreviews.swift */; };
		079821CD2927BC3700BE3116 /* Colors.xcassets in Resources */ = {isa = PBXBuildFile; fileRef = 079821CC2927BC3700BE3116 /* Colors.xcassets */; };
		079CAF6C2A544E5700C57EA3 /* AppNews.json in Resources */ = {isa = PBXBuildFile; fileRef = 07B5D2C42A5417F1003EBA84 /* AppNews.json */; };
		07A187B9293F531700E1AD72 /* SelectionListOptions.swift in Sources */ = {isa = PBXBuildFile; fileRef = 07A187B8293F531700E1AD72 /* SelectionListOptions.swift */; };
		07A3382D29C4B1A000A56BA1 /* ODSCGU.html in Resources */ = {isa = PBXBuildFile; fileRef = 07A3382C29C3633000A56BA1 /* ODSCGU.html */; };
		07A3382E29C4B1A400A56BA1 /* ODSPrivacyNotice.html in Resources */ = {isa = PBXBuildFile; fileRef = 07A3382B29C31C7800A56BA1 /* ODSPrivacyNotice.html */; };
		07A8ED5F2A52BA4D0069D491 /* AboutModuleModel.swift in Sources */ = {isa = PBXBuildFile; fileRef = 07A8ED5E2A52BA4D0069D491 /* AboutModuleModel.swift */; };
		07AA3D4E28AE8B160001B75E /* Pods_OrangeDesignSystemDemo.framework in Frameworks */ = {isa = PBXBuildFile; fileRef = 07AA3D4D28AE8B160001B75E /* Pods_OrangeDesignSystemDemo.framework */; };
		07C23C2D2A41A02B00C469C1 /* AboutModule.swift in Sources */ = {isa = PBXBuildFile; fileRef = 07C23C2C2A41A02B00C469C1 /* AboutModule.swift */; };
		07C52F2028D37A2B0067CFC0 /* CardExampleData.swift in Sources */ = {isa = PBXBuildFile; fileRef = 07C52F1F28D37A2B0067CFC0 /* CardExampleData.swift */; };
		07C8234F28AE68B2003B2C3A /* TextFieldComponent.swift in Sources */ = {isa = PBXBuildFile; fileRef = 07C8234328AE68B2003B2C3A /* TextFieldComponent.swift */; };
		07C8235028AE68B2003B2C3A /* ChipsComponent.swift in Sources */ = {isa = PBXBuildFile; fileRef = 07C8234428AE68B2003B2C3A /* ChipsComponent.swift */; };
		07C8235528AE68B2003B2C3A /* NavigationBarComponent.swift in Sources */ = {isa = PBXBuildFile; fileRef = 07C8234928AE68B2003B2C3A /* NavigationBarComponent.swift */; };
		07C8235628AE68B2003B2C3A /* CardComponent.swift in Sources */ = {isa = PBXBuildFile; fileRef = 07C8234A28AE68B2003B2C3A /* CardComponent.swift */; };
		07C8235928AE690F003B2C3A /* ComponentPage.swift in Sources */ = {isa = PBXBuildFile; fileRef = 07C8235828AE690F003B2C3A /* ComponentPage.swift */; };
		07C8236828AE823F003B2C3A /* ThemeSelectionView.swift in Sources */ = {isa = PBXBuildFile; fileRef = 07C8236728AE823F003B2C3A /* ThemeSelectionView.swift */; };
		07CC45292923CAAD008BE71F /* BannerComponent.swift in Sources */ = {isa = PBXBuildFile; fileRef = 07CC45282923CAAD008BE71F /* BannerComponent.swift */; };
		07D3AEE02968143700B36C3F /* ToolBarComponent.swift in Sources */ = {isa = PBXBuildFile; fileRef = 07D3AEDF2968143700B36C3F /* ToolBarComponent.swift */; };
		07D3AEE22968169600B36C3F /* ToolBarVariantOptions.swift in Sources */ = {isa = PBXBuildFile; fileRef = 07D3AEE12968169600B36C3F /* ToolBarVariantOptions.swift */; };
		07DAD07D2A5EDDD700265669 /* AboutSceen.swift in Sources */ = {isa = PBXBuildFile; fileRef = 07DAD07C2A5EDDD600265669 /* AboutSceen.swift */; };
		07DF838C293A5A2300DFBE31 /* StandardListOptions.swift in Sources */ = {isa = PBXBuildFile; fileRef = 07DF838B293A5A2300DFBE31 /* StandardListOptions.swift */; };
		07E0A1B928AE8D2900CD1C32 /* OrangeDesignSystem in Frameworks */ = {isa = PBXBuildFile; productRef = 07E0A1B828AE8D2900CD1C32 /* OrangeDesignSystem */; };
		07E37F6228C73252003FF740 /* CardSmallVariant.swift in Sources */ = {isa = PBXBuildFile; fileRef = 07E37F6128C73252003FF740 /* CardSmallVariant.swift */; };
		07E37F6428C74540003FF740 /* CardVerticalHeaderFirstVariant.swift in Sources */ = {isa = PBXBuildFile; fileRef = 07E37F6328C74540003FF740 /* CardVerticalHeaderFirstVariant.swift */; };
		07E37F6628C745E1003FF740 /* CardVerticalImageFirstVariant.swift in Sources */ = {isa = PBXBuildFile; fileRef = 07E37F6528C745E1003FF740 /* CardVerticalImageFirstVariant.swift */; };
		07F141C0298BC213007C8575 /* CardHorizontalVariant.swift in Sources */ = {isa = PBXBuildFile; fileRef = 07F141BF298BC213007C8575 /* CardHorizontalVariant.swift */; };
		07F141C2298C0644007C8575 /* RecipeBookModel.swift in Sources */ = {isa = PBXBuildFile; fileRef = 07F141C1298C0644007C8575 /* RecipeBookModel.swift */; };
		07F141C4298CF4CB007C8575 /* RecipesBook.swift in Sources */ = {isa = PBXBuildFile; fileRef = 07F141C3298CF4CB007C8575 /* RecipesBook.swift */; };
		07F141C829928B96007C8575 /* BottomSheetComponent.swift in Sources */ = {isa = PBXBuildFile; fileRef = 07F141C629928B96007C8575 /* BottomSheetComponent.swift */; };
		07F343862943458D0043335A /* ProgressIndicatorComponent.swift in Sources */ = {isa = PBXBuildFile; fileRef = 07F343852943458C0043335A /* ProgressIndicatorComponent.swift */; };
		C88E9E08333D56BAEA28A60E /* Pods_OrangeDesignSystemDemoTests.framework in Frameworks */ = {isa = PBXBuildFile; fileRef = E816C9278060A8072007BFD0 /* Pods_OrangeDesignSystemDemoTests.framework */; };
		F90D9768280030A6006D29FC /* TypographyPage.swift in Sources */ = {isa = PBXBuildFile; fileRef = F90D9765280030A6006D29FC /* TypographyPage.swift */; };
		F90D976C280030C4006D29FC /* MainTabView.swift in Sources */ = {isa = PBXBuildFile; fileRef = F90D976B280030C4006D29FC /* MainTabView.swift */; };
		F90D977828003104006D29FC /* AboutHtmlAndMarkdownView.swift in Sources */ = {isa = PBXBuildFile; fileRef = F90D977228003104006D29FC /* AboutHtmlAndMarkdownView.swift */; };
		F90D978228003281006D29FC /* ModulesList.swift in Sources */ = {isa = PBXBuildFile; fileRef = F90D977F28003281006D29FC /* ModulesList.swift */; };
		F90D978328003281006D29FC /* CardViewDemo.swift in Sources */ = {isa = PBXBuildFile; fileRef = F90D978028003281006D29FC /* CardViewDemo.swift */; };
		F90D978728005A4A006D29FC /* ComponentList.swift in Sources */ = {isa = PBXBuildFile; fileRef = F90D978628005A4A006D29FC /* ComponentList.swift */; };
		F96A3E17280451660086B9BF /* ColorsPage.swift in Sources */ = {isa = PBXBuildFile; fileRef = F96A3E11280451660086B9BF /* ColorsPage.swift */; };
		F96A3E18280451660086B9BF /* ColorUsage.swift in Sources */ = {isa = PBXBuildFile; fileRef = F96A3E12280451660086B9BF /* ColorUsage.swift */; };
		F96A3E19280451660086B9BF /* ColorDetail.swift in Sources */ = {isa = PBXBuildFile; fileRef = F96A3E14280451660086B9BF /* ColorDetail.swift */; };
		F96A3E1B280451660086B9BF /* ColorIllustration.swift in Sources */ = {isa = PBXBuildFile; fileRef = F96A3E16280451660086B9BF /* ColorIllustration.swift */; };
		F96A3E1D280451FE0086B9BF /* GuidelinesList.swift in Sources */ = {isa = PBXBuildFile; fileRef = F96A3E1C280451FE0086B9BF /* GuidelinesList.swift */; };
		F96A3E23280452960086B9BF /* Bundle+Extension.swift in Sources */ = {isa = PBXBuildFile; fileRef = F96A3E1F280452960086B9BF /* Bundle+Extension.swift */; };
		F96A3E25280452960086B9BF /* BackgroundBlurView.swift in Sources */ = {isa = PBXBuildFile; fileRef = F96A3E21280452960086B9BF /* BackgroundBlurView.swift */; };
		F99FF0732767AE2A006236A0 /* OrangeDesignSystemDemoApp.swift in Sources */ = {isa = PBXBuildFile; fileRef = F99FF06E2767AE2A006236A0 /* OrangeDesignSystemDemoApp.swift */; };
		F99FF0742767AE2A006236A0 /* Assets.xcassets in Resources */ = {isa = PBXBuildFile; fileRef = F99FF06F2767AE2A006236A0 /* Assets.xcassets */; };
		F99FF07F2767AF62006236A0 /* Preview Assets.xcassets in Resources */ = {isa = PBXBuildFile; fileRef = F99FF07E2767AF62006236A0 /* Preview Assets.xcassets */; };
		F99FF08C2767B23E006236A0 /* OrangeDesignSystemDemoTests.swift in Sources */ = {isa = PBXBuildFile; fileRef = F99FF08A2767B226006236A0 /* OrangeDesignSystemDemoTests.swift */; };
		F99FF0922767B38B006236A0 /* OrangeDesignSystemDemoUITests.swift in Sources */ = {isa = PBXBuildFile; fileRef = F99FF08F2767B265006236A0 /* OrangeDesignSystemDemoUITests.swift */; };
		F99FF0932767B38D006236A0 /* OrangeDesignSystemDemoUITestsLaunchTests.swift in Sources */ = {isa = PBXBuildFile; fileRef = F99FF08E2767B265006236A0 /* OrangeDesignSystemDemoUITestsLaunchTests.swift */; };
		FD88B6392930CE0600F58924 /* SlidersVariant.swift in Sources */ = {isa = PBXBuildFile; fileRef = FD88B6382930CE0600F58924 /* SlidersVariant.swift */; };
		FDDAB0F72809B39900ACE5F4 /* CHANGELOG.md in Resources */ = {isa = PBXBuildFile; fileRef = FDDAB0F62809AB2100ACE5F4 /* CHANGELOG.md */; };
/* End PBXBuildFile section */

/* Begin PBXContainerItemProxy section */
		EB0AA541275652AF0012E192 /* PBXContainerItemProxy */ = {
			isa = PBXContainerItemProxy;
			containerPortal = EB0AA528275652AE0012E192 /* Project object */;
			proxyType = 1;
			remoteGlobalIDString = EB0AA52F275652AE0012E192;
			remoteInfo = "ods-ios-swiftUI-demo";
		};
		EB0AA54B275652AF0012E192 /* PBXContainerItemProxy */ = {
			isa = PBXContainerItemProxy;
			containerPortal = EB0AA528275652AE0012E192 /* Project object */;
			proxyType = 1;
			remoteGlobalIDString = EB0AA52F275652AE0012E192;
			remoteInfo = "ods-ios-swiftUI-demo";
		};
/* End PBXContainerItemProxy section */

/* Begin PBXFileReference section */
		021ED547747F959E94B4EA22 /* Pods-OrangeDesignSystemDemo.release.xcconfig */ = {isa = PBXFileReference; includeInIndex = 1; lastKnownFileType = text.xcconfig; name = "Pods-OrangeDesignSystemDemo.release.xcconfig"; path = "Target Support Files/Pods-OrangeDesignSystemDemo/Pods-OrangeDesignSystemDemo.release.xcconfig"; sourceTree = "<group>"; };
		07000FB6292B7B0700CE537A /* NavigatinBarModifiers.swift */ = {isa = PBXFileReference; lastKnownFileType = sourcecode.swift; path = NavigatinBarModifiers.swift; sourceTree = "<group>"; };
		07000FBB292FD9D700CE537A /* TabBarVariant.swift */ = {isa = PBXFileReference; lastKnownFileType = sourcecode.swift; path = TabBarVariant.swift; sourceTree = "<group>"; };
		07081295293E29A7002E38BB /* ProgressBarVariant.swift */ = {isa = PBXFileReference; lastKnownFileType = sourcecode.swift; path = ProgressBarVariant.swift; sourceTree = "<group>"; };
		071D3EF028884D8200DFD1C9 /* SpacingsPage.swift */ = {isa = PBXFileReference; fileEncoding = 4; lastKnownFileType = sourcecode.swift; path = SpacingsPage.swift; sourceTree = "<group>"; };
		072DE104296DCE3E00229FCF /* ToastView.swift */ = {isa = PBXFileReference; lastKnownFileType = sourcecode.swift; path = ToastView.swift; sourceTree = "<group>"; };
		0735F63D293DF13200280AD4 /* SelectionListModel.swift */ = {isa = PBXFileReference; lastKnownFileType = sourcecode.swift; path = SelectionListModel.swift; sourceTree = "<group>"; };
		07387C5C28F0068B00D8721F /* Component.swift */ = {isa = PBXFileReference; lastKnownFileType = sourcecode.swift; path = Component.swift; sourceTree = "<group>"; };
		07387C5E28F02F4F00D8721F /* SelectionList.swift */ = {isa = PBXFileReference; lastKnownFileType = sourcecode.swift; path = SelectionList.swift; sourceTree = "<group>"; };
		07387C6028F0486A00D8721F /* StandardList.swift */ = {isa = PBXFileReference; lastKnownFileType = sourcecode.swift; path = StandardList.swift; sourceTree = "<group>"; };
		07387C6228F062D900D8721F /* ListComponent.swift */ = {isa = PBXFileReference; lastKnownFileType = sourcecode.swift; path = ListComponent.swift; sourceTree = "<group>"; };
		07387C6828F0641400D8721F /* StandardListModel.swift */ = {isa = PBXFileReference; lastKnownFileType = sourcecode.swift; path = StandardListModel.swift; sourceTree = "<group>"; };
		0752EC2728EDBB540029A7BE /* ChipsComponentModel.swift */ = {isa = PBXFileReference; lastKnownFileType = sourcecode.swift; path = ChipsComponentModel.swift; sourceTree = "<group>"; };
		07535BA929D31A440012F298 /* BottomSheetStandardVariant.swift */ = {isa = PBXFileReference; lastKnownFileType = sourcecode.swift; path = BottomSheetStandardVariant.swift; sourceTree = "<group>"; };
		07535BAD29D713320012F298 /* BottomSheetExpandingVariantOptions.swift */ = {isa = PBXFileReference; fileEncoding = 4; lastKnownFileType = sourcecode.swift; name = BottomSheetExpandingVariantOptions.swift; path = Expanding/BottomSheetExpandingVariantOptions.swift; sourceTree = "<group>"; };
		07535BAE29D713320012F298 /* BottomSheetExpandingVariant.swift */ = {isa = PBXFileReference; fileEncoding = 4; lastKnownFileType = sourcecode.swift; name = BottomSheetExpandingVariant.swift; path = Expanding/BottomSheetExpandingVariant.swift; sourceTree = "<group>"; };
		07535BCE29DC57E60012F298 /* CustomizableVariant.swift */ = {isa = PBXFileReference; lastKnownFileType = sourcecode.swift; path = CustomizableVariant.swift; sourceTree = "<group>"; };
		075462F728F474CC002E2E40 /* ButtonsComponent.swift */ = {isa = PBXFileReference; fileEncoding = 4; lastKnownFileType = sourcecode.swift; path = ButtonsComponent.swift; sourceTree = "<group>"; };
		075462F928F474CC002E2E40 /* EmphasisAndFunctionnalVariant.swift */ = {isa = PBXFileReference; fileEncoding = 4; lastKnownFileType = sourcecode.swift; path = EmphasisAndFunctionnalVariant.swift; sourceTree = "<group>"; };
		075E5D6C29378735009A801B /* RecipesLoader.swift */ = {isa = PBXFileReference; lastKnownFileType = sourcecode.swift; path = RecipesLoader.swift; sourceTree = "<group>"; };
		075E5D6E29379164009A801B /* Recipes.json */ = {isa = PBXFileReference; lastKnownFileType = text.json; path = Recipes.json; sourceTree = "<group>"; };
		075E611829966CE5004CE0A6 /* IconVariant.swift */ = {isa = PBXFileReference; fileEncoding = 4; lastKnownFileType = sourcecode.swift; path = IconVariant.swift; sourceTree = "<group>"; };
		075E611A29966D0C004CE0A6 /* BannerVariantOptions.swift */ = {isa = PBXFileReference; fileEncoding = 4; lastKnownFileType = sourcecode.swift; path = BannerVariantOptions.swift; sourceTree = "<group>"; };
		075E611C29966EFB004CE0A6 /* NavigationBarVariant.swift */ = {isa = PBXFileReference; lastKnownFileType = sourcecode.swift; path = NavigationBarVariant.swift; sourceTree = "<group>"; };
		075E611E299672A9004CE0A6 /* ActivityIndicatorVariant.swift */ = {isa = PBXFileReference; lastKnownFileType = sourcecode.swift; path = ActivityIndicatorVariant.swift; sourceTree = "<group>"; };
		075E6120299686B9004CE0A6 /* CapitalizedTextInputsVariant.swift */ = {isa = PBXFileReference; lastKnownFileType = sourcecode.swift; path = CapitalizedTextInputsVariant.swift; sourceTree = "<group>"; };
		075E612229968A56004CE0A6 /* SecureVariant.swift */ = {isa = PBXFileReference; lastKnownFileType = sourcecode.swift; path = SecureVariant.swift; sourceTree = "<group>"; };
		075E6125299AA4D4004CE0A6 /* Guideline.swift */ = {isa = PBXFileReference; lastKnownFileType = sourcecode.swift; path = Guideline.swift; sourceTree = "<group>"; };
		075E6129299AA904004CE0A6 /* SpacingsGuideline.swift */ = {isa = PBXFileReference; lastKnownFileType = sourcecode.swift; path = SpacingsGuideline.swift; sourceTree = "<group>"; };
		075E612B299AA988004CE0A6 /* ColorsGuideline.swift */ = {isa = PBXFileReference; fileEncoding = 4; lastKnownFileType = sourcecode.swift; path = ColorsGuideline.swift; sourceTree = "<group>"; };
		075E612D299AAAEE004CE0A6 /* TypographyGuideline.swift */ = {isa = PBXFileReference; fileEncoding = 4; lastKnownFileType = sourcecode.swift; path = TypographyGuideline.swift; sourceTree = "<group>"; };
		075E612F299B77B5004CE0A6 /* GuidelinePage.swift */ = {isa = PBXFileReference; lastKnownFileType = sourcecode.swift; path = GuidelinePage.swift; sourceTree = "<group>"; };
		0789AB962934C33200796B82 /* TabBarComponent.swift */ = {isa = PBXFileReference; fileEncoding = 4; lastKnownFileType = sourcecode.swift; path = TabBarComponent.swift; sourceTree = "<group>"; };
		0789AB982934C35A00796B82 /* SliderComponent.swift */ = {isa = PBXFileReference; fileEncoding = 4; lastKnownFileType = sourcecode.swift; path = SliderComponent.swift; sourceTree = "<group>"; };
		07973C53287C7470004397D7 /* ODSColors+extension.swift */ = {isa = PBXFileReference; lastKnownFileType = sourcecode.swift; path = "ODSColors+extension.swift"; sourceTree = "<group>"; };
		07973C55287C74CF004397D7 /* RGBA.swift */ = {isa = PBXFileReference; lastKnownFileType = sourcecode.swift; path = RGBA.swift; sourceTree = "<group>"; };
		079821CA29263C1200BE3116 /* ThemeablePreviews.swift */ = {isa = PBXFileReference; lastKnownFileType = sourcecode.swift; path = ThemeablePreviews.swift; sourceTree = "<group>"; };
		079821CC2927BC3700BE3116 /* Colors.xcassets */ = {isa = PBXFileReference; lastKnownFileType = folder.assetcatalog; name = Colors.xcassets; path = OrangeDesignSystemDemo/Colors.xcassets; sourceTree = "<group>"; };
		07A187B8293F531700E1AD72 /* SelectionListOptions.swift */ = {isa = PBXFileReference; lastKnownFileType = sourcecode.swift; path = SelectionListOptions.swift; sourceTree = "<group>"; };
		07A3382B29C31C7800A56BA1 /* ODSPrivacyNotice.html */ = {isa = PBXFileReference; lastKnownFileType = text.html; name = ODSPrivacyNotice.html; path = OrangeDesignSystemDemo/Views/About/ODSPrivacyNotice.html; sourceTree = "<group>"; };
		07A3382C29C3633000A56BA1 /* ODSCGU.html */ = {isa = PBXFileReference; lastKnownFileType = text.html; name = ODSCGU.html; path = OrangeDesignSystemDemo/Views/About/ODSCGU.html; sourceTree = "<group>"; };
		07A8ED5E2A52BA4D0069D491 /* AboutModuleModel.swift */ = {isa = PBXFileReference; lastKnownFileType = sourcecode.swift; name = AboutModuleModel.swift; path = OrangeDesignSystemDemo/Views/Modules/About/AboutModuleModel.swift; sourceTree = SOURCE_ROOT; };
		07AA3D4D28AE8B160001B75E /* Pods_OrangeDesignSystemDemo.framework */ = {isa = PBXFileReference; explicitFileType = wrapper.framework; path = Pods_OrangeDesignSystemDemo.framework; sourceTree = BUILT_PRODUCTS_DIR; };
		07B5D2C42A5417F1003EBA84 /* AppNews.json */ = {isa = PBXFileReference; lastKnownFileType = text.json; path = AppNews.json; sourceTree = "<group>"; };
		07C23C2C2A41A02B00C469C1 /* AboutModule.swift */ = {isa = PBXFileReference; fileEncoding = 4; lastKnownFileType = sourcecode.swift; path = AboutModule.swift; sourceTree = "<group>"; };
		07C52F1F28D37A2B0067CFC0 /* CardExampleData.swift */ = {isa = PBXFileReference; lastKnownFileType = sourcecode.swift; path = CardExampleData.swift; sourceTree = "<group>"; };
		07C8234328AE68B2003B2C3A /* TextFieldComponent.swift */ = {isa = PBXFileReference; fileEncoding = 4; lastKnownFileType = sourcecode.swift; path = TextFieldComponent.swift; sourceTree = "<group>"; };
		07C8234428AE68B2003B2C3A /* ChipsComponent.swift */ = {isa = PBXFileReference; fileEncoding = 4; lastKnownFileType = sourcecode.swift; path = ChipsComponent.swift; sourceTree = "<group>"; };
		07C8234928AE68B2003B2C3A /* NavigationBarComponent.swift */ = {isa = PBXFileReference; fileEncoding = 4; lastKnownFileType = sourcecode.swift; path = NavigationBarComponent.swift; sourceTree = "<group>"; };
		07C8234A28AE68B2003B2C3A /* CardComponent.swift */ = {isa = PBXFileReference; fileEncoding = 4; lastKnownFileType = sourcecode.swift; path = CardComponent.swift; sourceTree = "<group>"; };
		07C8235828AE690F003B2C3A /* ComponentPage.swift */ = {isa = PBXFileReference; fileEncoding = 4; lastKnownFileType = sourcecode.swift; path = ComponentPage.swift; sourceTree = "<group>"; };
		07C8236728AE823F003B2C3A /* ThemeSelectionView.swift */ = {isa = PBXFileReference; fileEncoding = 4; lastKnownFileType = sourcecode.swift; path = ThemeSelectionView.swift; sourceTree = "<group>"; };
		07CC45282923CAAD008BE71F /* BannerComponent.swift */ = {isa = PBXFileReference; lastKnownFileType = sourcecode.swift; path = BannerComponent.swift; sourceTree = "<group>"; };
		07D3AEDF2968143700B36C3F /* ToolBarComponent.swift */ = {isa = PBXFileReference; lastKnownFileType = sourcecode.swift; path = ToolBarComponent.swift; sourceTree = "<group>"; };
		07D3AEE12968169600B36C3F /* ToolBarVariantOptions.swift */ = {isa = PBXFileReference; lastKnownFileType = sourcecode.swift; path = ToolBarVariantOptions.swift; sourceTree = "<group>"; };
		07DAD07C2A5EDDD600265669 /* AboutSceen.swift */ = {isa = PBXFileReference; fileEncoding = 4; lastKnownFileType = sourcecode.swift; path = AboutSceen.swift; sourceTree = "<group>"; };
		07DF838B293A5A2300DFBE31 /* StandardListOptions.swift */ = {isa = PBXFileReference; fileEncoding = 4; lastKnownFileType = sourcecode.swift; path = StandardListOptions.swift; sourceTree = "<group>"; };
		07E37F6128C73252003FF740 /* CardSmallVariant.swift */ = {isa = PBXFileReference; lastKnownFileType = sourcecode.swift; path = CardSmallVariant.swift; sourceTree = "<group>"; };
		07E37F6328C74540003FF740 /* CardVerticalHeaderFirstVariant.swift */ = {isa = PBXFileReference; lastKnownFileType = sourcecode.swift; path = CardVerticalHeaderFirstVariant.swift; sourceTree = "<group>"; };
		07E37F6528C745E1003FF740 /* CardVerticalImageFirstVariant.swift */ = {isa = PBXFileReference; lastKnownFileType = sourcecode.swift; path = CardVerticalImageFirstVariant.swift; sourceTree = "<group>"; };
		07F141BF298BC213007C8575 /* CardHorizontalVariant.swift */ = {isa = PBXFileReference; lastKnownFileType = sourcecode.swift; path = CardHorizontalVariant.swift; sourceTree = "<group>"; };
		07F141C1298C0644007C8575 /* RecipeBookModel.swift */ = {isa = PBXFileReference; lastKnownFileType = sourcecode.swift; path = RecipeBookModel.swift; sourceTree = "<group>"; };
		07F141C3298CF4CB007C8575 /* RecipesBook.swift */ = {isa = PBXFileReference; lastKnownFileType = sourcecode.swift; path = RecipesBook.swift; sourceTree = "<group>"; };
		07F141C629928B96007C8575 /* BottomSheetComponent.swift */ = {isa = PBXFileReference; fileEncoding = 4; lastKnownFileType = sourcecode.swift; path = BottomSheetComponent.swift; sourceTree = "<group>"; };
		07F343852943458C0043335A /* ProgressIndicatorComponent.swift */ = {isa = PBXFileReference; fileEncoding = 4; lastKnownFileType = sourcecode.swift; path = ProgressIndicatorComponent.swift; sourceTree = "<group>"; };
		2ACFE972C59B1460F410852D /* Pods-OrangeDesignSystemDemo.debug.xcconfig */ = {isa = PBXFileReference; includeInIndex = 1; lastKnownFileType = text.xcconfig; name = "Pods-OrangeDesignSystemDemo.debug.xcconfig"; path = "Target Support Files/Pods-OrangeDesignSystemDemo/Pods-OrangeDesignSystemDemo.debug.xcconfig"; sourceTree = "<group>"; };
		759CBF84E701D1BE3D68D365 /* Pods_OrangeDesignSystemDemo.framework */ = {isa = PBXFileReference; explicitFileType = wrapper.framework; includeInIndex = 0; path = Pods_OrangeDesignSystemDemo.framework; sourceTree = BUILT_PRODUCTS_DIR; };
		B655A0B148F11BB69BCFF556 /* Pods-OrangeDesignSystemDemoTests.debug.xcconfig */ = {isa = PBXFileReference; includeInIndex = 1; lastKnownFileType = text.xcconfig; name = "Pods-OrangeDesignSystemDemoTests.debug.xcconfig"; path = "Target Support Files/Pods-OrangeDesignSystemDemoTests/Pods-OrangeDesignSystemDemoTests.debug.xcconfig"; sourceTree = "<group>"; };
		E816C9278060A8072007BFD0 /* Pods_OrangeDesignSystemDemoTests.framework */ = {isa = PBXFileReference; explicitFileType = wrapper.framework; includeInIndex = 0; path = Pods_OrangeDesignSystemDemoTests.framework; sourceTree = BUILT_PRODUCTS_DIR; };
		EB0AA530275652AE0012E192 /* OrangeDesignSystemDemo.app */ = {isa = PBXFileReference; explicitFileType = wrapper.application; includeInIndex = 0; path = OrangeDesignSystemDemo.app; sourceTree = BUILT_PRODUCTS_DIR; };
		EB0AA540275652AF0012E192 /* OrangeDesignSystemDemoTests.xctest */ = {isa = PBXFileReference; explicitFileType = wrapper.cfbundle; includeInIndex = 0; path = OrangeDesignSystemDemoTests.xctest; sourceTree = BUILT_PRODUCTS_DIR; };
		EB0AA54A275652AF0012E192 /* OrangeDesignSystemDemoUITests.xctest */ = {isa = PBXFileReference; explicitFileType = wrapper.cfbundle; includeInIndex = 0; path = OrangeDesignSystemDemoUITests.xctest; sourceTree = BUILT_PRODUCTS_DIR; };
		F90D9765280030A6006D29FC /* TypographyPage.swift */ = {isa = PBXFileReference; fileEncoding = 4; lastKnownFileType = sourcecode.swift; path = TypographyPage.swift; sourceTree = "<group>"; };
		F90D976B280030C4006D29FC /* MainTabView.swift */ = {isa = PBXFileReference; fileEncoding = 4; lastKnownFileType = sourcecode.swift; name = MainTabView.swift; path = OrangeDesignSystemDemo/Views/MainTabView.swift; sourceTree = "<group>"; };
		F90D977228003104006D29FC /* AboutHtmlAndMarkdownView.swift */ = {isa = PBXFileReference; fileEncoding = 4; lastKnownFileType = sourcecode.swift; path = AboutHtmlAndMarkdownView.swift; sourceTree = "<group>"; };
		F90D977F28003281006D29FC /* ModulesList.swift */ = {isa = PBXFileReference; fileEncoding = 4; lastKnownFileType = sourcecode.swift; name = ModulesList.swift; path = OrangeDesignSystemDemo/Views/Modules/ModulesList.swift; sourceTree = "<group>"; };
		F90D978028003281006D29FC /* CardViewDemo.swift */ = {isa = PBXFileReference; fileEncoding = 4; lastKnownFileType = sourcecode.swift; name = CardViewDemo.swift; path = OrangeDesignSystemDemo/Views/Modules/CardViewDemo.swift; sourceTree = "<group>"; };
		F90D978628005A4A006D29FC /* ComponentList.swift */ = {isa = PBXFileReference; fileEncoding = 4; lastKnownFileType = sourcecode.swift; name = ComponentList.swift; path = OrangeDesignSystemDemo/Views/Components/ComponentList.swift; sourceTree = "<group>"; };
		F913B85F2767969E001CB0AA /* Package.swift */ = {isa = PBXFileReference; fileEncoding = 4; lastKnownFileType = sourcecode.swift; name = Package.swift; path = ../Package.swift; sourceTree = "<group>"; };
		F913B86827679EE9001CB0AA /* .swiftlint.yml */ = {isa = PBXFileReference; fileEncoding = 4; lastKnownFileType = text.yaml; name = .swiftlint.yml; path = ../.swiftlint.yml; sourceTree = "<group>"; };
		F913B86927679EE9001CB0AA /* .swiftformat */ = {isa = PBXFileReference; fileEncoding = 4; lastKnownFileType = text; name = .swiftformat; path = ../.swiftformat; sourceTree = "<group>"; };
		F94F90BD28328CAE00F06304 /* Info.plist */ = {isa = PBXFileReference; fileEncoding = 4; lastKnownFileType = text.plist.xml; name = Info.plist; path = OrangeDesignSystemDemo/Info.plist; sourceTree = "<group>"; };
		F96A3E11280451660086B9BF /* ColorsPage.swift */ = {isa = PBXFileReference; fileEncoding = 4; lastKnownFileType = sourcecode.swift; path = ColorsPage.swift; sourceTree = "<group>"; };
		F96A3E12280451660086B9BF /* ColorUsage.swift */ = {isa = PBXFileReference; fileEncoding = 4; lastKnownFileType = sourcecode.swift; path = ColorUsage.swift; sourceTree = "<group>"; };
		F96A3E14280451660086B9BF /* ColorDetail.swift */ = {isa = PBXFileReference; fileEncoding = 4; lastKnownFileType = sourcecode.swift; path = ColorDetail.swift; sourceTree = "<group>"; };
		F96A3E16280451660086B9BF /* ColorIllustration.swift */ = {isa = PBXFileReference; fileEncoding = 4; lastKnownFileType = sourcecode.swift; path = ColorIllustration.swift; sourceTree = "<group>"; };
		F96A3E1C280451FE0086B9BF /* GuidelinesList.swift */ = {isa = PBXFileReference; fileEncoding = 4; lastKnownFileType = sourcecode.swift; path = GuidelinesList.swift; sourceTree = "<group>"; };
		F96A3E1F280452960086B9BF /* Bundle+Extension.swift */ = {isa = PBXFileReference; fileEncoding = 4; lastKnownFileType = sourcecode.swift; path = "Bundle+Extension.swift"; sourceTree = "<group>"; };
		F96A3E21280452960086B9BF /* BackgroundBlurView.swift */ = {isa = PBXFileReference; fileEncoding = 4; lastKnownFileType = sourcecode.swift; path = BackgroundBlurView.swift; sourceTree = "<group>"; };
		F99FF06E2767AE2A006236A0 /* OrangeDesignSystemDemoApp.swift */ = {isa = PBXFileReference; fileEncoding = 4; lastKnownFileType = sourcecode.swift; name = OrangeDesignSystemDemoApp.swift; path = OrangeDesignSystemDemo/OrangeDesignSystemDemoApp.swift; sourceTree = "<group>"; };
		F99FF06F2767AE2A006236A0 /* Assets.xcassets */ = {isa = PBXFileReference; lastKnownFileType = folder.assetcatalog; name = Assets.xcassets; path = OrangeDesignSystemDemo/Assets.xcassets; sourceTree = "<group>"; };
		F99FF07E2767AF62006236A0 /* Preview Assets.xcassets */ = {isa = PBXFileReference; lastKnownFileType = folder.assetcatalog; name = "Preview Assets.xcassets"; path = "OrangeDesignSystemDemo/Preview Content/Preview Assets.xcassets"; sourceTree = "<group>"; };
		F99FF08A2767B226006236A0 /* OrangeDesignSystemDemoTests.swift */ = {isa = PBXFileReference; fileEncoding = 4; lastKnownFileType = sourcecode.swift; name = OrangeDesignSystemDemoTests.swift; path = OrangeDesignSystemDemoTests/OrangeDesignSystemDemoTests.swift; sourceTree = "<group>"; };
		F99FF08E2767B265006236A0 /* OrangeDesignSystemDemoUITestsLaunchTests.swift */ = {isa = PBXFileReference; fileEncoding = 4; lastKnownFileType = sourcecode.swift; name = OrangeDesignSystemDemoUITestsLaunchTests.swift; path = OrangeDesignSystemDemoUITests/OrangeDesignSystemDemoUITestsLaunchTests.swift; sourceTree = "<group>"; };
		F99FF08F2767B265006236A0 /* OrangeDesignSystemDemoUITests.swift */ = {isa = PBXFileReference; fileEncoding = 4; lastKnownFileType = sourcecode.swift; name = OrangeDesignSystemDemoUITests.swift; path = OrangeDesignSystemDemoUITests/OrangeDesignSystemDemoUITests.swift; sourceTree = "<group>"; };
		FB859C964985A86562A19502 /* Pods-OrangeDesignSystemDemoTests.release.xcconfig */ = {isa = PBXFileReference; includeInIndex = 1; lastKnownFileType = text.xcconfig; name = "Pods-OrangeDesignSystemDemoTests.release.xcconfig"; path = "Target Support Files/Pods-OrangeDesignSystemDemoTests/Pods-OrangeDesignSystemDemoTests.release.xcconfig"; sourceTree = "<group>"; };
		FD347D2C28D4C00B00F451B8 /* Podfile */ = {isa = PBXFileReference; lastKnownFileType = text; path = Podfile; sourceTree = "<group>"; };
		FD88B6382930CE0600F58924 /* SlidersVariant.swift */ = {isa = PBXFileReference; lastKnownFileType = sourcecode.swift; path = SlidersVariant.swift; sourceTree = "<group>"; };
		FDDAB0F62809AB2100ACE5F4 /* CHANGELOG.md */ = {isa = PBXFileReference; lastKnownFileType = net.daringfireball.markdown; name = CHANGELOG.md; path = ../CHANGELOG.md; sourceTree = "<group>"; };
/* End PBXFileReference section */

/* Begin PBXFrameworksBuildPhase section */
		EB0AA52D275652AE0012E192 /* Frameworks */ = {
			isa = PBXFrameworksBuildPhase;
			buildActionMask = 2147483647;
			files = (
				079821C729262C4400BE3116 /* InnovationCupTheme in Frameworks */,
				07E0A1B928AE8D2900CD1C32 /* OrangeDesignSystem in Frameworks */,
				079821C92926340B00BE3116 /* OrangeTheme in Frameworks */,
				07AA3D4E28AE8B160001B75E /* Pods_OrangeDesignSystemDemo.framework in Frameworks */,
			);
			runOnlyForDeploymentPostprocessing = 0;
		};
		EB0AA53D275652AF0012E192 /* Frameworks */ = {
			isa = PBXFrameworksBuildPhase;
			buildActionMask = 2147483647;
			files = (
				C88E9E08333D56BAEA28A60E /* Pods_OrangeDesignSystemDemoTests.framework in Frameworks */,
			);
			runOnlyForDeploymentPostprocessing = 0;
		};
		EB0AA547275652AF0012E192 /* Frameworks */ = {
			isa = PBXFrameworksBuildPhase;
			buildActionMask = 2147483647;
			files = (
			);
			runOnlyForDeploymentPostprocessing = 0;
		};
/* End PBXFrameworksBuildPhase section */

/* Begin PBXGroup section */
		07000FB3292B6D1D00CE537A /* NavigationBar */ = {
			isa = PBXGroup;
			children = (
				07C8234928AE68B2003B2C3A /* NavigationBarComponent.swift */,
				075E611C29966EFB004CE0A6 /* NavigationBarVariant.swift */,
				07000FB6292B7B0700CE537A /* NavigatinBarModifiers.swift */,
			);
			path = NavigationBar;
			sourceTree = "<group>";
		};
		07000FBA292FD9B600CE537A /* TabBar */ = {
			isa = PBXGroup;
			children = (
				0789AB962934C33200796B82 /* TabBarComponent.swift */,
				07000FBB292FD9D700CE537A /* TabBarVariant.swift */,
			);
			path = TabBar;
			sourceTree = "<group>";
		};
		07081294293E297F002E38BB /* ProgressIndicator */ = {
			isa = PBXGroup;
			children = (
				07F343852943458C0043335A /* ProgressIndicatorComponent.swift */,
				07081295293E29A7002E38BB /* ProgressBarVariant.swift */,
				075E611E299672A9004CE0A6 /* ActivityIndicatorVariant.swift */,
			);
			path = ProgressIndicator;
			sourceTree = "<group>";
		};
		071D3EEF28884D8200DFD1C9 /* Spacings */ = {
			isa = PBXGroup;
			children = (
				071D3EF028884D8200DFD1C9 /* SpacingsPage.swift */,
				075E6129299AA904004CE0A6 /* SpacingsGuideline.swift */,
			);
			path = Spacings;
			sourceTree = "<group>";
		};
		07240127285B656400DFB9A9 /* Typography */ = {
			isa = PBXGroup;
			children = (
				075E612D299AAAEE004CE0A6 /* TypographyGuideline.swift */,
				F90D9765280030A6006D29FC /* TypographyPage.swift */,
			);
			path = Typography;
			sourceTree = "<group>";
		};
		07387C6428F0639B00D8721F /* StandardVariant */ = {
			isa = PBXGroup;
			children = (
				07387C6028F0486A00D8721F /* StandardList.swift */,
				07387C6828F0641400D8721F /* StandardListModel.swift */,
				07DF838B293A5A2300DFBE31 /* StandardListOptions.swift */,
			);
			path = StandardVariant;
			sourceTree = "<group>";
		};
		07387C6528F063A800D8721F /* SelectionVariant */ = {
			isa = PBXGroup;
			children = (
				07387C5E28F02F4F00D8721F /* SelectionList.swift */,
				0735F63D293DF13200280AD4 /* SelectionListModel.swift */,
				07A187B8293F531700E1AD72 /* SelectionListOptions.swift */,
			);
			path = SelectionVariant;
			sourceTree = "<group>";
		};
		07389ACF291AB8DE000D7F4C /* TextFields */ = {
			isa = PBXGroup;
			children = (
				07C8234328AE68B2003B2C3A /* TextFieldComponent.swift */,
				075E6120299686B9004CE0A6 /* CapitalizedTextInputsVariant.swift */,
				075E612229968A56004CE0A6 /* SecureVariant.swift */,
			);
			path = TextFields;
			sourceTree = "<group>";
		};
		0752EC2628EDBB3E0029A7BE /* Chips */ = {
			isa = PBXGroup;
			children = (
				07C8234428AE68B2003B2C3A /* ChipsComponent.swift */,
				0752EC2728EDBB540029A7BE /* ChipsComponentModel.swift */,
			);
			path = Chips;
			sourceTree = "<group>";
		};
		07535BAB29D31ACA0012F298 /* Extending */ = {
			isa = PBXGroup;
			children = (
				07535BAE29D713320012F298 /* BottomSheetExpandingVariant.swift */,
				07535BAD29D713320012F298 /* BottomSheetExpandingVariantOptions.swift */,
			);
			name = Extending;
			sourceTree = "<group>";
		};
		07535BAC29D31AD60012F298 /* Standard */ = {
			isa = PBXGroup;
			children = (
				07535BA929D31A440012F298 /* BottomSheetStandardVariant.swift */,
			);
			path = Standard;
			sourceTree = "<group>";
		};
		075462F628F474CC002E2E40 /* Buttons */ = {
			isa = PBXGroup;
			children = (
				075462F728F474CC002E2E40 /* ButtonsComponent.swift */,
				075462F928F474CC002E2E40 /* EmphasisAndFunctionnalVariant.swift */,
				075E611829966CE5004CE0A6 /* IconVariant.swift */,
			);
			path = Buttons;
			sourceTree = "<group>";
		};
		075E5D6B2937871D009A801B /* Data */ = {
			isa = PBXGroup;
			children = (
				075E5D6C29378735009A801B /* RecipesLoader.swift */,
				07F141C1298C0644007C8575 /* RecipeBookModel.swift */,
				07F141C3298CF4CB007C8575 /* RecipesBook.swift */,
			);
			path = Data;
			sourceTree = "<group>";
		};
		075E6124299AA4BD004CE0A6 /* Template */ = {
			isa = PBXGroup;
			children = (
				075E6125299AA4D4004CE0A6 /* Guideline.swift */,
				075E612F299B77B5004CE0A6 /* GuidelinePage.swift */,
			);
			path = Template;
			sourceTree = "<group>";
		};
		07973C57287C74F1004397D7 /* Utils */ = {
			isa = PBXGroup;
			children = (
				07973C55287C74CF004397D7 /* RGBA.swift */,
				07973C53287C7470004397D7 /* ODSColors+extension.swift */,
			);
			path = Utils;
			sourceTree = "<group>";
		};
		07C23C2B2A41A02B00C469C1 /* About */ = {
			isa = PBXGroup;
			children = (
				07C23C2C2A41A02B00C469C1 /* AboutModule.swift */,
				07A8ED5E2A52BA4D0069D491 /* AboutModuleModel.swift */,
			);
			name = About;
			path = OrangeDesignSystemDemo/Views/modules/About;
			sourceTree = "<group>";
		};
		07C8233D28AE68B2003B2C3A /* Pages */ = {
			isa = PBXGroup;
			children = (
				07F141C529928B96007C8575 /* BottomSheet */,
				07D3AEDE296813DA00B36C3F /* ToolBar */,
				07CC452A2923CF9C008BE71F /* Banners */,
				075462F628F474CC002E2E40 /* Buttons */,
				07E37F6028C73234003FF740 /* Cards */,
				0752EC2628EDBB3E0029A7BE /* Chips */,
				07C8233E28AE68B2003B2C3A /* Lists */,
				07000FB3292B6D1D00CE537A /* NavigationBar */,
				07081294293E297F002E38BB /* ProgressIndicator */,
				FD88B6372930CDCB00F58924 /* Sliders */,
				07000FBA292FD9B600CE537A /* TabBar */,
				07389ACF291AB8DE000D7F4C /* TextFields */,
			);
			name = Pages;
			path = OrangeDesignSystemDemo/Views/Components/Pages;
			sourceTree = "<group>";
		};
		07C8233E28AE68B2003B2C3A /* Lists */ = {
			isa = PBXGroup;
			children = (
				07387C6528F063A800D8721F /* SelectionVariant */,
				07387C6428F0639B00D8721F /* StandardVariant */,
				07387C6228F062D900D8721F /* ListComponent.swift */,
			);
			path = Lists;
			sourceTree = "<group>";
		};
		07C8235728AE690F003B2C3A /* Template */ = {
			isa = PBXGroup;
			children = (
				07C8235828AE690F003B2C3A /* ComponentPage.swift */,
				07387C5C28F0068B00D8721F /* Component.swift */,
				07535BCE29DC57E60012F298 /* CustomizableVariant.swift */,
			);
			name = Template;
			path = OrangeDesignSystemDemo/Views/Components/Template;
			sourceTree = "<group>";
		};
		07C8236628AE823F003B2C3A /* Themes */ = {
			isa = PBXGroup;
			children = (
				07C8236728AE823F003B2C3A /* ThemeSelectionView.swift */,
			);
			name = Themes;
			path = OrangeDesignSystemDemo/Themes;
			sourceTree = "<group>";
		};
		07CC452A2923CF9C008BE71F /* Banners */ = {
			isa = PBXGroup;
			children = (
				07CC45282923CAAD008BE71F /* BannerComponent.swift */,
				075E611A29966D0C004CE0A6 /* BannerVariantOptions.swift */,
			);
			path = Banners;
			sourceTree = "<group>";
		};
		07D3AEDE296813DA00B36C3F /* ToolBar */ = {
			isa = PBXGroup;
			children = (
				07D3AEDF2968143700B36C3F /* ToolBarComponent.swift */,
				07D3AEE12968169600B36C3F /* ToolBarVariantOptions.swift */,
			);
			path = ToolBar;
			sourceTree = "<group>";
		};
		07E37F6028C73234003FF740 /* Cards */ = {
			isa = PBXGroup;
			children = (
				07C8234A28AE68B2003B2C3A /* CardComponent.swift */,
				07E37F6128C73252003FF740 /* CardSmallVariant.swift */,
				07E37F6328C74540003FF740 /* CardVerticalHeaderFirstVariant.swift */,
				07E37F6528C745E1003FF740 /* CardVerticalImageFirstVariant.swift */,
				07C52F1F28D37A2B0067CFC0 /* CardExampleData.swift */,
				07F141BF298BC213007C8575 /* CardHorizontalVariant.swift */,
			);
			path = Cards;
			sourceTree = "<group>";
		};
		07F141C529928B96007C8575 /* BottomSheet */ = {
			isa = PBXGroup;
			children = (
				07535BAC29D31AD60012F298 /* Standard */,
				07535BAB29D31ACA0012F298 /* Extending */,
				07F141C629928B96007C8575 /* BottomSheetComponent.swift */,
			);
			path = BottomSheet;
			sourceTree = "<group>";
		};
		174EE48FFD62B367205CFF78 /* Frameworks */ = {
			isa = PBXGroup;
			children = (
				07AA3D4D28AE8B160001B75E /* Pods_OrangeDesignSystemDemo.framework */,
				759CBF84E701D1BE3D68D365 /* Pods_OrangeDesignSystemDemo.framework */,
				E816C9278060A8072007BFD0 /* Pods_OrangeDesignSystemDemoTests.framework */,
			);
			name = Frameworks;
			sourceTree = "<group>";
		};
		5DEE13EE0B42A31B2EDDB804 /* Pods */ = {
			isa = PBXGroup;
			children = (
				2ACFE972C59B1460F410852D /* Pods-OrangeDesignSystemDemo.debug.xcconfig */,
				021ED547747F959E94B4EA22 /* Pods-OrangeDesignSystemDemo.release.xcconfig */,
				B655A0B148F11BB69BCFF556 /* Pods-OrangeDesignSystemDemoTests.debug.xcconfig */,
				FB859C964985A86562A19502 /* Pods-OrangeDesignSystemDemoTests.release.xcconfig */,
			);
			path = Pods;
			sourceTree = "<group>";
		};
		EB0AA527275652AE0012E192 = {
			isa = PBXGroup;
			children = (
				FDDAB0F62809AB2100ACE5F4 /* CHANGELOG.md */,
				F913B86727679DCC001CB0AA /* codeQuality */,
				F913B86227679A13001CB0AA /* Scripts */,
				F99FF06D2767ADF0006236A0 /* OrangeDesignSystemDemo */,
				F99FF08D2767B242006236A0 /* OrangeDesignSystemDemoUITests */,
				F99FF0892767B20C006236A0 /* OrangeDesignSystemDemoTests */,
				EB0AA531275652AE0012E192 /* Products */,
				5DEE13EE0B42A31B2EDDB804 /* Pods */,
				174EE48FFD62B367205CFF78 /* Frameworks */,
			);
			sourceTree = "<group>";
		};
		EB0AA531275652AE0012E192 /* Products */ = {
			isa = PBXGroup;
			children = (
				EB0AA530275652AE0012E192 /* OrangeDesignSystemDemo.app */,
				EB0AA540275652AF0012E192 /* OrangeDesignSystemDemoTests.xctest */,
				EB0AA54A275652AF0012E192 /* OrangeDesignSystemDemoUITests.xctest */,
			);
			name = Products;
			sourceTree = "<group>";
		};
		F90D9762280030A6006D29FC /* Guidelines */ = {
			isa = PBXGroup;
			children = (
				075E6124299AA4BD004CE0A6 /* Template */,
				071D3EEF28884D8200DFD1C9 /* Spacings */,
				07240127285B656400DFB9A9 /* Typography */,
				F96A3E10280451660086B9BF /* Colors */,
				F96A3E1C280451FE0086B9BF /* GuidelinesList.swift */,
			);
			name = Guidelines;
			path = OrangeDesignSystemDemo/Views/Guidelines;
			sourceTree = "<group>";
		};
		F90D976D28003104006D29FC /* About */ = {
			isa = PBXGroup;
			children = (
				07DAD07C2A5EDDD600265669 /* AboutSceen.swift */,
				F90D977228003104006D29FC /* AboutHtmlAndMarkdownView.swift */,
			);
			name = About;
			path = OrangeDesignSystemDemo/Views/About;
			sourceTree = "<group>";
		};
		F913B86227679A13001CB0AA /* Scripts */ = {
			isa = PBXGroup;
			children = (
				FD347D2C28D4C00B00F451B8 /* Podfile */,
				F913B85F2767969E001CB0AA /* Package.swift */,
			);
			name = Scripts;
			sourceTree = "<group>";
		};
		F913B86727679DCC001CB0AA /* codeQuality */ = {
			isa = PBXGroup;
			children = (
				F913B86927679EE9001CB0AA /* .swiftformat */,
				F913B86827679EE9001CB0AA /* .swiftlint.yml */,
			);
			name = codeQuality;
			sourceTree = "<group>";
		};
		F96A3E10280451660086B9BF /* Colors */ = {
			isa = PBXGroup;
			children = (
				07973C57287C74F1004397D7 /* Utils */,
				F96A3E13280451660086B9BF /* Views */,
				075E612B299AA988004CE0A6 /* ColorsGuideline.swift */,
				F96A3E11280451660086B9BF /* ColorsPage.swift */,
			);
			path = Colors;
			sourceTree = "<group>";
		};
		F96A3E13280451660086B9BF /* Views */ = {
			isa = PBXGroup;
			children = (
				F96A3E12280451660086B9BF /* ColorUsage.swift */,
				F96A3E14280451660086B9BF /* ColorDetail.swift */,
				F96A3E16280451660086B9BF /* ColorIllustration.swift */,
			);
			path = Views;
			sourceTree = "<group>";
		};
		F96A3E1E280452960086B9BF /* Utils */ = {
			isa = PBXGroup;
			children = (
				075E5D6B2937871D009A801B /* Data */,
				F96A3E1F280452960086B9BF /* Bundle+Extension.swift */,
				F96A3E21280452960086B9BF /* BackgroundBlurView.swift */,
				079821CA29263C1200BE3116 /* ThemeablePreviews.swift */,
				072DE104296DCE3E00229FCF /* ToastView.swift */,
			);
			name = Utils;
			path = OrangeDesignSystemDemo/Views/Utils;
			sourceTree = "<group>";
		};
		F99FF06D2767ADF0006236A0 /* OrangeDesignSystemDemo */ = {
			isa = PBXGroup;
			children = (
				F94F90BD28328CAE00F06304 /* Info.plist */,
				FDD9DB7B27ECB8C90094B5CE /* Resources */,
				F99FF07D2767AF4E006236A0 /* Preview Content */,
				F99FF07C2767AF39006236A0 /* Views */,
				F90D976B280030C4006D29FC /* MainTabView.swift */,
				F99FF06E2767AE2A006236A0 /* OrangeDesignSystemDemoApp.swift */,
				F99FF06F2767AE2A006236A0 /* Assets.xcassets */,
				079821CC2927BC3700BE3116 /* Colors.xcassets */,
			);
			name = OrangeDesignSystemDemo;
			sourceTree = "<group>";
		};
		F99FF07B2767AF2B006236A0 /* Components */ = {
			isa = PBXGroup;
			children = (
				07C8235728AE690F003B2C3A /* Template */,
				07C8233D28AE68B2003B2C3A /* Pages */,
				F90D978628005A4A006D29FC /* ComponentList.swift */,
			);
			name = Components;
			sourceTree = "<group>";
		};
		F99FF07C2767AF39006236A0 /* Views */ = {
			isa = PBXGroup;
			children = (
				07C8236628AE823F003B2C3A /* Themes */,
				F90D9762280030A6006D29FC /* Guidelines */,
				F99FF07B2767AF2B006236A0 /* Components */,
				F9F0BD1427B27ABA00B36DD8 /* Modules */,
				F90D976D28003104006D29FC /* About */,
				F96A3E1E280452960086B9BF /* Utils */,
			);
			name = Views;
			sourceTree = "<group>";
		};
		F99FF07D2767AF4E006236A0 /* Preview Content */ = {
			isa = PBXGroup;
			children = (
				F99FF07E2767AF62006236A0 /* Preview Assets.xcassets */,
			);
			name = "Preview Content";
			sourceTree = "<group>";
		};
		F99FF0892767B20C006236A0 /* OrangeDesignSystemDemoTests */ = {
			isa = PBXGroup;
			children = (
				F99FF08A2767B226006236A0 /* OrangeDesignSystemDemoTests.swift */,
			);
			name = OrangeDesignSystemDemoTests;
			sourceTree = "<group>";
		};
		F99FF08D2767B242006236A0 /* OrangeDesignSystemDemoUITests */ = {
			isa = PBXGroup;
			children = (
				F99FF08F2767B265006236A0 /* OrangeDesignSystemDemoUITests.swift */,
				F99FF08E2767B265006236A0 /* OrangeDesignSystemDemoUITestsLaunchTests.swift */,
			);
			name = OrangeDesignSystemDemoUITests;
			sourceTree = "<group>";
		};
		F9F0BD1427B27ABA00B36DD8 /* Modules */ = {
			isa = PBXGroup;
			children = (
				07C23C2B2A41A02B00C469C1 /* About */,
				F90D977F28003281006D29FC /* ModulesList.swift */,
				F90D978028003281006D29FC /* CardViewDemo.swift */,
			);
			name = Modules;
			sourceTree = "<group>";
		};
		FD88B6372930CDCB00F58924 /* Sliders */ = {
			isa = PBXGroup;
			children = (
				0789AB982934C35A00796B82 /* SliderComponent.swift */,
				FD88B6382930CE0600F58924 /* SlidersVariant.swift */,
			);
			path = Sliders;
			sourceTree = "<group>";
		};
		FDD9DB7B27ECB8C90094B5CE /* Resources */ = {
			isa = PBXGroup;
			children = (
				07A3382C29C3633000A56BA1 /* ODSCGU.html */,
				075E5D6E29379164009A801B /* Recipes.json */,
				07A3382B29C31C7800A56BA1 /* ODSPrivacyNotice.html */,
				07B5D2C42A5417F1003EBA84 /* AppNews.json */,
			);
			name = Resources;
			sourceTree = "<group>";
		};
/* End PBXGroup section */

/* Begin PBXNativeTarget section */
		EB0AA52F275652AE0012E192 /* OrangeDesignSystemDemo */ = {
			isa = PBXNativeTarget;
			buildConfigurationList = EB0AA554275652AF0012E192 /* Build configuration list for PBXNativeTarget "OrangeDesignSystemDemo" */;
			buildPhases = (
				BBC04BF489B25C64717CAA71 /* [CP] Check Pods Manifest.lock */,
				F913B86C2767A0D5001CB0AA /* SwiftFormat */,
				F913B86D2767A147001CB0AA /* SwiftLint */,
				EB0AA52C275652AE0012E192 /* Sources */,
				EB0AA52D275652AE0012E192 /* Frameworks */,
				EB0AA52E275652AE0012E192 /* Resources */,
				59A545B45A1BFD1A7DC83D74 /* [CP] Embed Pods Frameworks */,
			);
			buildRules = (
			);
			dependencies = (
			);
			name = OrangeDesignSystemDemo;
			packageProductDependencies = (
				07E0A1B828AE8D2900CD1C32 /* OrangeDesignSystem */,
				079821C629262C4400BE3116 /* InnovationCupTheme */,
				079821C82926340B00BE3116 /* OrangeTheme */,
			);
			productName = "ods-ios-swiftUI-demo";
			productReference = EB0AA530275652AE0012E192 /* OrangeDesignSystemDemo.app */;
			productType = "com.apple.product-type.application";
		};
		EB0AA53F275652AF0012E192 /* OrangeDesignSystemDemoTests */ = {
			isa = PBXNativeTarget;
			buildConfigurationList = EB0AA557275652AF0012E192 /* Build configuration list for PBXNativeTarget "OrangeDesignSystemDemoTests" */;
			buildPhases = (
				4E283B1959B8610238574D10 /* [CP] Check Pods Manifest.lock */,
				EB0AA53C275652AF0012E192 /* Sources */,
				EB0AA53D275652AF0012E192 /* Frameworks */,
				EB0AA53E275652AF0012E192 /* Resources */,
			);
			buildRules = (
			);
			dependencies = (
				EB0AA542275652AF0012E192 /* PBXTargetDependency */,
			);
			name = OrangeDesignSystemDemoTests;
			productName = "ods-ios-swiftUI-demoTests";
			productReference = EB0AA540275652AF0012E192 /* OrangeDesignSystemDemoTests.xctest */;
			productType = "com.apple.product-type.bundle.unit-test";
		};
		EB0AA549275652AF0012E192 /* OrangeDesignSystemDemoUITests */ = {
			isa = PBXNativeTarget;
			buildConfigurationList = EB0AA55A275652AF0012E192 /* Build configuration list for PBXNativeTarget "OrangeDesignSystemDemoUITests" */;
			buildPhases = (
				EB0AA546275652AF0012E192 /* Sources */,
				EB0AA547275652AF0012E192 /* Frameworks */,
				EB0AA548275652AF0012E192 /* Resources */,
			);
			buildRules = (
			);
			dependencies = (
				EB0AA54C275652AF0012E192 /* PBXTargetDependency */,
			);
			name = OrangeDesignSystemDemoUITests;
			productName = "ods-ios-swiftUI-demoUITests";
			productReference = EB0AA54A275652AF0012E192 /* OrangeDesignSystemDemoUITests.xctest */;
			productType = "com.apple.product-type.bundle.ui-testing";
		};
/* End PBXNativeTarget section */

/* Begin PBXProject section */
		EB0AA528275652AE0012E192 /* Project object */ = {
			isa = PBXProject;
			attributes = {
				BuildIndependentTargetsInParallel = 1;
				LastSwiftUpdateCheck = 1310;
				LastUpgradeCheck = 1310;
				TargetAttributes = {
					EB0AA52F275652AE0012E192 = {
						CreatedOnToolsVersion = 13.1;
						LastSwiftMigration = 1310;
					};
					EB0AA53F275652AF0012E192 = {
						CreatedOnToolsVersion = 13.1;
						TestTargetID = EB0AA52F275652AE0012E192;
					};
					EB0AA549275652AF0012E192 = {
						CreatedOnToolsVersion = 13.1;
						TestTargetID = EB0AA52F275652AE0012E192;
					};
				};
			};
			buildConfigurationList = EB0AA52B275652AE0012E192 /* Build configuration list for PBXProject "OrangeDesignSystemDemo" */;
			compatibilityVersion = "Xcode 13.0";
			developmentRegion = en;
			hasScannedForEncodings = 0;
			knownRegions = (
				en,
				Base,
			);
			mainGroup = EB0AA527275652AE0012E192;
			packageReferences = (
			);
			productRefGroup = EB0AA531275652AE0012E192 /* Products */;
			projectDirPath = "";
			projectRoot = "";
			targets = (
				EB0AA52F275652AE0012E192 /* OrangeDesignSystemDemo */,
				EB0AA53F275652AF0012E192 /* OrangeDesignSystemDemoTests */,
				EB0AA549275652AF0012E192 /* OrangeDesignSystemDemoUITests */,
			);
		};
/* End PBXProject section */

/* Begin PBXResourcesBuildPhase section */
		EB0AA52E275652AE0012E192 /* Resources */ = {
			isa = PBXResourcesBuildPhase;
			buildActionMask = 2147483647;
			files = (
				FDDAB0F72809B39900ACE5F4 /* CHANGELOG.md in Resources */,
				075E5D6F29379164009A801B /* Recipes.json in Resources */,
				079CAF6C2A544E5700C57EA3 /* AppNews.json in Resources */,
				07A3382E29C4B1A400A56BA1 /* ODSPrivacyNotice.html in Resources */,
				07A3382D29C4B1A000A56BA1 /* ODSCGU.html in Resources */,
				F99FF07F2767AF62006236A0 /* Preview Assets.xcassets in Resources */,
				079821CD2927BC3700BE3116 /* Colors.xcassets in Resources */,
				F99FF0742767AE2A006236A0 /* Assets.xcassets in Resources */,
			);
			runOnlyForDeploymentPostprocessing = 0;
		};
		EB0AA53E275652AF0012E192 /* Resources */ = {
			isa = PBXResourcesBuildPhase;
			buildActionMask = 2147483647;
			files = (
			);
			runOnlyForDeploymentPostprocessing = 0;
		};
		EB0AA548275652AF0012E192 /* Resources */ = {
			isa = PBXResourcesBuildPhase;
			buildActionMask = 2147483647;
			files = (
			);
			runOnlyForDeploymentPostprocessing = 0;
		};
/* End PBXResourcesBuildPhase section */

/* Begin PBXShellScriptBuildPhase section */
		4E283B1959B8610238574D10 /* [CP] Check Pods Manifest.lock */ = {
			isa = PBXShellScriptBuildPhase;
			buildActionMask = 2147483647;
			files = (
			);
			inputFileListPaths = (
			);
			inputPaths = (
				"${PODS_PODFILE_DIR_PATH}/Podfile.lock",
				"${PODS_ROOT}/Manifest.lock",
			);
			name = "[CP] Check Pods Manifest.lock";
			outputFileListPaths = (
			);
			outputPaths = (
				"$(DERIVED_FILE_DIR)/Pods-OrangeDesignSystemDemoTests-checkManifestLockResult.txt",
			);
			runOnlyForDeploymentPostprocessing = 0;
			shellPath = /bin/sh;
			shellScript = "diff \"${PODS_PODFILE_DIR_PATH}/Podfile.lock\" \"${PODS_ROOT}/Manifest.lock\" > /dev/null\nif [ $? != 0 ] ; then\n    # print error to STDERR\n    echo \"error: The sandbox is not in sync with the Podfile.lock. Run 'pod install' or update your CocoaPods installation.\" >&2\n    exit 1\nfi\n# This output is used by Xcode 'outputs' to avoid re-running this script phase.\necho \"SUCCESS\" > \"${SCRIPT_OUTPUT_FILE_0}\"\n";
			showEnvVarsInLog = 0;
		};
		59A545B45A1BFD1A7DC83D74 /* [CP] Embed Pods Frameworks */ = {
			isa = PBXShellScriptBuildPhase;
			buildActionMask = 2147483647;
			files = (
			);
			inputFileListPaths = (
				"${PODS_ROOT}/Target Support Files/Pods-OrangeDesignSystemDemo/Pods-OrangeDesignSystemDemo-frameworks-${CONFIGURATION}-input-files.xcfilelist",
			);
			name = "[CP] Embed Pods Frameworks";
			outputFileListPaths = (
				"${PODS_ROOT}/Target Support Files/Pods-OrangeDesignSystemDemo/Pods-OrangeDesignSystemDemo-frameworks-${CONFIGURATION}-output-files.xcfilelist",
			);
			runOnlyForDeploymentPostprocessing = 0;
			shellPath = /bin/sh;
			shellScript = "\"${PODS_ROOT}/Target Support Files/Pods-OrangeDesignSystemDemo/Pods-OrangeDesignSystemDemo-frameworks.sh\"\n";
			showEnvVarsInLog = 0;
		};
		BBC04BF489B25C64717CAA71 /* [CP] Check Pods Manifest.lock */ = {
			isa = PBXShellScriptBuildPhase;
			buildActionMask = 2147483647;
			files = (
			);
			inputFileListPaths = (
			);
			inputPaths = (
				"${PODS_PODFILE_DIR_PATH}/Podfile.lock",
				"${PODS_ROOT}/Manifest.lock",
			);
			name = "[CP] Check Pods Manifest.lock";
			outputFileListPaths = (
			);
			outputPaths = (
				"$(DERIVED_FILE_DIR)/Pods-OrangeDesignSystemDemo-checkManifestLockResult.txt",
			);
			runOnlyForDeploymentPostprocessing = 0;
			shellPath = /bin/sh;
			shellScript = "diff \"${PODS_PODFILE_DIR_PATH}/Podfile.lock\" \"${PODS_ROOT}/Manifest.lock\" > /dev/null\nif [ $? != 0 ] ; then\n    # print error to STDERR\n    echo \"error: The sandbox is not in sync with the Podfile.lock. Run 'pod install' or update your CocoaPods installation.\" >&2\n    exit 1\nfi\n# This output is used by Xcode 'outputs' to avoid re-running this script phase.\necho \"SUCCESS\" > \"${SCRIPT_OUTPUT_FILE_0}\"\n";
			showEnvVarsInLog = 0;
		};
		F913B86C2767A0D5001CB0AA /* SwiftFormat */ = {
			isa = PBXShellScriptBuildPhase;
			alwaysOutOfDate = 1;
			buildActionMask = 2147483647;
			files = (
			);
			inputFileListPaths = (
			);
			inputPaths = (
			);
			name = SwiftFormat;
			outputFileListPaths = (
			);
			outputPaths = (
			);
			runOnlyForDeploymentPostprocessing = 0;
			shellPath = /bin/sh;
			shellScript = "#\"${PODS_ROOT}/SwiftFormat/CommandLineTool/swiftformat\" \"$SRCROOT\"\n#\"${PODS_ROOT}/SwiftFormat/CommandLineTool/swiftformat\" \"$SRCROOT/../OrangeDesignSystem\"\n";
			showEnvVarsInLog = 0;
		};
		F913B86D2767A147001CB0AA /* SwiftLint */ = {
			isa = PBXShellScriptBuildPhase;
			alwaysOutOfDate = 1;
			buildActionMask = 2147483647;
			files = (
			);
			inputFileListPaths = (
			);
			inputPaths = (
			);
			name = SwiftLint;
			outputFileListPaths = (
			);
			outputPaths = (
			);
			runOnlyForDeploymentPostprocessing = 0;
			shellPath = /bin/sh;
			shellScript = "if which \"${PODS_ROOT}/SwiftLint/swiftlint\" >/dev/null; then\n    ${PODS_ROOT}/SwiftLint/swiftlint ../OrangeDesignSystem\nelse\n    echo \"warning: SwiftLint not installed, download from https://github.com/realm/SwiftLint\"\nfi\n";
		};
/* End PBXShellScriptBuildPhase section */

/* Begin PBXSourcesBuildPhase section */
		EB0AA52C275652AE0012E192 /* Sources */ = {
			isa = PBXSourcesBuildPhase;
			buildActionMask = 2147483647;
			files = (
				075E6121299686B9004CE0A6 /* CapitalizedTextInputsVariant.swift in Sources */,
				07CC45292923CAAD008BE71F /* BannerComponent.swift in Sources */,
				07C8235628AE68B2003B2C3A /* CardComponent.swift in Sources */,
				075E6130299B77B5004CE0A6 /* GuidelinePage.swift in Sources */,
				07DAD07D2A5EDDD700265669 /* AboutSceen.swift in Sources */,
				07387C6128F0486A00D8721F /* StandardList.swift in Sources */,
				07DF838C293A5A2300DFBE31 /* StandardListOptions.swift in Sources */,
				F90D977828003104006D29FC /* AboutHtmlAndMarkdownView.swift in Sources */,
				0735F63E293DF13200280AD4 /* SelectionListModel.swift in Sources */,
				F96A3E23280452960086B9BF /* Bundle+Extension.swift in Sources */,
				07D3AEE02968143700B36C3F /* ToolBarComponent.swift in Sources */,
				07387C5D28F0068B00D8721F /* Component.swift in Sources */,
				F90D978728005A4A006D29FC /* ComponentList.swift in Sources */,
				07387C6928F0641400D8721F /* StandardListModel.swift in Sources */,
				0789AB992934C35B00796B82 /* SliderComponent.swift in Sources */,
				07535BAA29D31A440012F298 /* BottomSheetStandardVariant.swift in Sources */,
				07973C54287C7470004397D7 /* ODSColors+extension.swift in Sources */,
				F96A3E19280451660086B9BF /* ColorDetail.swift in Sources */,
				07A187B9293F531700E1AD72 /* SelectionListOptions.swift in Sources */,
				07000FBC292FD9D700CE537A /* TabBarVariant.swift in Sources */,
				07D3AEE22968169600B36C3F /* ToolBarVariantOptions.swift in Sources */,
				07F343862943458D0043335A /* ProgressIndicatorComponent.swift in Sources */,
				07C8235528AE68B2003B2C3A /* NavigationBarComponent.swift in Sources */,
				075E612A299AA904004CE0A6 /* SpacingsGuideline.swift in Sources */,
				075E612E299AAAEE004CE0A6 /* TypographyGuideline.swift in Sources */,
				075E611929966CE5004CE0A6 /* IconVariant.swift in Sources */,
				075E611B29966D0C004CE0A6 /* BannerVariantOptions.swift in Sources */,
				0789AB972934C33200796B82 /* TabBarComponent.swift in Sources */,
				075462FA28F474CC002E2E40 /* ButtonsComponent.swift in Sources */,
				F90D9768280030A6006D29FC /* TypographyPage.swift in Sources */,
				F96A3E17280451660086B9BF /* ColorsPage.swift in Sources */,
				07F141C829928B96007C8575 /* BottomSheetComponent.swift in Sources */,
				07C8234F28AE68B2003B2C3A /* TextFieldComponent.swift in Sources */,
				071D3EF128884D8200DFD1C9 /* SpacingsPage.swift in Sources */,
				07C23C2D2A41A02B00C469C1 /* AboutModule.swift in Sources */,
				07A8ED5F2A52BA4D0069D491 /* AboutModuleModel.swift in Sources */,
				07535BCF29DC57E60012F298 /* CustomizableVariant.swift in Sources */,
				07C8236828AE823F003B2C3A /* ThemeSelectionView.swift in Sources */,
				F90D9768280030A6006D29FC /* TypographyPage.swift in Sources */,
				07387C5F28F02F4F00D8721F /* SelectionList.swift in Sources */,
				07535BAF29D713320012F298 /* BottomSheetExpandingVariantOptions.swift in Sources */,
				F96A3E17280451660086B9BF /* ColorsPage.swift in Sources */,
				07C8234F28AE68B2003B2C3A /* TextFieldComponent.swift in Sources */,
				075E612C299AA988004CE0A6 /* ColorsGuideline.swift in Sources */,
				075E6126299AA4D4004CE0A6 /* Guideline.swift in Sources */,
				07F141C4298CF4CB007C8575 /* RecipesBook.swift in Sources */,
				071D3EF128884D8200DFD1C9 /* SpacingsPage.swift in Sources */,
				079821CB29263C1200BE3116 /* ThemeablePreviews.swift in Sources */,
				075462FC28F474CC002E2E40 /* EmphasisAndFunctionnalVariant.swift in Sources */,
				07C8235028AE68B2003B2C3A /* ChipsComponent.swift in Sources */,
				07081296293E29A7002E38BB /* ProgressBarVariant.swift in Sources */,
				07000FB7292B7B0700CE537A /* NavigatinBarModifiers.swift in Sources */,
				07C52F2028D37A2B0067CFC0 /* CardExampleData.swift in Sources */,
				075E612329968A56004CE0A6 /* SecureVariant.swift in Sources */,
				072DE105296DCE3E00229FCF /* ToastView.swift in Sources */,
				F90D978328003281006D29FC /* CardViewDemo.swift in Sources */,
				F90D976C280030C4006D29FC /* MainTabView.swift in Sources */,
				07F141C0298BC213007C8575 /* CardHorizontalVariant.swift in Sources */,
				0752EC2828EDBB540029A7BE /* ChipsComponentModel.swift in Sources */,
				F96A3E18280451660086B9BF /* ColorUsage.swift in Sources */,
				075E5D6D29378735009A801B /* RecipesLoader.swift in Sources */,
				07535BB029D713320012F298 /* BottomSheetExpandingVariant.swift in Sources */,
				07C8235928AE690F003B2C3A /* ComponentPage.swift in Sources */,
				07F141C2298C0644007C8575 /* RecipeBookModel.swift in Sources */,
				07387C6328F062D900D8721F /* ListComponent.swift in Sources */,
				07E37F6428C74540003FF740 /* CardVerticalHeaderFirstVariant.swift in Sources */,
				075E611D29966EFB004CE0A6 /* NavigationBarVariant.swift in Sources */,
				FD88B6392930CE0600F58924 /* SlidersVariant.swift in Sources */,
				F96A3E1D280451FE0086B9BF /* GuidelinesList.swift in Sources */,
				07E37F6228C73252003FF740 /* CardSmallVariant.swift in Sources */,
				075E611F299672A9004CE0A6 /* ActivityIndicatorVariant.swift in Sources */,
				07973C56287C74CF004397D7 /* RGBA.swift in Sources */,
				F96A3E25280452960086B9BF /* BackgroundBlurView.swift in Sources */,
				F90D978228003281006D29FC /* ModulesList.swift in Sources */,
				F96A3E1B280451660086B9BF /* ColorIllustration.swift in Sources */,
				07E37F6628C745E1003FF740 /* CardVerticalImageFirstVariant.swift in Sources */,
				F99FF0732767AE2A006236A0 /* OrangeDesignSystemDemoApp.swift in Sources */,
			);
			runOnlyForDeploymentPostprocessing = 0;
		};
		EB0AA53C275652AF0012E192 /* Sources */ = {
			isa = PBXSourcesBuildPhase;
			buildActionMask = 2147483647;
			files = (
				F99FF08C2767B23E006236A0 /* OrangeDesignSystemDemoTests.swift in Sources */,
			);
			runOnlyForDeploymentPostprocessing = 0;
		};
		EB0AA546275652AF0012E192 /* Sources */ = {
			isa = PBXSourcesBuildPhase;
			buildActionMask = 2147483647;
			files = (
				F99FF0932767B38D006236A0 /* OrangeDesignSystemDemoUITestsLaunchTests.swift in Sources */,
				F99FF0922767B38B006236A0 /* OrangeDesignSystemDemoUITests.swift in Sources */,
			);
			runOnlyForDeploymentPostprocessing = 0;
		};
/* End PBXSourcesBuildPhase section */

/* Begin PBXTargetDependency section */
		EB0AA542275652AF0012E192 /* PBXTargetDependency */ = {
			isa = PBXTargetDependency;
			target = EB0AA52F275652AE0012E192 /* OrangeDesignSystemDemo */;
			targetProxy = EB0AA541275652AF0012E192 /* PBXContainerItemProxy */;
		};
		EB0AA54C275652AF0012E192 /* PBXTargetDependency */ = {
			isa = PBXTargetDependency;
			target = EB0AA52F275652AE0012E192 /* OrangeDesignSystemDemo */;
			targetProxy = EB0AA54B275652AF0012E192 /* PBXContainerItemProxy */;
		};
/* End PBXTargetDependency section */

/* Begin XCBuildConfiguration section */
		EB0AA552275652AF0012E192 /* Debug */ = {
			isa = XCBuildConfiguration;
			buildSettings = {
				ALWAYS_SEARCH_USER_PATHS = NO;
				CLANG_ANALYZER_NONNULL = YES;
				CLANG_ANALYZER_NUMBER_OBJECT_CONVERSION = YES_AGGRESSIVE;
				CLANG_CXX_LANGUAGE_STANDARD = "gnu++17";
				CLANG_CXX_LIBRARY = "libc++";
				CLANG_ENABLE_MODULES = YES;
				CLANG_ENABLE_OBJC_ARC = YES;
				CLANG_ENABLE_OBJC_WEAK = YES;
				CLANG_WARN_BLOCK_CAPTURE_AUTORELEASING = YES;
				CLANG_WARN_BOOL_CONVERSION = YES;
				CLANG_WARN_COMMA = YES;
				CLANG_WARN_CONSTANT_CONVERSION = YES;
				CLANG_WARN_DEPRECATED_OBJC_IMPLEMENTATIONS = YES;
				CLANG_WARN_DIRECT_OBJC_ISA_USAGE = YES_ERROR;
				CLANG_WARN_DOCUMENTATION_COMMENTS = YES;
				CLANG_WARN_EMPTY_BODY = YES;
				CLANG_WARN_ENUM_CONVERSION = YES;
				CLANG_WARN_INFINITE_RECURSION = YES;
				CLANG_WARN_INT_CONVERSION = YES;
				CLANG_WARN_NON_LITERAL_NULL_CONVERSION = YES;
				CLANG_WARN_OBJC_IMPLICIT_RETAIN_SELF = YES;
				CLANG_WARN_OBJC_LITERAL_CONVERSION = YES;
				CLANG_WARN_OBJC_ROOT_CLASS = YES_ERROR;
				CLANG_WARN_QUOTED_INCLUDE_IN_FRAMEWORK_HEADER = YES;
				CLANG_WARN_RANGE_LOOP_ANALYSIS = YES;
				CLANG_WARN_STRICT_PROTOTYPES = YES;
				CLANG_WARN_SUSPICIOUS_MOVE = YES;
				CLANG_WARN_UNGUARDED_AVAILABILITY = YES_AGGRESSIVE;
				CLANG_WARN_UNREACHABLE_CODE = YES;
				CLANG_WARN__DUPLICATE_METHOD_MATCH = YES;
				COPY_PHASE_STRIP = NO;
				DEBUG_INFORMATION_FORMAT = dwarf;
				ENABLE_STRICT_OBJC_MSGSEND = YES;
				ENABLE_TESTABILITY = YES;
				GCC_C_LANGUAGE_STANDARD = gnu11;
				GCC_DYNAMIC_NO_PIC = NO;
				GCC_NO_COMMON_BLOCKS = YES;
				GCC_OPTIMIZATION_LEVEL = 0;
				GCC_PREPROCESSOR_DEFINITIONS = (
					"DEBUG=1",
					"$(inherited)",
				);
				GCC_WARN_64_TO_32_BIT_CONVERSION = YES;
				GCC_WARN_ABOUT_RETURN_TYPE = YES_ERROR;
				GCC_WARN_UNDECLARED_SELECTOR = YES;
				GCC_WARN_UNINITIALIZED_AUTOS = YES_AGGRESSIVE;
				GCC_WARN_UNUSED_FUNCTION = YES;
				GCC_WARN_UNUSED_VARIABLE = YES;
				IPHONEOS_DEPLOYMENT_TARGET = 15.0;
				MTL_ENABLE_DEBUG_INFO = INCLUDE_SOURCE;
				MTL_FAST_MATH = YES;
				ONLY_ACTIVE_ARCH = YES;
				SDKROOT = iphoneos;
				SWIFT_ACTIVE_COMPILATION_CONDITIONS = DEBUG;
				SWIFT_OPTIMIZATION_LEVEL = "-Onone";
				SWIFT_VERSION = 5.0;
			};
			name = Debug;
		};
		EB0AA553275652AF0012E192 /* Release */ = {
			isa = XCBuildConfiguration;
			buildSettings = {
				ALWAYS_SEARCH_USER_PATHS = NO;
				CLANG_ANALYZER_NONNULL = YES;
				CLANG_ANALYZER_NUMBER_OBJECT_CONVERSION = YES_AGGRESSIVE;
				CLANG_CXX_LANGUAGE_STANDARD = "gnu++17";
				CLANG_CXX_LIBRARY = "libc++";
				CLANG_ENABLE_MODULES = YES;
				CLANG_ENABLE_OBJC_ARC = YES;
				CLANG_ENABLE_OBJC_WEAK = YES;
				CLANG_WARN_BLOCK_CAPTURE_AUTORELEASING = YES;
				CLANG_WARN_BOOL_CONVERSION = YES;
				CLANG_WARN_COMMA = YES;
				CLANG_WARN_CONSTANT_CONVERSION = YES;
				CLANG_WARN_DEPRECATED_OBJC_IMPLEMENTATIONS = YES;
				CLANG_WARN_DIRECT_OBJC_ISA_USAGE = YES_ERROR;
				CLANG_WARN_DOCUMENTATION_COMMENTS = YES;
				CLANG_WARN_EMPTY_BODY = YES;
				CLANG_WARN_ENUM_CONVERSION = YES;
				CLANG_WARN_INFINITE_RECURSION = YES;
				CLANG_WARN_INT_CONVERSION = YES;
				CLANG_WARN_NON_LITERAL_NULL_CONVERSION = YES;
				CLANG_WARN_OBJC_IMPLICIT_RETAIN_SELF = YES;
				CLANG_WARN_OBJC_LITERAL_CONVERSION = YES;
				CLANG_WARN_OBJC_ROOT_CLASS = YES_ERROR;
				CLANG_WARN_QUOTED_INCLUDE_IN_FRAMEWORK_HEADER = YES;
				CLANG_WARN_RANGE_LOOP_ANALYSIS = YES;
				CLANG_WARN_STRICT_PROTOTYPES = YES;
				CLANG_WARN_SUSPICIOUS_MOVE = YES;
				CLANG_WARN_UNGUARDED_AVAILABILITY = YES_AGGRESSIVE;
				CLANG_WARN_UNREACHABLE_CODE = YES;
				CLANG_WARN__DUPLICATE_METHOD_MATCH = YES;
				COPY_PHASE_STRIP = NO;
				DEBUG_INFORMATION_FORMAT = "dwarf-with-dsym";
				ENABLE_NS_ASSERTIONS = NO;
				ENABLE_STRICT_OBJC_MSGSEND = YES;
				GCC_C_LANGUAGE_STANDARD = gnu11;
				GCC_NO_COMMON_BLOCKS = YES;
				GCC_WARN_64_TO_32_BIT_CONVERSION = YES;
				GCC_WARN_ABOUT_RETURN_TYPE = YES_ERROR;
				GCC_WARN_UNDECLARED_SELECTOR = YES;
				GCC_WARN_UNINITIALIZED_AUTOS = YES_AGGRESSIVE;
				GCC_WARN_UNUSED_FUNCTION = YES;
				GCC_WARN_UNUSED_VARIABLE = YES;
				IPHONEOS_DEPLOYMENT_TARGET = 15.0;
				MTL_ENABLE_DEBUG_INFO = NO;
				MTL_FAST_MATH = YES;
				SDKROOT = iphoneos;
				SWIFT_COMPILATION_MODE = wholemodule;
				SWIFT_OPTIMIZATION_LEVEL = "-O";
				SWIFT_VERSION = 5.0;
				VALIDATE_PRODUCT = YES;
			};
			name = Release;
		};
		EB0AA555275652AF0012E192 /* Debug */ = {
			isa = XCBuildConfiguration;
			baseConfigurationReference = 2ACFE972C59B1460F410852D /* Pods-OrangeDesignSystemDemo.debug.xcconfig */;
			buildSettings = {
				ASSETCATALOG_COMPILER_APPICON_NAME = AppIconDev;
				ASSETCATALOG_COMPILER_GLOBAL_ACCENT_COLOR_NAME = AccentColor;
				CLANG_ENABLE_MODULES = YES;
				CODE_SIGN_STYLE = Automatic;
				CURRENT_PROJECT_VERSION = 1652713510;
				DEVELOPMENT_ASSET_PATHS = "\"OrangeDesignSystemDemo/Preview Content\"";
				DEVELOPMENT_TEAM = MG2LSJNJB6;
				ENABLE_PREVIEWS = YES;
				GENERATE_INFOPLIST_FILE = YES;
				INFOPLIST_FILE = OrangeDesignSystemDemo/Info.plist;
				INFOPLIST_KEY_CFBundleDisplayName = "Orange Design System";
				INFOPLIST_KEY_UIApplicationSceneManifest_Generation = YES;
				INFOPLIST_KEY_UIApplicationSupportsIndirectInputEvents = YES;
				INFOPLIST_KEY_UILaunchScreen_Generation = YES;
				INFOPLIST_KEY_UISupportedInterfaceOrientations_iPad = "UIInterfaceOrientationPortrait UIInterfaceOrientationPortraitUpsideDown UIInterfaceOrientationLandscapeLeft UIInterfaceOrientationLandscapeRight";
				INFOPLIST_KEY_UISupportedInterfaceOrientations_iPhone = "UIInterfaceOrientationPortrait UIInterfaceOrientationLandscapeLeft UIInterfaceOrientationLandscapeRight";
				IPHONEOS_DEPLOYMENT_TARGET = 15.0;
				LD_RUNPATH_SEARCH_PATHS = (
					"$(inherited)",
					"@executable_path/Frameworks",
				);
				MARKETING_VERSION = 0.12.0;
				PRODUCT_BUNDLE_IDENTIFIER = "soft.cocoa.ods-ios-demo.dev";
				PRODUCT_NAME = "$(TARGET_NAME)";
				SWIFT_EMIT_LOC_STRINGS = YES;
				SWIFT_OPTIMIZATION_LEVEL = "-Onone";
				SWIFT_VERSION = 5.0;
				TARGETED_DEVICE_FAMILY = "1,2";
			};
			name = Debug;
		};
		EB0AA556275652AF0012E192 /* Release */ = {
			isa = XCBuildConfiguration;
			baseConfigurationReference = 021ED547747F959E94B4EA22 /* Pods-OrangeDesignSystemDemo.release.xcconfig */;
			buildSettings = {
				ASSETCATALOG_COMPILER_APPICON_NAME = AppIconRelease;
				ASSETCATALOG_COMPILER_GLOBAL_ACCENT_COLOR_NAME = AccentColor;
				CLANG_ENABLE_MODULES = YES;
				CODE_SIGN_STYLE = Automatic;
				CURRENT_PROJECT_VERSION = 1652713510;
				DEVELOPMENT_ASSET_PATHS = "\"OrangeDesignSystemDemo/Preview Content\"";
				DEVELOPMENT_TEAM = MG2LSJNJB6;
				ENABLE_PREVIEWS = YES;
				GENERATE_INFOPLIST_FILE = YES;
				INFOPLIST_FILE = OrangeDesignSystemDemo/Info.plist;
				INFOPLIST_KEY_CFBundleDisplayName = "Orange Design System";
				INFOPLIST_KEY_UIApplicationSceneManifest_Generation = YES;
				INFOPLIST_KEY_UIApplicationSupportsIndirectInputEvents = YES;
				INFOPLIST_KEY_UILaunchScreen_Generation = YES;
				INFOPLIST_KEY_UISupportedInterfaceOrientations_iPad = "UIInterfaceOrientationPortrait UIInterfaceOrientationPortraitUpsideDown UIInterfaceOrientationLandscapeLeft UIInterfaceOrientationLandscapeRight";
				INFOPLIST_KEY_UISupportedInterfaceOrientations_iPhone = "UIInterfaceOrientationPortrait UIInterfaceOrientationLandscapeLeft UIInterfaceOrientationLandscapeRight";
				IPHONEOS_DEPLOYMENT_TARGET = 15.0;
				LD_RUNPATH_SEARCH_PATHS = (
					"$(inherited)",
					"@executable_path/Frameworks",
				);
				MARKETING_VERSION = 0.12.0;
				PRODUCT_BUNDLE_IDENTIFIER = "soft.cocoa.ods-ios-demo.dev";
				PRODUCT_NAME = "$(TARGET_NAME)";
				SWIFT_EMIT_LOC_STRINGS = YES;
				SWIFT_VERSION = 5.0;
				TARGETED_DEVICE_FAMILY = "1,2";
			};
			name = Release;
		};
		EB0AA558275652AF0012E192 /* Debug */ = {
			isa = XCBuildConfiguration;
			baseConfigurationReference = B655A0B148F11BB69BCFF556 /* Pods-OrangeDesignSystemDemoTests.debug.xcconfig */;
			buildSettings = {
				ALWAYS_EMBED_SWIFT_STANDARD_LIBRARIES = "$(inherited)";
				BUNDLE_LOADER = "$(TEST_HOST)";
				CODE_SIGN_STYLE = Automatic;
				CURRENT_PROJECT_VERSION = 1652713510;
				DEVELOPMENT_TEAM = MG2LSJNJB6;
				GENERATE_INFOPLIST_FILE = YES;
				IPHONEOS_DEPLOYMENT_TARGET = 15.0;
				LD_RUNPATH_SEARCH_PATHS = (
					"$(inherited)",
					"@executable_path/Frameworks",
					"@loader_path/Frameworks",
				);
				MARKETING_VERSION = 1.0;
				PRODUCT_BUNDLE_IDENTIFIER = "com.demoh.ods-ios-swiftUI-demoTests";
				PRODUCT_NAME = "$(TARGET_NAME)";
				SWIFT_EMIT_LOC_STRINGS = NO;
				SWIFT_VERSION = 5.0;
				TARGETED_DEVICE_FAMILY = "1,2";
				TEST_HOST = "$(BUILT_PRODUCTS_DIR)/OrangeDesignSystemDemo.app/OrangeDesignSystemDemo";
			};
			name = Debug;
		};
		EB0AA559275652AF0012E192 /* Release */ = {
			isa = XCBuildConfiguration;
			baseConfigurationReference = FB859C964985A86562A19502 /* Pods-OrangeDesignSystemDemoTests.release.xcconfig */;
			buildSettings = {
				ALWAYS_EMBED_SWIFT_STANDARD_LIBRARIES = "$(inherited)";
				BUNDLE_LOADER = "$(TEST_HOST)";
				CODE_SIGN_STYLE = Automatic;
				CURRENT_PROJECT_VERSION = 1652713510;
				DEVELOPMENT_TEAM = MG2LSJNJB6;
				GENERATE_INFOPLIST_FILE = YES;
				IPHONEOS_DEPLOYMENT_TARGET = 15.0;
				LD_RUNPATH_SEARCH_PATHS = (
					"$(inherited)",
					"@executable_path/Frameworks",
					"@loader_path/Frameworks",
				);
				MARKETING_VERSION = 1.0;
				PRODUCT_BUNDLE_IDENTIFIER = "com.demoh.ods-ios-swiftUI-demoTests";
				PRODUCT_NAME = "$(TARGET_NAME)";
				SWIFT_EMIT_LOC_STRINGS = NO;
				SWIFT_VERSION = 5.0;
				TARGETED_DEVICE_FAMILY = "1,2";
				TEST_HOST = "$(BUILT_PRODUCTS_DIR)/OrangeDesignSystemDemo.app/OrangeDesignSystemDemo";
			};
			name = Release;
		};
		EB0AA55B275652AF0012E192 /* Debug */ = {
			isa = XCBuildConfiguration;
			buildSettings = {
				ALWAYS_EMBED_SWIFT_STANDARD_LIBRARIES = "$(inherited)";
				CODE_SIGN_STYLE = Automatic;
				CURRENT_PROJECT_VERSION = 1652713510;
				DEVELOPMENT_TEAM = MG2LSJNJB6;
				GENERATE_INFOPLIST_FILE = YES;
				LD_RUNPATH_SEARCH_PATHS = (
					"$(inherited)",
					"@executable_path/Frameworks",
					"@loader_path/Frameworks",
				);
				MARKETING_VERSION = 1.0;
				PRODUCT_BUNDLE_IDENTIFIER = "com.demoh.ods-ios-swiftUI-demoUITests";
				PRODUCT_NAME = "$(TARGET_NAME)";
				SWIFT_EMIT_LOC_STRINGS = NO;
				SWIFT_VERSION = 5.0;
				TARGETED_DEVICE_FAMILY = "1,2";
				TEST_TARGET_NAME = "ods-ios-swiftUI-demo";
			};
			name = Debug;
		};
		EB0AA55C275652AF0012E192 /* Release */ = {
			isa = XCBuildConfiguration;
			buildSettings = {
				ALWAYS_EMBED_SWIFT_STANDARD_LIBRARIES = "$(inherited)";
				CODE_SIGN_STYLE = Automatic;
				CURRENT_PROJECT_VERSION = 1652713510;
				DEVELOPMENT_TEAM = MG2LSJNJB6;
				GENERATE_INFOPLIST_FILE = YES;
				LD_RUNPATH_SEARCH_PATHS = (
					"$(inherited)",
					"@executable_path/Frameworks",
					"@loader_path/Frameworks",
				);
				MARKETING_VERSION = 1.0;
				PRODUCT_BUNDLE_IDENTIFIER = "com.demoh.ods-ios-swiftUI-demoUITests";
				PRODUCT_NAME = "$(TARGET_NAME)";
				SWIFT_EMIT_LOC_STRINGS = NO;
				SWIFT_VERSION = 5.0;
				TARGETED_DEVICE_FAMILY = "1,2";
				TEST_TARGET_NAME = "ods-ios-swiftUI-demo";
			};
			name = Release;
		};
/* End XCBuildConfiguration section */

/* Begin XCConfigurationList section */
		EB0AA52B275652AE0012E192 /* Build configuration list for PBXProject "OrangeDesignSystemDemo" */ = {
			isa = XCConfigurationList;
			buildConfigurations = (
				EB0AA552275652AF0012E192 /* Debug */,
				EB0AA553275652AF0012E192 /* Release */,
			);
			defaultConfigurationIsVisible = 0;
			defaultConfigurationName = Release;
		};
		EB0AA554275652AF0012E192 /* Build configuration list for PBXNativeTarget "OrangeDesignSystemDemo" */ = {
			isa = XCConfigurationList;
			buildConfigurations = (
				EB0AA555275652AF0012E192 /* Debug */,
				EB0AA556275652AF0012E192 /* Release */,
			);
			defaultConfigurationIsVisible = 0;
			defaultConfigurationName = Release;
		};
		EB0AA557275652AF0012E192 /* Build configuration list for PBXNativeTarget "OrangeDesignSystemDemoTests" */ = {
			isa = XCConfigurationList;
			buildConfigurations = (
				EB0AA558275652AF0012E192 /* Debug */,
				EB0AA559275652AF0012E192 /* Release */,
			);
			defaultConfigurationIsVisible = 0;
			defaultConfigurationName = Release;
		};
		EB0AA55A275652AF0012E192 /* Build configuration list for PBXNativeTarget "OrangeDesignSystemDemoUITests" */ = {
			isa = XCConfigurationList;
			buildConfigurations = (
				EB0AA55B275652AF0012E192 /* Debug */,
				EB0AA55C275652AF0012E192 /* Release */,
			);
			defaultConfigurationIsVisible = 0;
			defaultConfigurationName = Release;
		};
/* End XCConfigurationList section */

/* Begin XCSwiftPackageProductDependency section */
		079821C629262C4400BE3116 /* InnovationCupTheme */ = {
			isa = XCSwiftPackageProductDependency;
			productName = InnovationCupTheme;
		};
		079821C82926340B00BE3116 /* OrangeTheme */ = {
			isa = XCSwiftPackageProductDependency;
			productName = OrangeTheme;
		};
		07E0A1B828AE8D2900CD1C32 /* OrangeDesignSystem */ = {
			isa = XCSwiftPackageProductDependency;
			productName = OrangeDesignSystem;
		};
/* End XCSwiftPackageProductDependency section */
	};
	rootObject = EB0AA528275652AE0012E192 /* Project object */;
}
