// !$*UTF8*$!
{
	archiveVersion = 1;
	classes = {
	};
	objectVersion = 55;
	objects = {

/* Begin PBXBuildFile section */
		076B79072AC1B4A800CCF0E4 /* AccessibilityStatement.xml in Resources */ = {isa = PBXBuildFile; fileRef = 076B79062AC1B4A800CCF0E4 /* AccessibilityStatement.xml */; };
		075326802AD02E1D003D8832 /* ListOfVerticalImageFirstCard.swift in Sources */ = {isa = PBXBuildFile; fileRef = 0753267F2AD02E1D003D8832 /* ListOfVerticalImageFirstCard.swift */; };
		075326822AD03615003D8832 /* GrifOfSmallCards.swift in Sources */ = {isa = PBXBuildFile; fileRef = 075326812AD03615003D8832 /* GrifOfSmallCards.swift */; };
		077C37CF2A9DD643003D6B51 /* Colors.xcassets in Resources */ = {isa = PBXBuildFile; fileRef = 077C37CA2A9DD643003D6B51 /* Colors.xcassets */; };
		077C37D32A9DD643003D6B51 /* Recipes.json in Resources */ = {isa = PBXBuildFile; fileRef = 077C37CE2A9DD643003D6B51 /* Recipes.json */; };
		077C37D72A9DD6A4003D6B51 /* Preview Assets.xcassets in Resources */ = {isa = PBXBuildFile; fileRef = 077C37D62A9DD6A3003D6B51 /* Preview Assets.xcassets */; };
		077C37E32A9DDACC003D6B51 /* PrivacyNotice.html in Resources */ = {isa = PBXBuildFile; fileRef = 077C37E12A9DDACC003D6B51 /* PrivacyNotice.html */; };
		077C37E42A9DDACC003D6B51 /* CGU.html in Resources */ = {isa = PBXBuildFile; fileRef = 077C37E22A9DDACC003D6B51 /* CGU.html */; };
		077C37E62A9DDC1A003D6B51 /* MainTabView.swift in Sources */ = {isa = PBXBuildFile; fileRef = 077C37E52A9DDC1A003D6B51 /* MainTabView.swift */; };
		077C38482A9DDC79003D6B51 /* AboutSceen.swift in Sources */ = {isa = PBXBuildFile; fileRef = 077C37EB2A9DDC78003D6B51 /* AboutSceen.swift */; };
		077C38492A9DDC79003D6B51 /* AboutHtmlAndMarkdownView.swift in Sources */ = {isa = PBXBuildFile; fileRef = 077C37EC2A9DDC78003D6B51 /* AboutHtmlAndMarkdownView.swift */; };
		077C384A2A9DDC79003D6B51 /* CustomizableVariant.swift in Sources */ = {isa = PBXBuildFile; fileRef = 077C37EF2A9DDC78003D6B51 /* CustomizableVariant.swift */; };
		077C384B2A9DDC79003D6B51 /* ComponentPage.swift in Sources */ = {isa = PBXBuildFile; fileRef = 077C37F02A9DDC78003D6B51 /* ComponentPage.swift */; };
		077C384C2A9DDC79003D6B51 /* Component.swift in Sources */ = {isa = PBXBuildFile; fileRef = 077C37F12A9DDC78003D6B51 /* Component.swift */; };
		077C384D2A9DDC79003D6B51 /* ComponentList.swift in Sources */ = {isa = PBXBuildFile; fileRef = 077C37F22A9DDC78003D6B51 /* ComponentList.swift */; };
		077C384E2A9DDC79003D6B51 /* ButtonsComponent.swift in Sources */ = {isa = PBXBuildFile; fileRef = 077C37F52A9DDC78003D6B51 /* ButtonsComponent.swift */; };
		077C384F2A9DDC79003D6B51 /* IconVariant.swift in Sources */ = {isa = PBXBuildFile; fileRef = 077C37F62A9DDC78003D6B51 /* IconVariant.swift */; };
		077C38502A9DDC79003D6B51 /* EmphasisAndFunctionnalVariant.swift in Sources */ = {isa = PBXBuildFile; fileRef = 077C37F72A9DDC79003D6B51 /* EmphasisAndFunctionnalVariant.swift */; };
		077C38512A9DDC79003D6B51 /* CapitalizedTextInputsVariant.swift in Sources */ = {isa = PBXBuildFile; fileRef = 077C37F92A9DDC79003D6B51 /* CapitalizedTextInputsVariant.swift */; };
		077C38522A9DDC79003D6B51 /* SecureVariant.swift in Sources */ = {isa = PBXBuildFile; fileRef = 077C37FA2A9DDC79003D6B51 /* SecureVariant.swift */; };
		077C38532A9DDC79003D6B51 /* TextFieldComponent.swift in Sources */ = {isa = PBXBuildFile; fileRef = 077C37FB2A9DDC79003D6B51 /* TextFieldComponent.swift */; };
		077C38542A9DDC79003D6B51 /* ListComponent.swift in Sources */ = {isa = PBXBuildFile; fileRef = 077C37FD2A9DDC79003D6B51 /* ListComponent.swift */; };
		077C38552A9DDC79003D6B51 /* SelectionListModel.swift in Sources */ = {isa = PBXBuildFile; fileRef = 077C37FF2A9DDC79003D6B51 /* SelectionListModel.swift */; };
		077C38562A9DDC79003D6B51 /* SelectionListOptions.swift in Sources */ = {isa = PBXBuildFile; fileRef = 077C38002A9DDC79003D6B51 /* SelectionListOptions.swift */; };
		077C38572A9DDC79003D6B51 /* SelectionList.swift in Sources */ = {isa = PBXBuildFile; fileRef = 077C38012A9DDC79003D6B51 /* SelectionList.swift */; };
		077C38582A9DDC79003D6B51 /* StandardList.swift in Sources */ = {isa = PBXBuildFile; fileRef = 077C38032A9DDC79003D6B51 /* StandardList.swift */; };
		077C38592A9DDC79003D6B51 /* StandardListModel.swift in Sources */ = {isa = PBXBuildFile; fileRef = 077C38042A9DDC79003D6B51 /* StandardListModel.swift */; };
		077C385A2A9DDC79003D6B51 /* StandardListOptions.swift in Sources */ = {isa = PBXBuildFile; fileRef = 077C38052A9DDC79003D6B51 /* StandardListOptions.swift */; };
		077C385B2A9DDC79003D6B51 /* ProgressBarVariant.swift in Sources */ = {isa = PBXBuildFile; fileRef = 077C38072A9DDC79003D6B51 /* ProgressBarVariant.swift */; };
		077C385C2A9DDC79003D6B51 /* ProgressIndicatorComponent.swift in Sources */ = {isa = PBXBuildFile; fileRef = 077C38082A9DDC79003D6B51 /* ProgressIndicatorComponent.swift */; };
		077C385D2A9DDC79003D6B51 /* ActivityIndicatorVariant.swift in Sources */ = {isa = PBXBuildFile; fileRef = 077C38092A9DDC79003D6B51 /* ActivityIndicatorVariant.swift */; };
		077C385E2A9DDC79003D6B51 /* ChipsComponent.swift in Sources */ = {isa = PBXBuildFile; fileRef = 077C380B2A9DDC79003D6B51 /* ChipsComponent.swift */; };
		077C385F2A9DDC79003D6B51 /* ChipsComponentModel.swift in Sources */ = {isa = PBXBuildFile; fileRef = 077C380C2A9DDC79003D6B51 /* ChipsComponentModel.swift */; };
		077C38602A9DDC79003D6B51 /* CardVerticalHeaderFirstVariant.swift in Sources */ = {isa = PBXBuildFile; fileRef = 077C380E2A9DDC79003D6B51 /* CardVerticalHeaderFirstVariant.swift */; };
		077C38612A9DDC79003D6B51 /* CardExampleData.swift in Sources */ = {isa = PBXBuildFile; fileRef = 077C380F2A9DDC79003D6B51 /* CardExampleData.swift */; };
		077C38622A9DDC79003D6B51 /* CardVerticalImageFirstVariant.swift in Sources */ = {isa = PBXBuildFile; fileRef = 077C38102A9DDC79003D6B51 /* CardVerticalImageFirstVariant.swift */; };
		077C38632A9DDC79003D6B51 /* CardHorizontalVariant.swift in Sources */ = {isa = PBXBuildFile; fileRef = 077C38112A9DDC79003D6B51 /* CardHorizontalVariant.swift */; };
		077C38642A9DDC79003D6B51 /* CardSmallVariant.swift in Sources */ = {isa = PBXBuildFile; fileRef = 077C38122A9DDC79003D6B51 /* CardSmallVariant.swift */; };
		077C38652A9DDC79003D6B51 /* CardComponent.swift in Sources */ = {isa = PBXBuildFile; fileRef = 077C38132A9DDC79003D6B51 /* CardComponent.swift */; };
		077C38662A9DDC79003D6B51 /* ToolBarVariantOptions.swift in Sources */ = {isa = PBXBuildFile; fileRef = 077C38152A9DDC79003D6B51 /* ToolBarVariantOptions.swift */; };
		077C38672A9DDC79003D6B51 /* ToolBarComponent.swift in Sources */ = {isa = PBXBuildFile; fileRef = 077C38162A9DDC79003D6B51 /* ToolBarComponent.swift */; };
		077C38682A9DDC79003D6B51 /* TabBarVariant.swift in Sources */ = {isa = PBXBuildFile; fileRef = 077C38182A9DDC79003D6B51 /* TabBarVariant.swift */; };
		077C38692A9DDC79003D6B51 /* TabBarComponent.swift in Sources */ = {isa = PBXBuildFile; fileRef = 077C38192A9DDC79003D6B51 /* TabBarComponent.swift */; };
		077C386A2A9DDC79003D6B51 /* NavigatinBarModifiers.swift in Sources */ = {isa = PBXBuildFile; fileRef = 077C381B2A9DDC79003D6B51 /* NavigatinBarModifiers.swift */; };
		077C386B2A9DDC79003D6B51 /* NavigationBarVariant.swift in Sources */ = {isa = PBXBuildFile; fileRef = 077C381C2A9DDC79003D6B51 /* NavigationBarVariant.swift */; };
		077C386C2A9DDC79003D6B51 /* NavigationBarComponent.swift in Sources */ = {isa = PBXBuildFile; fileRef = 077C381D2A9DDC79003D6B51 /* NavigationBarComponent.swift */; };
		077C386D2A9DDC79003D6B51 /* BannerVariantOptions.swift in Sources */ = {isa = PBXBuildFile; fileRef = 077C381F2A9DDC79003D6B51 /* BannerVariantOptions.swift */; };
		077C386E2A9DDC79003D6B51 /* BannerComponent.swift in Sources */ = {isa = PBXBuildFile; fileRef = 077C38202A9DDC79003D6B51 /* BannerComponent.swift */; };
		077C386F2A9DDC79003D6B51 /* BottomSheetExpandingVariant.swift in Sources */ = {isa = PBXBuildFile; fileRef = 077C38232A9DDC79003D6B51 /* BottomSheetExpandingVariant.swift */; };
		077C38702A9DDC79003D6B51 /* BottomSheetExpandingVariantOptions.swift in Sources */ = {isa = PBXBuildFile; fileRef = 077C38242A9DDC79003D6B51 /* BottomSheetExpandingVariantOptions.swift */; };
		077C38712A9DDC79003D6B51 /* BottomSheetStandardVariant.swift in Sources */ = {isa = PBXBuildFile; fileRef = 077C38262A9DDC79003D6B51 /* BottomSheetStandardVariant.swift */; };
		077C38722A9DDC79003D6B51 /* BottomSheetComponent.swift in Sources */ = {isa = PBXBuildFile; fileRef = 077C38272A9DDC79003D6B51 /* BottomSheetComponent.swift */; };
		077C38732A9DDC79003D6B51 /* SlidersVariant.swift in Sources */ = {isa = PBXBuildFile; fileRef = 077C38292A9DDC79003D6B51 /* SlidersVariant.swift */; };
		077C38742A9DDC79003D6B51 /* SliderComponent.swift in Sources */ = {isa = PBXBuildFile; fileRef = 077C382A2A9DDC79003D6B51 /* SliderComponent.swift */; };
		077C38752A9DDC79003D6B51 /* Guideline.swift in Sources */ = {isa = PBXBuildFile; fileRef = 077C382D2A9DDC79003D6B51 /* Guideline.swift */; };
		077C38762A9DDC79003D6B51 /* GuidelinePage.swift in Sources */ = {isa = PBXBuildFile; fileRef = 077C382E2A9DDC79003D6B51 /* GuidelinePage.swift */; };
		077C38772A9DDC79003D6B51 /* GuidelinesList.swift in Sources */ = {isa = PBXBuildFile; fileRef = 077C382F2A9DDC79003D6B51 /* GuidelinesList.swift */; };
		077C38782A9DDC79003D6B51 /* ColorsPage.swift in Sources */ = {isa = PBXBuildFile; fileRef = 077C38312A9DDC79003D6B51 /* ColorsPage.swift */; };
		077C38792A9DDC79003D6B51 /* RGBA.swift in Sources */ = {isa = PBXBuildFile; fileRef = 077C38332A9DDC79003D6B51 /* RGBA.swift */; };
		077C387A2A9DDC79003D6B51 /* ODSColors+extension.swift in Sources */ = {isa = PBXBuildFile; fileRef = 077C38342A9DDC79003D6B51 /* ODSColors+extension.swift */; };
		077C387B2A9DDC79003D6B51 /* ColorDetail.swift in Sources */ = {isa = PBXBuildFile; fileRef = 077C38362A9DDC79003D6B51 /* ColorDetail.swift */; };
		077C387C2A9DDC79003D6B51 /* ColorIllustration.swift in Sources */ = {isa = PBXBuildFile; fileRef = 077C38372A9DDC79003D6B51 /* ColorIllustration.swift */; };
		077C387D2A9DDC79003D6B51 /* ColorUsage.swift in Sources */ = {isa = PBXBuildFile; fileRef = 077C38382A9DDC79003D6B51 /* ColorUsage.swift */; };
		077C387E2A9DDC79003D6B51 /* ColorsGuideline.swift in Sources */ = {isa = PBXBuildFile; fileRef = 077C38392A9DDC79003D6B51 /* ColorsGuideline.swift */; };
		077C387F2A9DDC79003D6B51 /* TypographyGuideline.swift in Sources */ = {isa = PBXBuildFile; fileRef = 077C383B2A9DDC79003D6B51 /* TypographyGuideline.swift */; };
		077C38802A9DDC79003D6B51 /* TypographyPage.swift in Sources */ = {isa = PBXBuildFile; fileRef = 077C383C2A9DDC79003D6B51 /* TypographyPage.swift */; };
		077C38812A9DDC79003D6B51 /* SpacingsGuideline.swift in Sources */ = {isa = PBXBuildFile; fileRef = 077C383E2A9DDC79003D6B51 /* SpacingsGuideline.swift */; };
		077C38822A9DDC79003D6B51 /* SpacingsPage.swift in Sources */ = {isa = PBXBuildFile; fileRef = 077C383F2A9DDC79003D6B51 /* SpacingsPage.swift */; };
		077C38832A9DDC79003D6B51 /* AboutMyRecipeItemConfiguration.swift in Sources */ = {isa = PBXBuildFile; fileRef = 077C38422A9DDC79003D6B51 /* AboutMyRecipeItemConfiguration.swift */; };
		077C38842A9DDC79003D6B51 /* AboutModule.swift in Sources */ = {isa = PBXBuildFile; fileRef = 077C38432A9DDC79003D6B51 /* AboutModule.swift */; };
		077C38852A9DDC79003D6B51 /* AboutMyReviewsItemConfiguration.swift in Sources */ = {isa = PBXBuildFile; fileRef = 077C38442A9DDC79003D6B51 /* AboutMyReviewsItemConfiguration.swift */; };
		077C38862A9DDC79003D6B51 /* AboutModuleModel.swift in Sources */ = {isa = PBXBuildFile; fileRef = 077C38452A9DDC79003D6B51 /* AboutModuleModel.swift */; };
		077C38872A9DDC79003D6B51 /* ModulesList.swift in Sources */ = {isa = PBXBuildFile; fileRef = 077C38462A9DDC79003D6B51 /* ModulesList.swift */; };
		077C38882A9DDC79003D6B51 /* CardViewDemo.swift in Sources */ = {isa = PBXBuildFile; fileRef = 077C38472A9DDC79003D6B51 /* CardViewDemo.swift */; };
		077C388B2A9DEE16003D6B51 /* AppNews.json in Resources */ = {isa = PBXBuildFile; fileRef = 077C388A2A9DEE16003D6B51 /* AppNews.json */; };
		077C38972A9DEEDC003D6B51 /* Bundle+Extension.swift in Sources */ = {isa = PBXBuildFile; fileRef = 077C388D2A9DEEDB003D6B51 /* Bundle+Extension.swift */; };
		077C38982A9DEEDC003D6B51 /* ToastView.swift in Sources */ = {isa = PBXBuildFile; fileRef = 077C388E2A9DEEDB003D6B51 /* ToastView.swift */; };
		077C38992A9DEEDC003D6B51 /* BackgroundBlurView.swift in Sources */ = {isa = PBXBuildFile; fileRef = 077C388F2A9DEEDB003D6B51 /* BackgroundBlurView.swift */; };
		077C389A2A9DEEDC003D6B51 /* RecipeBookModel.swift in Sources */ = {isa = PBXBuildFile; fileRef = 077C38912A9DEEDB003D6B51 /* RecipeBookModel.swift */; };
		077C389B2A9DEEDC003D6B51 /* RecipesBook.swift in Sources */ = {isa = PBXBuildFile; fileRef = 077C38922A9DEEDC003D6B51 /* RecipesBook.swift */; };
		077C389C2A9DEEDC003D6B51 /* RecipesLoader.swift in Sources */ = {isa = PBXBuildFile; fileRef = 077C38932A9DEEDC003D6B51 /* RecipesLoader.swift */; };
		077C389D2A9DEEDC003D6B51 /* ThemeSelectionView.swift in Sources */ = {isa = PBXBuildFile; fileRef = 077C38952A9DEEDC003D6B51 /* ThemeSelectionView.swift */; };
		077C389E2A9DEEDC003D6B51 /* ThemeablePreviews.swift in Sources */ = {isa = PBXBuildFile; fileRef = 077C38962A9DEEDC003D6B51 /* ThemeablePreviews.swift */; };
		077C38A22AA0DD68003D6B51 /* CHANGELOG.md in Resources */ = {isa = PBXBuildFile; fileRef = FDDAB0F62809AB2100ACE5F4 /* CHANGELOG.md */; };
		077C38A52AA215BC003D6B51 /* Assets.xcassets in Resources */ = {isa = PBXBuildFile; fileRef = 077C37CB2A9DD643003D6B51 /* Assets.xcassets */; };
		07AA3D4E28AE8B160001B75E /* Pods_OrangeDesignSystemDemo.framework in Frameworks */ = {isa = PBXBuildFile; fileRef = 07AA3D4D28AE8B160001B75E /* Pods_OrangeDesignSystemDemo.framework */; };
		C88E9E08333D56BAEA28A60E /* Pods_OrangeDesignSystemDemoTests.framework in Frameworks */ = {isa = PBXBuildFile; fileRef = E816C9278060A8072007BFD0 /* Pods_OrangeDesignSystemDemoTests.framework */; };
		F99FF0732767AE2A006236A0 /* OrangeDesignSystemApp.swift in Sources */ = {isa = PBXBuildFile; fileRef = F99FF06E2767AE2A006236A0 /* OrangeDesignSystemApp.swift */; };
		F99FF08C2767B23E006236A0 /* OrangeDesignSystemDemoTests.swift in Sources */ = {isa = PBXBuildFile; fileRef = F99FF08A2767B226006236A0 /* OrangeDesignSystemDemoTests.swift */; };
		F99FF0922767B38B006236A0 /* OrangeDesignSystemDemoUITests.swift in Sources */ = {isa = PBXBuildFile; fileRef = F99FF08F2767B265006236A0 /* OrangeDesignSystemDemoUITests.swift */; };
		F99FF0932767B38D006236A0 /* OrangeDesignSystemDemoUITestsLaunchTests.swift in Sources */ = {isa = PBXBuildFile; fileRef = F99FF08E2767B265006236A0 /* OrangeDesignSystemDemoUITestsLaunchTests.swift */; };
/* End PBXBuildFile section */

/* Begin PBXContainerItemProxy section */
		EB0AA541275652AF0012E192 /* PBXContainerItemProxy */ = {
			isa = PBXContainerItemProxy;
			containerPortal = EB0AA528275652AE0012E192 /* Project object */;
			proxyType = 1;
			remoteGlobalIDString = EB0AA52F275652AE0012E192;
			remoteInfo = "ods-ios-swiftUI-demo";
		};
		EB0AA54B275652AF0012E192 /* PBXContainerItemProxy */ = {
			isa = PBXContainerItemProxy;
			containerPortal = EB0AA528275652AE0012E192 /* Project object */;
			proxyType = 1;
			remoteGlobalIDString = EB0AA52F275652AE0012E192;
			remoteInfo = "ods-ios-swiftUI-demo";
		};
/* End PBXContainerItemProxy section */

/* Begin PBXFileReference section */
		021ED547747F959E94B4EA22 /* Pods-OrangeDesignSystemDemo.release.xcconfig */ = {isa = PBXFileReference; includeInIndex = 1; lastKnownFileType = text.xcconfig; name = "Pods-OrangeDesignSystemDemo.release.xcconfig"; path = "Target Support Files/Pods-OrangeDesignSystemDemo/Pods-OrangeDesignSystemDemo.release.xcconfig"; sourceTree = "<group>"; };
		07210C402A8FAC6500507988 /* THIRD-PARTY.md */ = {isa = PBXFileReference; fileEncoding = 4; lastKnownFileType = net.daringfireball.markdown; name = "THIRD-PARTY.md"; path = "../THIRD-PARTY.md"; sourceTree = "<group>"; };
		07210C412A8FAC6500507988 /* NOTICE.txt */ = {isa = PBXFileReference; fileEncoding = 4; lastKnownFileType = text; name = NOTICE.txt; path = ../NOTICE.txt; sourceTree = "<group>"; };
		07210C422A8FAC6500507988 /* README.md */ = {isa = PBXFileReference; fileEncoding = 4; lastKnownFileType = net.daringfireball.markdown; name = README.md; path = ../README.md; sourceTree = "<group>"; };
		07210C462A8FACAA00507988 /* LICENSE */ = {isa = PBXFileReference; lastKnownFileType = text; name = LICENSE; path = ../LICENSE; sourceTree = "<group>"; };
		07210C482A8FAD1500507988 /* Fastfile */ = {isa = PBXFileReference; fileEncoding = 4; lastKnownFileType = text; name = Fastfile; path = fastlane/Fastfile; sourceTree = "<group>"; };
		07210C492A8FAD1600507988 /* Appfile */ = {isa = PBXFileReference; fileEncoding = 4; lastKnownFileType = text; name = Appfile; path = fastlane/Appfile; sourceTree = "<group>"; };
		07210C4C2A8FAD5900507988 /* Pluginfile */ = {isa = PBXFileReference; fileEncoding = 4; lastKnownFileType = text; name = Pluginfile; path = fastlane/Pluginfile; sourceTree = "<group>"; };
		076B79062AC1B4A800CCF0E4 /* AccessibilityStatement.xml */ = {isa = PBXFileReference; fileEncoding = 4; lastKnownFileType = text.xml; path = AccessibilityStatement.xml; sourceTree = "<group>"; };
		0753267F2AD02E1D003D8832 /* ListOfVerticalImageFirstCard.swift */ = {isa = PBXFileReference; lastKnownFileType = sourcecode.swift; path = ListOfVerticalImageFirstCard.swift; sourceTree = "<group>"; };
		075326812AD03615003D8832 /* GrifOfSmallCards.swift */ = {isa = PBXFileReference; lastKnownFileType = sourcecode.swift; path = GrifOfSmallCards.swift; sourceTree = "<group>"; };
		077C37C12A9CED34003D6B51 /* Gemfile */ = {isa = PBXFileReference; lastKnownFileType = text; name = Gemfile; path = ../Gemfile; sourceTree = "<group>"; };
		077C37C22A9CED5E003D6B51 /* .gitattributes */ = {isa = PBXFileReference; lastKnownFileType = text; name = .gitattributes; path = ../.gitattributes; sourceTree = "<group>"; };
		077C37C32A9CED5E003D6B51 /* .swiftlint.yml */ = {isa = PBXFileReference; lastKnownFileType = text.yaml; name = .swiftlint.yml; path = ../.swiftlint.yml; sourceTree = "<group>"; };
		077C37C42A9CED5E003D6B51 /* .gitignore */ = {isa = PBXFileReference; lastKnownFileType = text; name = .gitignore; path = ../.gitignore; sourceTree = "<group>"; };
		077C37C52A9CED5E003D6B51 /* .swiftformat */ = {isa = PBXFileReference; lastKnownFileType = text; name = .swiftformat; path = ../.swiftformat; sourceTree = "<group>"; };
		077C37CA2A9DD643003D6B51 /* Colors.xcassets */ = {isa = PBXFileReference; lastKnownFileType = folder.assetcatalog; name = Colors.xcassets; path = OrangeDesignSystemDemo/Resources/Colors.xcassets; sourceTree = "<group>"; };
		077C37CB2A9DD643003D6B51 /* Assets.xcassets */ = {isa = PBXFileReference; lastKnownFileType = folder.assetcatalog; name = Assets.xcassets; path = OrangeDesignSystemDemo/Resources/Assets.xcassets; sourceTree = "<group>"; };
		077C37CC2A9DD643003D6B51 /* Info.plist */ = {isa = PBXFileReference; fileEncoding = 4; lastKnownFileType = text.plist.xml; name = Info.plist; path = OrangeDesignSystemDemo/Resources/Info.plist; sourceTree = "<group>"; };
		077C37CE2A9DD643003D6B51 /* Recipes.json */ = {isa = PBXFileReference; fileEncoding = 4; lastKnownFileType = text.json; name = Recipes.json; path = OrangeDesignSystemDemo/Resources/Recipes.json; sourceTree = "<group>"; };
		077C37D62A9DD6A3003D6B51 /* Preview Assets.xcassets */ = {isa = PBXFileReference; lastKnownFileType = folder.assetcatalog; path = "Preview Assets.xcassets"; sourceTree = "<group>"; };
		077C37E12A9DDACC003D6B51 /* PrivacyNotice.html */ = {isa = PBXFileReference; fileEncoding = 4; lastKnownFileType = text.html; name = PrivacyNotice.html; path = OrangeDesignSystemDemo/Resources/PrivacyNotice.html; sourceTree = "<group>"; };
		077C37E22A9DDACC003D6B51 /* CGU.html */ = {isa = PBXFileReference; fileEncoding = 4; lastKnownFileType = text.html; name = CGU.html; path = OrangeDesignSystemDemo/Resources/CGU.html; sourceTree = "<group>"; };
		077C37E52A9DDC1A003D6B51 /* MainTabView.swift */ = {isa = PBXFileReference; fileEncoding = 4; lastKnownFileType = sourcecode.swift; name = MainTabView.swift; path = OrangeDesignSystemDemo/MainTabView.swift; sourceTree = "<group>"; };
		077C37EB2A9DDC78003D6B51 /* AboutSceen.swift */ = {isa = PBXFileReference; fileEncoding = 4; lastKnownFileType = sourcecode.swift; path = AboutSceen.swift; sourceTree = "<group>"; };
		077C37EC2A9DDC78003D6B51 /* AboutHtmlAndMarkdownView.swift */ = {isa = PBXFileReference; fileEncoding = 4; lastKnownFileType = sourcecode.swift; path = AboutHtmlAndMarkdownView.swift; sourceTree = "<group>"; };
		077C37EF2A9DDC78003D6B51 /* CustomizableVariant.swift */ = {isa = PBXFileReference; fileEncoding = 4; lastKnownFileType = sourcecode.swift; path = CustomizableVariant.swift; sourceTree = "<group>"; };
		077C37F02A9DDC78003D6B51 /* ComponentPage.swift */ = {isa = PBXFileReference; fileEncoding = 4; lastKnownFileType = sourcecode.swift; path = ComponentPage.swift; sourceTree = "<group>"; };
		077C37F12A9DDC78003D6B51 /* Component.swift */ = {isa = PBXFileReference; fileEncoding = 4; lastKnownFileType = sourcecode.swift; path = Component.swift; sourceTree = "<group>"; };
		077C37F22A9DDC78003D6B51 /* ComponentList.swift */ = {isa = PBXFileReference; fileEncoding = 4; lastKnownFileType = sourcecode.swift; path = ComponentList.swift; sourceTree = "<group>"; };
		077C37F52A9DDC78003D6B51 /* ButtonsComponent.swift */ = {isa = PBXFileReference; fileEncoding = 4; lastKnownFileType = sourcecode.swift; path = ButtonsComponent.swift; sourceTree = "<group>"; };
		077C37F62A9DDC78003D6B51 /* IconVariant.swift */ = {isa = PBXFileReference; fileEncoding = 4; lastKnownFileType = sourcecode.swift; path = IconVariant.swift; sourceTree = "<group>"; };
		077C37F72A9DDC79003D6B51 /* EmphasisAndFunctionnalVariant.swift */ = {isa = PBXFileReference; fileEncoding = 4; lastKnownFileType = sourcecode.swift; path = EmphasisAndFunctionnalVariant.swift; sourceTree = "<group>"; };
		077C37F92A9DDC79003D6B51 /* CapitalizedTextInputsVariant.swift */ = {isa = PBXFileReference; fileEncoding = 4; lastKnownFileType = sourcecode.swift; path = CapitalizedTextInputsVariant.swift; sourceTree = "<group>"; };
		077C37FA2A9DDC79003D6B51 /* SecureVariant.swift */ = {isa = PBXFileReference; fileEncoding = 4; lastKnownFileType = sourcecode.swift; path = SecureVariant.swift; sourceTree = "<group>"; };
		077C37FB2A9DDC79003D6B51 /* TextFieldComponent.swift */ = {isa = PBXFileReference; fileEncoding = 4; lastKnownFileType = sourcecode.swift; path = TextFieldComponent.swift; sourceTree = "<group>"; };
		077C37FD2A9DDC79003D6B51 /* ListComponent.swift */ = {isa = PBXFileReference; fileEncoding = 4; lastKnownFileType = sourcecode.swift; path = ListComponent.swift; sourceTree = "<group>"; };
		077C37FF2A9DDC79003D6B51 /* SelectionListModel.swift */ = {isa = PBXFileReference; fileEncoding = 4; lastKnownFileType = sourcecode.swift; path = SelectionListModel.swift; sourceTree = "<group>"; };
		077C38002A9DDC79003D6B51 /* SelectionListOptions.swift */ = {isa = PBXFileReference; fileEncoding = 4; lastKnownFileType = sourcecode.swift; path = SelectionListOptions.swift; sourceTree = "<group>"; };
		077C38012A9DDC79003D6B51 /* SelectionList.swift */ = {isa = PBXFileReference; fileEncoding = 4; lastKnownFileType = sourcecode.swift; path = SelectionList.swift; sourceTree = "<group>"; };
		077C38032A9DDC79003D6B51 /* StandardList.swift */ = {isa = PBXFileReference; fileEncoding = 4; lastKnownFileType = sourcecode.swift; path = StandardList.swift; sourceTree = "<group>"; };
		077C38042A9DDC79003D6B51 /* StandardListModel.swift */ = {isa = PBXFileReference; fileEncoding = 4; lastKnownFileType = sourcecode.swift; path = StandardListModel.swift; sourceTree = "<group>"; };
		077C38052A9DDC79003D6B51 /* StandardListOptions.swift */ = {isa = PBXFileReference; fileEncoding = 4; lastKnownFileType = sourcecode.swift; path = StandardListOptions.swift; sourceTree = "<group>"; };
		077C38072A9DDC79003D6B51 /* ProgressBarVariant.swift */ = {isa = PBXFileReference; fileEncoding = 4; lastKnownFileType = sourcecode.swift; path = ProgressBarVariant.swift; sourceTree = "<group>"; };
		077C38082A9DDC79003D6B51 /* ProgressIndicatorComponent.swift */ = {isa = PBXFileReference; fileEncoding = 4; lastKnownFileType = sourcecode.swift; path = ProgressIndicatorComponent.swift; sourceTree = "<group>"; };
		077C38092A9DDC79003D6B51 /* ActivityIndicatorVariant.swift */ = {isa = PBXFileReference; fileEncoding = 4; lastKnownFileType = sourcecode.swift; path = ActivityIndicatorVariant.swift; sourceTree = "<group>"; };
		077C380B2A9DDC79003D6B51 /* ChipsComponent.swift */ = {isa = PBXFileReference; fileEncoding = 4; lastKnownFileType = sourcecode.swift; path = ChipsComponent.swift; sourceTree = "<group>"; };
		077C380C2A9DDC79003D6B51 /* ChipsComponentModel.swift */ = {isa = PBXFileReference; fileEncoding = 4; lastKnownFileType = sourcecode.swift; path = ChipsComponentModel.swift; sourceTree = "<group>"; };
		077C380E2A9DDC79003D6B51 /* CardVerticalHeaderFirstVariant.swift */ = {isa = PBXFileReference; fileEncoding = 4; lastKnownFileType = sourcecode.swift; path = CardVerticalHeaderFirstVariant.swift; sourceTree = "<group>"; };
		077C380F2A9DDC79003D6B51 /* CardExampleData.swift */ = {isa = PBXFileReference; fileEncoding = 4; lastKnownFileType = sourcecode.swift; path = CardExampleData.swift; sourceTree = "<group>"; };
		077C38102A9DDC79003D6B51 /* CardVerticalImageFirstVariant.swift */ = {isa = PBXFileReference; fileEncoding = 4; lastKnownFileType = sourcecode.swift; path = CardVerticalImageFirstVariant.swift; sourceTree = "<group>"; };
		077C38112A9DDC79003D6B51 /* CardHorizontalVariant.swift */ = {isa = PBXFileReference; fileEncoding = 4; lastKnownFileType = sourcecode.swift; path = CardHorizontalVariant.swift; sourceTree = "<group>"; };
		077C38122A9DDC79003D6B51 /* CardSmallVariant.swift */ = {isa = PBXFileReference; fileEncoding = 4; lastKnownFileType = sourcecode.swift; path = CardSmallVariant.swift; sourceTree = "<group>"; };
		077C38132A9DDC79003D6B51 /* CardComponent.swift */ = {isa = PBXFileReference; fileEncoding = 4; lastKnownFileType = sourcecode.swift; path = CardComponent.swift; sourceTree = "<group>"; };
		077C38152A9DDC79003D6B51 /* ToolBarVariantOptions.swift */ = {isa = PBXFileReference; fileEncoding = 4; lastKnownFileType = sourcecode.swift; path = ToolBarVariantOptions.swift; sourceTree = "<group>"; };
		077C38162A9DDC79003D6B51 /* ToolBarComponent.swift */ = {isa = PBXFileReference; fileEncoding = 4; lastKnownFileType = sourcecode.swift; path = ToolBarComponent.swift; sourceTree = "<group>"; };
		077C38182A9DDC79003D6B51 /* TabBarVariant.swift */ = {isa = PBXFileReference; fileEncoding = 4; lastKnownFileType = sourcecode.swift; path = TabBarVariant.swift; sourceTree = "<group>"; };
		077C38192A9DDC79003D6B51 /* TabBarComponent.swift */ = {isa = PBXFileReference; fileEncoding = 4; lastKnownFileType = sourcecode.swift; path = TabBarComponent.swift; sourceTree = "<group>"; };
		077C381B2A9DDC79003D6B51 /* NavigatinBarModifiers.swift */ = {isa = PBXFileReference; fileEncoding = 4; lastKnownFileType = sourcecode.swift; path = NavigatinBarModifiers.swift; sourceTree = "<group>"; };
		077C381C2A9DDC79003D6B51 /* NavigationBarVariant.swift */ = {isa = PBXFileReference; fileEncoding = 4; lastKnownFileType = sourcecode.swift; path = NavigationBarVariant.swift; sourceTree = "<group>"; };
		077C381D2A9DDC79003D6B51 /* NavigationBarComponent.swift */ = {isa = PBXFileReference; fileEncoding = 4; lastKnownFileType = sourcecode.swift; path = NavigationBarComponent.swift; sourceTree = "<group>"; };
		077C381F2A9DDC79003D6B51 /* BannerVariantOptions.swift */ = {isa = PBXFileReference; fileEncoding = 4; lastKnownFileType = sourcecode.swift; path = BannerVariantOptions.swift; sourceTree = "<group>"; };
		077C38202A9DDC79003D6B51 /* BannerComponent.swift */ = {isa = PBXFileReference; fileEncoding = 4; lastKnownFileType = sourcecode.swift; path = BannerComponent.swift; sourceTree = "<group>"; };
		077C38232A9DDC79003D6B51 /* BottomSheetExpandingVariant.swift */ = {isa = PBXFileReference; fileEncoding = 4; lastKnownFileType = sourcecode.swift; path = BottomSheetExpandingVariant.swift; sourceTree = "<group>"; };
		077C38242A9DDC79003D6B51 /* BottomSheetExpandingVariantOptions.swift */ = {isa = PBXFileReference; fileEncoding = 4; lastKnownFileType = sourcecode.swift; path = BottomSheetExpandingVariantOptions.swift; sourceTree = "<group>"; };
		077C38262A9DDC79003D6B51 /* BottomSheetStandardVariant.swift */ = {isa = PBXFileReference; fileEncoding = 4; lastKnownFileType = sourcecode.swift; path = BottomSheetStandardVariant.swift; sourceTree = "<group>"; };
		077C38272A9DDC79003D6B51 /* BottomSheetComponent.swift */ = {isa = PBXFileReference; fileEncoding = 4; lastKnownFileType = sourcecode.swift; path = BottomSheetComponent.swift; sourceTree = "<group>"; };
		077C38292A9DDC79003D6B51 /* SlidersVariant.swift */ = {isa = PBXFileReference; fileEncoding = 4; lastKnownFileType = sourcecode.swift; path = SlidersVariant.swift; sourceTree = "<group>"; };
		077C382A2A9DDC79003D6B51 /* SliderComponent.swift */ = {isa = PBXFileReference; fileEncoding = 4; lastKnownFileType = sourcecode.swift; path = SliderComponent.swift; sourceTree = "<group>"; };
		077C382D2A9DDC79003D6B51 /* Guideline.swift */ = {isa = PBXFileReference; fileEncoding = 4; lastKnownFileType = sourcecode.swift; path = Guideline.swift; sourceTree = "<group>"; };
		077C382E2A9DDC79003D6B51 /* GuidelinePage.swift */ = {isa = PBXFileReference; fileEncoding = 4; lastKnownFileType = sourcecode.swift; path = GuidelinePage.swift; sourceTree = "<group>"; };
		077C382F2A9DDC79003D6B51 /* GuidelinesList.swift */ = {isa = PBXFileReference; fileEncoding = 4; lastKnownFileType = sourcecode.swift; path = GuidelinesList.swift; sourceTree = "<group>"; };
		077C38312A9DDC79003D6B51 /* ColorsPage.swift */ = {isa = PBXFileReference; fileEncoding = 4; lastKnownFileType = sourcecode.swift; path = ColorsPage.swift; sourceTree = "<group>"; };
		077C38332A9DDC79003D6B51 /* RGBA.swift */ = {isa = PBXFileReference; fileEncoding = 4; lastKnownFileType = sourcecode.swift; path = RGBA.swift; sourceTree = "<group>"; };
		077C38342A9DDC79003D6B51 /* ODSColors+extension.swift */ = {isa = PBXFileReference; fileEncoding = 4; lastKnownFileType = sourcecode.swift; path = "ODSColors+extension.swift"; sourceTree = "<group>"; };
		077C38362A9DDC79003D6B51 /* ColorDetail.swift */ = {isa = PBXFileReference; fileEncoding = 4; lastKnownFileType = sourcecode.swift; path = ColorDetail.swift; sourceTree = "<group>"; };
		077C38372A9DDC79003D6B51 /* ColorIllustration.swift */ = {isa = PBXFileReference; fileEncoding = 4; lastKnownFileType = sourcecode.swift; path = ColorIllustration.swift; sourceTree = "<group>"; };
		077C38382A9DDC79003D6B51 /* ColorUsage.swift */ = {isa = PBXFileReference; fileEncoding = 4; lastKnownFileType = sourcecode.swift; path = ColorUsage.swift; sourceTree = "<group>"; };
		077C38392A9DDC79003D6B51 /* ColorsGuideline.swift */ = {isa = PBXFileReference; fileEncoding = 4; lastKnownFileType = sourcecode.swift; path = ColorsGuideline.swift; sourceTree = "<group>"; };
		077C383B2A9DDC79003D6B51 /* TypographyGuideline.swift */ = {isa = PBXFileReference; fileEncoding = 4; lastKnownFileType = sourcecode.swift; path = TypographyGuideline.swift; sourceTree = "<group>"; };
		077C383C2A9DDC79003D6B51 /* TypographyPage.swift */ = {isa = PBXFileReference; fileEncoding = 4; lastKnownFileType = sourcecode.swift; path = TypographyPage.swift; sourceTree = "<group>"; };
		077C383E2A9DDC79003D6B51 /* SpacingsGuideline.swift */ = {isa = PBXFileReference; fileEncoding = 4; lastKnownFileType = sourcecode.swift; path = SpacingsGuideline.swift; sourceTree = "<group>"; };
		077C383F2A9DDC79003D6B51 /* SpacingsPage.swift */ = {isa = PBXFileReference; fileEncoding = 4; lastKnownFileType = sourcecode.swift; path = SpacingsPage.swift; sourceTree = "<group>"; };
		077C38422A9DDC79003D6B51 /* AboutMyRecipeItemConfiguration.swift */ = {isa = PBXFileReference; fileEncoding = 4; lastKnownFileType = sourcecode.swift; path = AboutMyRecipeItemConfiguration.swift; sourceTree = "<group>"; };
		077C38432A9DDC79003D6B51 /* AboutModule.swift */ = {isa = PBXFileReference; fileEncoding = 4; lastKnownFileType = sourcecode.swift; path = AboutModule.swift; sourceTree = "<group>"; };
		077C38442A9DDC79003D6B51 /* AboutMyReviewsItemConfiguration.swift */ = {isa = PBXFileReference; fileEncoding = 4; lastKnownFileType = sourcecode.swift; path = AboutMyReviewsItemConfiguration.swift; sourceTree = "<group>"; };
		077C38452A9DDC79003D6B51 /* AboutModuleModel.swift */ = {isa = PBXFileReference; fileEncoding = 4; lastKnownFileType = sourcecode.swift; path = AboutModuleModel.swift; sourceTree = "<group>"; };
		077C38462A9DDC79003D6B51 /* ModulesList.swift */ = {isa = PBXFileReference; fileEncoding = 4; lastKnownFileType = sourcecode.swift; path = ModulesList.swift; sourceTree = "<group>"; };
		077C38472A9DDC79003D6B51 /* CardViewDemo.swift */ = {isa = PBXFileReference; fileEncoding = 4; lastKnownFileType = sourcecode.swift; path = CardViewDemo.swift; sourceTree = "<group>"; };
		077C388A2A9DEE16003D6B51 /* AppNews.json */ = {isa = PBXFileReference; fileEncoding = 4; lastKnownFileType = text.json; name = AppNews.json; path = OrangeDesignSystemDemo/Resources/AppNews.json; sourceTree = "<group>"; };
		077C388D2A9DEEDB003D6B51 /* Bundle+Extension.swift */ = {isa = PBXFileReference; fileEncoding = 4; lastKnownFileType = sourcecode.swift; path = "Bundle+Extension.swift"; sourceTree = "<group>"; };
		077C388E2A9DEEDB003D6B51 /* ToastView.swift */ = {isa = PBXFileReference; fileEncoding = 4; lastKnownFileType = sourcecode.swift; path = ToastView.swift; sourceTree = "<group>"; };
		077C388F2A9DEEDB003D6B51 /* BackgroundBlurView.swift */ = {isa = PBXFileReference; fileEncoding = 4; lastKnownFileType = sourcecode.swift; path = BackgroundBlurView.swift; sourceTree = "<group>"; };
		077C38912A9DEEDB003D6B51 /* RecipeBookModel.swift */ = {isa = PBXFileReference; fileEncoding = 4; lastKnownFileType = sourcecode.swift; path = RecipeBookModel.swift; sourceTree = "<group>"; };
		077C38922A9DEEDC003D6B51 /* RecipesBook.swift */ = {isa = PBXFileReference; fileEncoding = 4; lastKnownFileType = sourcecode.swift; path = RecipesBook.swift; sourceTree = "<group>"; };
		077C38932A9DEEDC003D6B51 /* RecipesLoader.swift */ = {isa = PBXFileReference; fileEncoding = 4; lastKnownFileType = sourcecode.swift; path = RecipesLoader.swift; sourceTree = "<group>"; };
		077C38952A9DEEDC003D6B51 /* ThemeSelectionView.swift */ = {isa = PBXFileReference; fileEncoding = 4; lastKnownFileType = sourcecode.swift; path = ThemeSelectionView.swift; sourceTree = "<group>"; };
		077C38962A9DEEDC003D6B51 /* ThemeablePreviews.swift */ = {isa = PBXFileReference; fileEncoding = 4; lastKnownFileType = sourcecode.swift; path = ThemeablePreviews.swift; sourceTree = "<group>"; };
		07AA3D4D28AE8B160001B75E /* Pods_OrangeDesignSystemDemo.framework */ = {isa = PBXFileReference; explicitFileType = wrapper.framework; path = Pods_OrangeDesignSystemDemo.framework; sourceTree = BUILT_PRODUCTS_DIR; };
		07B030592AB0B454001764E7 /* README.md */ = {isa = PBXFileReference; lastKnownFileType = net.daringfireball.markdown; path = README.md; sourceTree = "<group>"; };
		07B0305A2AB0B4A9001764E7 /* CONTRIBUTING.md */ = {isa = PBXFileReference; lastKnownFileType = net.daringfireball.markdown; name = CONTRIBUTING.md; path = ../CONTRIBUTING.md; sourceTree = "<group>"; };
		2ACFE972C59B1460F410852D /* Pods-OrangeDesignSystemDemo.debug.xcconfig */ = {isa = PBXFileReference; includeInIndex = 1; lastKnownFileType = text.xcconfig; name = "Pods-OrangeDesignSystemDemo.debug.xcconfig"; path = "Target Support Files/Pods-OrangeDesignSystemDemo/Pods-OrangeDesignSystemDemo.debug.xcconfig"; sourceTree = "<group>"; };
		759CBF84E701D1BE3D68D365 /* Pods_OrangeDesignSystemDemo.framework */ = {isa = PBXFileReference; explicitFileType = wrapper.framework; includeInIndex = 0; path = Pods_OrangeDesignSystemDemo.framework; sourceTree = BUILT_PRODUCTS_DIR; };
		B655A0B148F11BB69BCFF556 /* Pods-OrangeDesignSystemDemoTests.debug.xcconfig */ = {isa = PBXFileReference; includeInIndex = 1; lastKnownFileType = text.xcconfig; name = "Pods-OrangeDesignSystemDemoTests.debug.xcconfig"; path = "Target Support Files/Pods-OrangeDesignSystemDemoTests/Pods-OrangeDesignSystemDemoTests.debug.xcconfig"; sourceTree = "<group>"; };
		E816C9278060A8072007BFD0 /* Pods_OrangeDesignSystemDemoTests.framework */ = {isa = PBXFileReference; explicitFileType = wrapper.framework; includeInIndex = 0; path = Pods_OrangeDesignSystemDemoTests.framework; sourceTree = BUILT_PRODUCTS_DIR; };
		EB0AA530275652AE0012E192 /* OrangeDesignSystemDemo.app */ = {isa = PBXFileReference; explicitFileType = wrapper.application; includeInIndex = 0; path = OrangeDesignSystemDemo.app; sourceTree = BUILT_PRODUCTS_DIR; };
		EB0AA540275652AF0012E192 /* OrangeDesignSystemDemoTests.xctest */ = {isa = PBXFileReference; explicitFileType = wrapper.cfbundle; includeInIndex = 0; path = OrangeDesignSystemDemoTests.xctest; sourceTree = BUILT_PRODUCTS_DIR; };
		EB0AA54A275652AF0012E192 /* OrangeDesignSystemDemoUITests.xctest */ = {isa = PBXFileReference; explicitFileType = wrapper.cfbundle; includeInIndex = 0; path = OrangeDesignSystemDemoUITests.xctest; sourceTree = BUILT_PRODUCTS_DIR; };
		F913B85F2767969E001CB0AA /* Package.swift */ = {isa = PBXFileReference; fileEncoding = 4; lastKnownFileType = sourcecode.swift; name = Package.swift; path = ../Package.swift; sourceTree = "<group>"; };
		F99FF06E2767AE2A006236A0 /* OrangeDesignSystemApp.swift */ = {isa = PBXFileReference; fileEncoding = 4; lastKnownFileType = sourcecode.swift; name = OrangeDesignSystemApp.swift; path = OrangeDesignSystemDemo/OrangeDesignSystemApp.swift; sourceTree = "<group>"; };
		F99FF08A2767B226006236A0 /* OrangeDesignSystemDemoTests.swift */ = {isa = PBXFileReference; fileEncoding = 4; lastKnownFileType = sourcecode.swift; name = OrangeDesignSystemDemoTests.swift; path = OrangeDesignSystemDemoTests/OrangeDesignSystemDemoTests.swift; sourceTree = "<group>"; };
		F99FF08E2767B265006236A0 /* OrangeDesignSystemDemoUITestsLaunchTests.swift */ = {isa = PBXFileReference; fileEncoding = 4; lastKnownFileType = sourcecode.swift; name = OrangeDesignSystemDemoUITestsLaunchTests.swift; path = OrangeDesignSystemDemoUITests/OrangeDesignSystemDemoUITestsLaunchTests.swift; sourceTree = "<group>"; };
		F99FF08F2767B265006236A0 /* OrangeDesignSystemDemoUITests.swift */ = {isa = PBXFileReference; fileEncoding = 4; lastKnownFileType = sourcecode.swift; name = OrangeDesignSystemDemoUITests.swift; path = OrangeDesignSystemDemoUITests/OrangeDesignSystemDemoUITests.swift; sourceTree = "<group>"; };
		FB859C964985A86562A19502 /* Pods-OrangeDesignSystemDemoTests.release.xcconfig */ = {isa = PBXFileReference; includeInIndex = 1; lastKnownFileType = text.xcconfig; name = "Pods-OrangeDesignSystemDemoTests.release.xcconfig"; path = "Target Support Files/Pods-OrangeDesignSystemDemoTests/Pods-OrangeDesignSystemDemoTests.release.xcconfig"; sourceTree = "<group>"; };
		FD347D2C28D4C00B00F451B8 /* Podfile */ = {isa = PBXFileReference; lastKnownFileType = text; path = Podfile; sourceTree = "<group>"; };
		FDDAB0F62809AB2100ACE5F4 /* CHANGELOG.md */ = {isa = PBXFileReference; lastKnownFileType = net.daringfireball.markdown; name = CHANGELOG.md; path = ../CHANGELOG.md; sourceTree = "<group>"; };
/* End PBXFileReference section */

/* Begin PBXFrameworksBuildPhase section */
		EB0AA52D275652AE0012E192 /* Frameworks */ = {
			isa = PBXFrameworksBuildPhase;
			buildActionMask = 2147483647;
			files = (
				076C0E0F2AC1BCF800AAE074 /* OrangeDesignSystem in Frameworks */,
				076C0E0D2AC1BCF800AAE074 /* InnovationCupTheme in Frameworks */,
				076C0E112AC1BCF800AAE074 /* OrangeTheme in Frameworks */,
				07AA3D4E28AE8B160001B75E /* Pods_OrangeDesignSystemDemo.framework in Frameworks */,
			);
			runOnlyForDeploymentPostprocessing = 0;
		};
		EB0AA53D275652AF0012E192 /* Frameworks */ = {
			isa = PBXFrameworksBuildPhase;
			buildActionMask = 2147483647;
			files = (
				C88E9E08333D56BAEA28A60E /* Pods_OrangeDesignSystemDemoTests.framework in Frameworks */,
			);
			runOnlyForDeploymentPostprocessing = 0;
		};
		EB0AA547275652AF0012E192 /* Frameworks */ = {
			isa = PBXFrameworksBuildPhase;
			buildActionMask = 2147483647;
			files = (
			);
			runOnlyForDeploymentPostprocessing = 0;
		};
/* End PBXFrameworksBuildPhase section */

/* Begin PBXGroup section */
		07210C342A8FA6BC00507988 /* 🛠 */ = {
			isa = PBXGroup;
			children = (
				077C37C02A9CECFF003D6B51 /* Configuration */,
				07210C472A8FAD0000507988 /* Fastlane */,
				F913B86227679A13001CB0AA /* Scripts */,
				07210C462A8FACAA00507988 /* LICENSE */,
				07210C412A8FAC6500507988 /* NOTICE.txt */,
				07210C422A8FAC6500507988 /* README.md */,
				07210C402A8FAC6500507988 /* THIRD-PARTY.md */,
				FDDAB0F62809AB2100ACE5F4 /* CHANGELOG.md */,
				07B0305A2AB0B4A9001764E7 /* CONTRIBUTING.md */,
			);
			name = "🛠";
			sourceTree = "<group>";
		};
		07210C472A8FAD0000507988 /* Fastlane */ = {
			isa = PBXGroup;
			children = (
				07210C4C2A8FAD5900507988 /* Pluginfile */,
				07210C492A8FAD1600507988 /* Appfile */,
				07210C482A8FAD1500507988 /* Fastfile */,
			);
			name = Fastlane;
			sourceTree = "<group>";
		};
		0753267E2AD00137003D8832 /* CardListAndCollection */ = {
			isa = PBXGroup;
			children = (
				077C38472A9DDC79003D6B51 /* CardViewDemo.swift */,
				0753267F2AD02E1D003D8832 /* ListOfVerticalImageFirstCard.swift */,
				075326812AD03615003D8832 /* GrifOfSmallCards.swift */,
			);
			path = CardListAndCollection;
			sourceTree = "<group>";
		};
		077C37C02A9CECFF003D6B51 /* Configuration */ = {
			isa = PBXGroup;
			children = (
				077C37C22A9CED5E003D6B51 /* .gitattributes */,
				077C37C42A9CED5E003D6B51 /* .gitignore */,
				077C37C52A9CED5E003D6B51 /* .swiftformat */,
				077C37C32A9CED5E003D6B51 /* .swiftlint.yml */,
				077C37C12A9CED34003D6B51 /* Gemfile */,
			);
			name = Configuration;
			sourceTree = "<group>";
		};
		077C37C92A9DD5FF003D6B51 /* Resources */ = {
			isa = PBXGroup;
			children = (
				077C37D52A9DD6A3003D6B51 /* Preview Content */,
				077C37CB2A9DD643003D6B51 /* Assets.xcassets */,
				077C37CA2A9DD643003D6B51 /* Colors.xcassets */,
				077C37CC2A9DD643003D6B51 /* Info.plist */,
				076B79062AC1B4A800CCF0E4 /* AccessibilityStatement.xml */,
				077C37CE2A9DD643003D6B51 /* Recipes.json */,
				077C388A2A9DEE16003D6B51 /* AppNews.json */,
				077C37E22A9DDACC003D6B51 /* CGU.html */,
				077C37E12A9DDACC003D6B51 /* PrivacyNotice.html */,
			);
			name = Resources;
			sourceTree = "<group>";
		};
		077C37D52A9DD6A3003D6B51 /* Preview Content */ = {
			isa = PBXGroup;
			children = (
				077C37D62A9DD6A3003D6B51 /* Preview Assets.xcassets */,
			);
			name = "Preview Content";
			path = "OrangeDesignSystemDemo/Resources/Preview Content";
			sourceTree = "<group>";
		};
		077C37E92A9DDC78003D6B51 /* Screens */ = {
			isa = PBXGroup;
			children = (
				077C37EA2A9DDC78003D6B51 /* About */,
				077C37ED2A9DDC78003D6B51 /* Components */,
				077C382B2A9DDC79003D6B51 /* Guidelines */,
				077C382F2A9DDC79003D6B51 /* GuidelinesList.swift */,
				077C38402A9DDC79003D6B51 /* Modules */,
			);
			name = Screens;
			path = OrangeDesignSystemDemo/Screens;
			sourceTree = "<group>";
		};
		077C37EA2A9DDC78003D6B51 /* About */ = {
			isa = PBXGroup;
			children = (
				077C37EB2A9DDC78003D6B51 /* AboutSceen.swift */,
				077C37EC2A9DDC78003D6B51 /* AboutHtmlAndMarkdownView.swift */,
			);
			path = About;
			sourceTree = "<group>";
		};
		077C37ED2A9DDC78003D6B51 /* Components */ = {
			isa = PBXGroup;
			children = (
				077C37EE2A9DDC78003D6B51 /* Template */,
				077C37F32A9DDC78003D6B51 /* Pages */,
				077C37F22A9DDC78003D6B51 /* ComponentList.swift */,
			);
			path = Components;
			sourceTree = "<group>";
		};
		077C37EE2A9DDC78003D6B51 /* Template */ = {
			isa = PBXGroup;
			children = (
				077C37EF2A9DDC78003D6B51 /* CustomizableVariant.swift */,
				077C37F02A9DDC78003D6B51 /* ComponentPage.swift */,
				077C37F12A9DDC78003D6B51 /* Component.swift */,
			);
			path = Template;
			sourceTree = "<group>";
		};
		077C37F32A9DDC78003D6B51 /* Pages */ = {
			isa = PBXGroup;
			children = (
				077C37F42A9DDC78003D6B51 /* Buttons */,
				077C37F82A9DDC79003D6B51 /* TextFields */,
				077C37FC2A9DDC79003D6B51 /* Lists */,
				077C38062A9DDC79003D6B51 /* ProgressIndicator */,
				077C380A2A9DDC79003D6B51 /* Chips */,
				077C380D2A9DDC79003D6B51 /* Cards */,
				077C38142A9DDC79003D6B51 /* ToolBar */,
				077C38172A9DDC79003D6B51 /* TabBar */,
				077C381A2A9DDC79003D6B51 /* NavigationBar */,
				077C381E2A9DDC79003D6B51 /* Banners */,
				077C38212A9DDC79003D6B51 /* BottomSheet */,
				077C38282A9DDC79003D6B51 /* Sliders */,
			);
			path = Pages;
			sourceTree = "<group>";
		};
		077C37F42A9DDC78003D6B51 /* Buttons */ = {
			isa = PBXGroup;
			children = (
				077C37F52A9DDC78003D6B51 /* ButtonsComponent.swift */,
				077C37F62A9DDC78003D6B51 /* IconVariant.swift */,
				077C37F72A9DDC79003D6B51 /* EmphasisAndFunctionnalVariant.swift */,
			);
			path = Buttons;
			sourceTree = "<group>";
		};
		077C37F82A9DDC79003D6B51 /* TextFields */ = {
			isa = PBXGroup;
			children = (
				077C37F92A9DDC79003D6B51 /* CapitalizedTextInputsVariant.swift */,
				077C37FA2A9DDC79003D6B51 /* SecureVariant.swift */,
				077C37FB2A9DDC79003D6B51 /* TextFieldComponent.swift */,
			);
			path = TextFields;
			sourceTree = "<group>";
		};
		077C37FC2A9DDC79003D6B51 /* Lists */ = {
			isa = PBXGroup;
			children = (
				077C37FD2A9DDC79003D6B51 /* ListComponent.swift */,
				077C37FE2A9DDC79003D6B51 /* SelectionVariant */,
				077C38022A9DDC79003D6B51 /* StandardVariant */,
			);
			path = Lists;
			sourceTree = "<group>";
		};
		077C37FE2A9DDC79003D6B51 /* SelectionVariant */ = {
			isa = PBXGroup;
			children = (
				077C37FF2A9DDC79003D6B51 /* SelectionListModel.swift */,
				077C38002A9DDC79003D6B51 /* SelectionListOptions.swift */,
				077C38012A9DDC79003D6B51 /* SelectionList.swift */,
			);
			path = SelectionVariant;
			sourceTree = "<group>";
		};
		077C38022A9DDC79003D6B51 /* StandardVariant */ = {
			isa = PBXGroup;
			children = (
				077C38032A9DDC79003D6B51 /* StandardList.swift */,
				077C38042A9DDC79003D6B51 /* StandardListModel.swift */,
				077C38052A9DDC79003D6B51 /* StandardListOptions.swift */,
			);
			path = StandardVariant;
			sourceTree = "<group>";
		};
		077C38062A9DDC79003D6B51 /* ProgressIndicator */ = {
			isa = PBXGroup;
			children = (
				077C38072A9DDC79003D6B51 /* ProgressBarVariant.swift */,
				077C38082A9DDC79003D6B51 /* ProgressIndicatorComponent.swift */,
				077C38092A9DDC79003D6B51 /* ActivityIndicatorVariant.swift */,
			);
			path = ProgressIndicator;
			sourceTree = "<group>";
		};
		077C380A2A9DDC79003D6B51 /* Chips */ = {
			isa = PBXGroup;
			children = (
				077C380B2A9DDC79003D6B51 /* ChipsComponent.swift */,
				077C380C2A9DDC79003D6B51 /* ChipsComponentModel.swift */,
			);
			path = Chips;
			sourceTree = "<group>";
		};
		077C380D2A9DDC79003D6B51 /* Cards */ = {
			isa = PBXGroup;
			children = (
				077C380E2A9DDC79003D6B51 /* CardVerticalHeaderFirstVariant.swift */,
				077C380F2A9DDC79003D6B51 /* CardExampleData.swift */,
				077C38102A9DDC79003D6B51 /* CardVerticalImageFirstVariant.swift */,
				077C38112A9DDC79003D6B51 /* CardHorizontalVariant.swift */,
				077C38122A9DDC79003D6B51 /* CardSmallVariant.swift */,
				077C38132A9DDC79003D6B51 /* CardComponent.swift */,
			);
			path = Cards;
			sourceTree = "<group>";
		};
		077C38142A9DDC79003D6B51 /* ToolBar */ = {
			isa = PBXGroup;
			children = (
				077C38152A9DDC79003D6B51 /* ToolBarVariantOptions.swift */,
				077C38162A9DDC79003D6B51 /* ToolBarComponent.swift */,
			);
			path = ToolBar;
			sourceTree = "<group>";
		};
		077C38172A9DDC79003D6B51 /* TabBar */ = {
			isa = PBXGroup;
			children = (
				077C38182A9DDC79003D6B51 /* TabBarVariant.swift */,
				077C38192A9DDC79003D6B51 /* TabBarComponent.swift */,
			);
			path = TabBar;
			sourceTree = "<group>";
		};
		077C381A2A9DDC79003D6B51 /* NavigationBar */ = {
			isa = PBXGroup;
			children = (
				077C381B2A9DDC79003D6B51 /* NavigatinBarModifiers.swift */,
				077C381C2A9DDC79003D6B51 /* NavigationBarVariant.swift */,
				077C381D2A9DDC79003D6B51 /* NavigationBarComponent.swift */,
			);
			path = NavigationBar;
			sourceTree = "<group>";
		};
		077C381E2A9DDC79003D6B51 /* Banners */ = {
			isa = PBXGroup;
			children = (
				077C381F2A9DDC79003D6B51 /* BannerVariantOptions.swift */,
				077C38202A9DDC79003D6B51 /* BannerComponent.swift */,
			);
			path = Banners;
			sourceTree = "<group>";
		};
		077C38212A9DDC79003D6B51 /* BottomSheet */ = {
			isa = PBXGroup;
			children = (
				077C38222A9DDC79003D6B51 /* Expanding */,
				077C38252A9DDC79003D6B51 /* Standard */,
				077C38272A9DDC79003D6B51 /* BottomSheetComponent.swift */,
			);
			path = BottomSheet;
			sourceTree = "<group>";
		};
		077C38222A9DDC79003D6B51 /* Expanding */ = {
			isa = PBXGroup;
			children = (
				077C38232A9DDC79003D6B51 /* BottomSheetExpandingVariant.swift */,
				077C38242A9DDC79003D6B51 /* BottomSheetExpandingVariantOptions.swift */,
			);
			path = Expanding;
			sourceTree = "<group>";
		};
		077C38252A9DDC79003D6B51 /* Standard */ = {
			isa = PBXGroup;
			children = (
				077C38262A9DDC79003D6B51 /* BottomSheetStandardVariant.swift */,
			);
			path = Standard;
			sourceTree = "<group>";
		};
		077C38282A9DDC79003D6B51 /* Sliders */ = {
			isa = PBXGroup;
			children = (
				077C38292A9DDC79003D6B51 /* SlidersVariant.swift */,
				077C382A2A9DDC79003D6B51 /* SliderComponent.swift */,
			);
			path = Sliders;
			sourceTree = "<group>";
		};
		077C382B2A9DDC79003D6B51 /* Guidelines */ = {
			isa = PBXGroup;
			children = (
				077C382C2A9DDC79003D6B51 /* Template */,
				077C38892A9DDD43003D6B51 /* Pages */,
			);
			path = Guidelines;
			sourceTree = "<group>";
		};
		077C382C2A9DDC79003D6B51 /* Template */ = {
			isa = PBXGroup;
			children = (
				077C382D2A9DDC79003D6B51 /* Guideline.swift */,
				077C382E2A9DDC79003D6B51 /* GuidelinePage.swift */,
			);
			path = Template;
			sourceTree = "<group>";
		};
		077C38302A9DDC79003D6B51 /* Colors */ = {
			isa = PBXGroup;
			children = (
				077C38312A9DDC79003D6B51 /* ColorsPage.swift */,
				077C38322A9DDC79003D6B51 /* Utils */,
				077C38352A9DDC79003D6B51 /* Views */,
				077C38392A9DDC79003D6B51 /* ColorsGuideline.swift */,
			);
			path = Colors;
			sourceTree = "<group>";
		};
		077C38322A9DDC79003D6B51 /* Utils */ = {
			isa = PBXGroup;
			children = (
				077C38332A9DDC79003D6B51 /* RGBA.swift */,
				077C38342A9DDC79003D6B51 /* ODSColors+extension.swift */,
			);
			path = Utils;
			sourceTree = "<group>";
		};
		077C38352A9DDC79003D6B51 /* Views */ = {
			isa = PBXGroup;
			children = (
				077C38362A9DDC79003D6B51 /* ColorDetail.swift */,
				077C38372A9DDC79003D6B51 /* ColorIllustration.swift */,
				077C38382A9DDC79003D6B51 /* ColorUsage.swift */,
			);
			path = Views;
			sourceTree = "<group>";
		};
		077C383A2A9DDC79003D6B51 /* Typography */ = {
			isa = PBXGroup;
			children = (
				077C383B2A9DDC79003D6B51 /* TypographyGuideline.swift */,
				077C383C2A9DDC79003D6B51 /* TypographyPage.swift */,
			);
			path = Typography;
			sourceTree = "<group>";
		};
		077C383D2A9DDC79003D6B51 /* Spacings */ = {
			isa = PBXGroup;
			children = (
				077C383E2A9DDC79003D6B51 /* SpacingsGuideline.swift */,
				077C383F2A9DDC79003D6B51 /* SpacingsPage.swift */,
			);
			path = Spacings;
			sourceTree = "<group>";
		};
		077C38402A9DDC79003D6B51 /* Modules */ = {
			isa = PBXGroup;
			children = (
				0753267E2AD00137003D8832 /* CardListAndCollection */,
				077C38412A9DDC79003D6B51 /* About */,
				077C38462A9DDC79003D6B51 /* ModulesList.swift */,
			);
			path = Modules;
			sourceTree = "<group>";
		};
		077C38412A9DDC79003D6B51 /* About */ = {
			isa = PBXGroup;
			children = (
				077C38422A9DDC79003D6B51 /* AboutMyRecipeItemConfiguration.swift */,
				077C38432A9DDC79003D6B51 /* AboutModule.swift */,
				077C38442A9DDC79003D6B51 /* AboutMyReviewsItemConfiguration.swift */,
				077C38452A9DDC79003D6B51 /* AboutModuleModel.swift */,
			);
			path = About;
			sourceTree = "<group>";
		};
		077C38892A9DDD43003D6B51 /* Pages */ = {
			isa = PBXGroup;
			children = (
				077C38302A9DDC79003D6B51 /* Colors */,
				077C383A2A9DDC79003D6B51 /* Typography */,
				077C383D2A9DDC79003D6B51 /* Spacings */,
			);
			path = Pages;
			sourceTree = "<group>";
		};
		077C388C2A9DEEDB003D6B51 /* Utils */ = {
			isa = PBXGroup;
			children = (
				077C38A02A9E24DB003D6B51 /* UI */,
				077C38902A9DEEDB003D6B51 /* Domain */,
			);
			name = Utils;
			path = OrangeDesignSystemDemo/Utils;
			sourceTree = "<group>";
		};
		077C38902A9DEEDB003D6B51 /* Domain */ = {
			isa = PBXGroup;
			children = (
				077C38A12A9E2512003D6B51 /* Recipes */,
				077C388D2A9DEEDB003D6B51 /* Bundle+Extension.swift */,
			);
			path = Domain;
			sourceTree = "<group>";
		};
		077C38942A9DEEDC003D6B51 /* Themes */ = {
			isa = PBXGroup;
			children = (
				077C38952A9DEEDC003D6B51 /* ThemeSelectionView.swift */,
				077C38962A9DEEDC003D6B51 /* ThemeablePreviews.swift */,
			);
			path = Themes;
			sourceTree = "<group>";
		};
		077C38A02A9E24DB003D6B51 /* UI */ = {
			isa = PBXGroup;
			children = (
				077C38942A9DEEDC003D6B51 /* Themes */,
				077C388F2A9DEEDB003D6B51 /* BackgroundBlurView.swift */,
				077C388E2A9DEEDB003D6B51 /* ToastView.swift */,
			);
			path = UI;
			sourceTree = "<group>";
		};
		077C38A12A9E2512003D6B51 /* Recipes */ = {
			isa = PBXGroup;
			children = (
				077C38912A9DEEDB003D6B51 /* RecipeBookModel.swift */,
				077C38922A9DEEDC003D6B51 /* RecipesBook.swift */,
				077C38932A9DEEDC003D6B51 /* RecipesLoader.swift */,
			);
			path = Recipes;
			sourceTree = "<group>";
		};
		174EE48FFD62B367205CFF78 /* Frameworks */ = {
			isa = PBXGroup;
			children = (
				07AA3D4D28AE8B160001B75E /* Pods_OrangeDesignSystemDemo.framework */,
				759CBF84E701D1BE3D68D365 /* Pods_OrangeDesignSystemDemo.framework */,
				E816C9278060A8072007BFD0 /* Pods_OrangeDesignSystemDemoTests.framework */,
			);
			name = Frameworks;
			sourceTree = "<group>";
		};
		5DEE13EE0B42A31B2EDDB804 /* Pods */ = {
			isa = PBXGroup;
			children = (
				2ACFE972C59B1460F410852D /* Pods-OrangeDesignSystemDemo.debug.xcconfig */,
				021ED547747F959E94B4EA22 /* Pods-OrangeDesignSystemDemo.release.xcconfig */,
				B655A0B148F11BB69BCFF556 /* Pods-OrangeDesignSystemDemoTests.debug.xcconfig */,
				FB859C964985A86562A19502 /* Pods-OrangeDesignSystemDemoTests.release.xcconfig */,
			);
			path = Pods;
			sourceTree = "<group>";
		};
		EB0AA527275652AE0012E192 = {
			isa = PBXGroup;
			children = (
				07210C342A8FA6BC00507988 /* 🛠 */,
				F99FF06D2767ADF0006236A0 /* OrangeDesignSystemDemo */,
				F99FF08D2767B242006236A0 /* OrangeDesignSystemDemoUITests */,
				F99FF0892767B20C006236A0 /* OrangeDesignSystemDemoTests */,
				EB0AA531275652AE0012E192 /* Products */,
				5DEE13EE0B42A31B2EDDB804 /* Pods */,
				174EE48FFD62B367205CFF78 /* Frameworks */,
			);
			sourceTree = "<group>";
		};
		EB0AA531275652AE0012E192 /* Products */ = {
			isa = PBXGroup;
			children = (
				EB0AA530275652AE0012E192 /* OrangeDesignSystemDemo.app */,
				EB0AA540275652AF0012E192 /* OrangeDesignSystemDemoTests.xctest */,
				EB0AA54A275652AF0012E192 /* OrangeDesignSystemDemoUITests.xctest */,
			);
			name = Products;
			sourceTree = "<group>";
		};
		F913B86227679A13001CB0AA /* Scripts */ = {
			isa = PBXGroup;
			children = (
				FD347D2C28D4C00B00F451B8 /* Podfile */,
				F913B85F2767969E001CB0AA /* Package.swift */,
			);
			name = Scripts;
			sourceTree = "<group>";
		};
		F99FF06D2767ADF0006236A0 /* OrangeDesignSystemDemo */ = {
			isa = PBXGroup;
			children = (
				077C37E92A9DDC78003D6B51 /* Screens */,
				077C388C2A9DEEDB003D6B51 /* Utils */,
				077C37C92A9DD5FF003D6B51 /* Resources */,
				F99FF06E2767AE2A006236A0 /* OrangeDesignSystemApp.swift */,
				077C37E52A9DDC1A003D6B51 /* MainTabView.swift */,
				07B030592AB0B454001764E7 /* README.md */,
			);
			name = OrangeDesignSystemDemo;
			sourceTree = "<group>";
		};
		F99FF0892767B20C006236A0 /* OrangeDesignSystemDemoTests */ = {
			isa = PBXGroup;
			children = (
				F99FF08A2767B226006236A0 /* OrangeDesignSystemDemoTests.swift */,
			);
			name = OrangeDesignSystemDemoTests;
			sourceTree = "<group>";
		};
		F99FF08D2767B242006236A0 /* OrangeDesignSystemDemoUITests */ = {
			isa = PBXGroup;
			children = (
				F99FF08F2767B265006236A0 /* OrangeDesignSystemDemoUITests.swift */,
				F99FF08E2767B265006236A0 /* OrangeDesignSystemDemoUITestsLaunchTests.swift */,
			);
			name = OrangeDesignSystemDemoUITests;
			sourceTree = "<group>";
		};
/* End PBXGroup section */

/* Begin PBXNativeTarget section */
		EB0AA52F275652AE0012E192 /* OrangeDesignSystemDemo */ = {
			isa = PBXNativeTarget;
			buildConfigurationList = EB0AA554275652AF0012E192 /* Build configuration list for PBXNativeTarget "OrangeDesignSystemDemo" */;
			buildPhases = (
				BBC04BF489B25C64717CAA71 /* [CP] Check Pods Manifest.lock */,
				F913B86C2767A0D5001CB0AA /* SwiftFormat */,
				F913B86D2767A147001CB0AA /* SwiftLint */,
				EB0AA52C275652AE0012E192 /* Sources */,
				EB0AA52D275652AE0012E192 /* Frameworks */,
				EB0AA52E275652AE0012E192 /* Resources */,
				59A545B45A1BFD1A7DC83D74 /* [CP] Embed Pods Frameworks */,
			);
			buildRules = (
			);
			dependencies = (
			);
			name = OrangeDesignSystemDemo;
			packageProductDependencies = (
				076C0E0C2AC1BCF800AAE074 /* InnovationCupTheme */,
				076C0E0E2AC1BCF800AAE074 /* OrangeDesignSystem */,
				076C0E102AC1BCF800AAE074 /* OrangeTheme */,
			);
			productName = "ods-ios-swiftUI-demo";
			productReference = EB0AA530275652AE0012E192 /* OrangeDesignSystemDemo.app */;
			productType = "com.apple.product-type.application";
		};
		EB0AA53F275652AF0012E192 /* OrangeDesignSystemDemoTests */ = {
			isa = PBXNativeTarget;
			buildConfigurationList = EB0AA557275652AF0012E192 /* Build configuration list for PBXNativeTarget "OrangeDesignSystemDemoTests" */;
			buildPhases = (
				4E283B1959B8610238574D10 /* [CP] Check Pods Manifest.lock */,
				EB0AA53C275652AF0012E192 /* Sources */,
				EB0AA53D275652AF0012E192 /* Frameworks */,
				EB0AA53E275652AF0012E192 /* Resources */,
			);
			buildRules = (
			);
			dependencies = (
				EB0AA542275652AF0012E192 /* PBXTargetDependency */,
			);
			name = OrangeDesignSystemDemoTests;
			productName = "ods-ios-swiftUI-demoTests";
			productReference = EB0AA540275652AF0012E192 /* OrangeDesignSystemDemoTests.xctest */;
			productType = "com.apple.product-type.bundle.unit-test";
		};
		EB0AA549275652AF0012E192 /* OrangeDesignSystemDemoUITests */ = {
			isa = PBXNativeTarget;
			buildConfigurationList = EB0AA55A275652AF0012E192 /* Build configuration list for PBXNativeTarget "OrangeDesignSystemDemoUITests" */;
			buildPhases = (
				EB0AA546275652AF0012E192 /* Sources */,
				EB0AA547275652AF0012E192 /* Frameworks */,
				EB0AA548275652AF0012E192 /* Resources */,
			);
			buildRules = (
			);
			dependencies = (
				EB0AA54C275652AF0012E192 /* PBXTargetDependency */,
			);
			name = OrangeDesignSystemDemoUITests;
			productName = "ods-ios-swiftUI-demoUITests";
			productReference = EB0AA54A275652AF0012E192 /* OrangeDesignSystemDemoUITests.xctest */;
			productType = "com.apple.product-type.bundle.ui-testing";
		};
/* End PBXNativeTarget section */

/* Begin PBXProject section */
		EB0AA528275652AE0012E192 /* Project object */ = {
			isa = PBXProject;
			attributes = {
				BuildIndependentTargetsInParallel = 1;
				LastSwiftUpdateCheck = 1310;
				LastUpgradeCheck = 1310;
				TargetAttributes = {
					EB0AA52F275652AE0012E192 = {
						CreatedOnToolsVersion = 13.1;
						LastSwiftMigration = 1310;
					};
					EB0AA53F275652AF0012E192 = {
						CreatedOnToolsVersion = 13.1;
						TestTargetID = EB0AA52F275652AE0012E192;
					};
					EB0AA549275652AF0012E192 = {
						CreatedOnToolsVersion = 13.1;
						TestTargetID = EB0AA52F275652AE0012E192;
					};
				};
			};
			buildConfigurationList = EB0AA52B275652AE0012E192 /* Build configuration list for PBXProject "OrangeDesignSystemDemo" */;
			compatibilityVersion = "Xcode 13.0";
			developmentRegion = en;
			hasScannedForEncodings = 0;
			knownRegions = (
				en,
				Base,
			);
			mainGroup = EB0AA527275652AE0012E192;
			packageReferences = (
			);
			productRefGroup = EB0AA531275652AE0012E192 /* Products */;
			projectDirPath = "";
			projectRoot = "";
			targets = (
				EB0AA52F275652AE0012E192 /* OrangeDesignSystemDemo */,
				EB0AA53F275652AF0012E192 /* OrangeDesignSystemDemoTests */,
				EB0AA549275652AF0012E192 /* OrangeDesignSystemDemoUITests */,
			);
		};
/* End PBXProject section */

/* Begin PBXResourcesBuildPhase section */
		EB0AA52E275652AE0012E192 /* Resources */ = {
			isa = PBXResourcesBuildPhase;
			buildActionMask = 2147483647;
			files = (
				077C388B2A9DEE16003D6B51 /* AppNews.json in Resources */,
				077C37E32A9DDACC003D6B51 /* PrivacyNotice.html in Resources */,
				077C37D32A9DD643003D6B51 /* Recipes.json in Resources */,
				077C38A22AA0DD68003D6B51 /* CHANGELOG.md in Resources */,
				077C37D72A9DD6A4003D6B51 /* Preview Assets.xcassets in Resources */,
				077C37E42A9DDACC003D6B51 /* CGU.html in Resources */,
				076B79072AC1B4A800CCF0E4 /* AccessibilityStatement.xml in Resources */,
				077C38A52AA215BC003D6B51 /* Assets.xcassets in Resources */,
				077C37CF2A9DD643003D6B51 /* Colors.xcassets in Resources */,
			);
			runOnlyForDeploymentPostprocessing = 0;
		};
		EB0AA53E275652AF0012E192 /* Resources */ = {
			isa = PBXResourcesBuildPhase;
			buildActionMask = 2147483647;
			files = (
			);
			runOnlyForDeploymentPostprocessing = 0;
		};
		EB0AA548275652AF0012E192 /* Resources */ = {
			isa = PBXResourcesBuildPhase;
			buildActionMask = 2147483647;
			files = (
			);
			runOnlyForDeploymentPostprocessing = 0;
		};
/* End PBXResourcesBuildPhase section */

/* Begin PBXShellScriptBuildPhase section */
		4E283B1959B8610238574D10 /* [CP] Check Pods Manifest.lock */ = {
			isa = PBXShellScriptBuildPhase;
			buildActionMask = 2147483647;
			files = (
			);
			inputFileListPaths = (
			);
			inputPaths = (
				"${PODS_PODFILE_DIR_PATH}/Podfile.lock",
				"${PODS_ROOT}/Manifest.lock",
			);
			name = "[CP] Check Pods Manifest.lock";
			outputFileListPaths = (
			);
			outputPaths = (
				"$(DERIVED_FILE_DIR)/Pods-OrangeDesignSystemDemoTests-checkManifestLockResult.txt",
			);
			runOnlyForDeploymentPostprocessing = 0;
			shellPath = /bin/sh;
			shellScript = "diff \"${PODS_PODFILE_DIR_PATH}/Podfile.lock\" \"${PODS_ROOT}/Manifest.lock\" > /dev/null\nif [ $? != 0 ] ; then\n    # print error to STDERR\n    echo \"error: The sandbox is not in sync with the Podfile.lock. Run 'pod install' or update your CocoaPods installation.\" >&2\n    exit 1\nfi\n# This output is used by Xcode 'outputs' to avoid re-running this script phase.\necho \"SUCCESS\" > \"${SCRIPT_OUTPUT_FILE_0}\"\n";
			showEnvVarsInLog = 0;
		};
		59A545B45A1BFD1A7DC83D74 /* [CP] Embed Pods Frameworks */ = {
			isa = PBXShellScriptBuildPhase;
			buildActionMask = 2147483647;
			files = (
			);
			inputFileListPaths = (
				"${PODS_ROOT}/Target Support Files/Pods-OrangeDesignSystemDemo/Pods-OrangeDesignSystemDemo-frameworks-${CONFIGURATION}-input-files.xcfilelist",
			);
			name = "[CP] Embed Pods Frameworks";
			outputFileListPaths = (
				"${PODS_ROOT}/Target Support Files/Pods-OrangeDesignSystemDemo/Pods-OrangeDesignSystemDemo-frameworks-${CONFIGURATION}-output-files.xcfilelist",
			);
			runOnlyForDeploymentPostprocessing = 0;
			shellPath = /bin/sh;
			shellScript = "\"${PODS_ROOT}/Target Support Files/Pods-OrangeDesignSystemDemo/Pods-OrangeDesignSystemDemo-frameworks.sh\"\n";
			showEnvVarsInLog = 0;
		};
		BBC04BF489B25C64717CAA71 /* [CP] Check Pods Manifest.lock */ = {
			isa = PBXShellScriptBuildPhase;
			buildActionMask = 2147483647;
			files = (
			);
			inputFileListPaths = (
			);
			inputPaths = (
				"${PODS_PODFILE_DIR_PATH}/Podfile.lock",
				"${PODS_ROOT}/Manifest.lock",
			);
			name = "[CP] Check Pods Manifest.lock";
			outputFileListPaths = (
			);
			outputPaths = (
				"$(DERIVED_FILE_DIR)/Pods-OrangeDesignSystemDemo-checkManifestLockResult.txt",
			);
			runOnlyForDeploymentPostprocessing = 0;
			shellPath = /bin/sh;
			shellScript = "diff \"${PODS_PODFILE_DIR_PATH}/Podfile.lock\" \"${PODS_ROOT}/Manifest.lock\" > /dev/null\nif [ $? != 0 ] ; then\n    # print error to STDERR\n    echo \"error: The sandbox is not in sync with the Podfile.lock. Run 'pod install' or update your CocoaPods installation.\" >&2\n    exit 1\nfi\n# This output is used by Xcode 'outputs' to avoid re-running this script phase.\necho \"SUCCESS\" > \"${SCRIPT_OUTPUT_FILE_0}\"\n";
			showEnvVarsInLog = 0;
		};
		F913B86C2767A0D5001CB0AA /* SwiftFormat */ = {
			isa = PBXShellScriptBuildPhase;
			alwaysOutOfDate = 1;
			buildActionMask = 2147483647;
			files = (
			);
			inputFileListPaths = (
			);
			inputPaths = (
			);
			name = SwiftFormat;
			outputFileListPaths = (
			);
			outputPaths = (
			);
			runOnlyForDeploymentPostprocessing = 0;
			shellPath = /bin/sh;
			shellScript = "#\"${PODS_ROOT}/SwiftFormat/CommandLineTool/swiftformat\" \"$SRCROOT\"\n#\"${PODS_ROOT}/SwiftFormat/CommandLineTool/swiftformat\" \"$SRCROOT/../OrangeDesignSystem\"\n";
			showEnvVarsInLog = 0;
		};
		F913B86D2767A147001CB0AA /* SwiftLint */ = {
			isa = PBXShellScriptBuildPhase;
			alwaysOutOfDate = 1;
			buildActionMask = 2147483647;
			files = (
			);
			inputFileListPaths = (
			);
			inputPaths = (
			);
			name = SwiftLint;
			outputFileListPaths = (
			);
			outputPaths = (
			);
			runOnlyForDeploymentPostprocessing = 0;
			shellPath = /bin/sh;
			shellScript = "if which \"${PODS_ROOT}/SwiftLint/swiftlint\" >/dev/null; then\n    ${PODS_ROOT}/SwiftLint/swiftlint ../OrangeDesignSystem\nelse\n    echo \"warning: SwiftLint not installed, download from https://github.com/realm/SwiftLint\"\nfi\n";
		};
/* End PBXShellScriptBuildPhase section */

/* Begin PBXSourcesBuildPhase section */
		EB0AA52C275652AE0012E192 /* Sources */ = {
			isa = PBXSourcesBuildPhase;
			buildActionMask = 2147483647;
			files = (
				077C384F2A9DDC79003D6B51 /* IconVariant.swift in Sources */,
				077C38522A9DDC79003D6B51 /* SecureVariant.swift in Sources */,
				077C38642A9DDC79003D6B51 /* CardSmallVariant.swift in Sources */,
				077C38662A9DDC79003D6B51 /* ToolBarVariantOptions.swift in Sources */,
				077C38652A9DDC79003D6B51 /* CardComponent.swift in Sources */,
				077C385B2A9DDC79003D6B51 /* ProgressBarVariant.swift in Sources */,
				077C38862A9DDC79003D6B51 /* AboutModuleModel.swift in Sources */,
				077C387C2A9DDC79003D6B51 /* ColorIllustration.swift in Sources */,
				077C38782A9DDC79003D6B51 /* ColorsPage.swift in Sources */,
				077C385E2A9DDC79003D6B51 /* ChipsComponent.swift in Sources */,
				077C38482A9DDC79003D6B51 /* AboutSceen.swift in Sources */,
				077C38672A9DDC79003D6B51 /* ToolBarComponent.swift in Sources */,
				077C38812A9DDC79003D6B51 /* SpacingsGuideline.swift in Sources */,
				077C38852A9DDC79003D6B51 /* AboutMyReviewsItemConfiguration.swift in Sources */,
				077C387A2A9DDC79003D6B51 /* ODSColors+extension.swift in Sources */,
				077C38732A9DDC79003D6B51 /* SlidersVariant.swift in Sources */,
				077C38702A9DDC79003D6B51 /* BottomSheetExpandingVariantOptions.swift in Sources */,
				077C384C2A9DDC79003D6B51 /* Component.swift in Sources */,
				077C38722A9DDC79003D6B51 /* BottomSheetComponent.swift in Sources */,
				077C38762A9DDC79003D6B51 /* GuidelinePage.swift in Sources */,
				077C38752A9DDC79003D6B51 /* Guideline.swift in Sources */,
				077C386A2A9DDC79003D6B51 /* NavigatinBarModifiers.swift in Sources */,
				077C387B2A9DDC79003D6B51 /* ColorDetail.swift in Sources */,
				077C386B2A9DDC79003D6B51 /* NavigationBarVariant.swift in Sources */,
				077C38542A9DDC79003D6B51 /* ListComponent.swift in Sources */,
				077C385A2A9DDC79003D6B51 /* StandardListOptions.swift in Sources */,
				077C38492A9DDC79003D6B51 /* AboutHtmlAndMarkdownView.swift in Sources */,
				077C389D2A9DEEDC003D6B51 /* ThemeSelectionView.swift in Sources */,
				077C386E2A9DDC79003D6B51 /* BannerComponent.swift in Sources */,
				077C38982A9DEEDC003D6B51 /* ToastView.swift in Sources */,
				077C38992A9DEEDC003D6B51 /* BackgroundBlurView.swift in Sources */,
				077C38582A9DDC79003D6B51 /* StandardList.swift in Sources */,
				077C387D2A9DDC79003D6B51 /* ColorUsage.swift in Sources */,
				077C38822A9DDC79003D6B51 /* SpacingsPage.swift in Sources */,
				077C384A2A9DDC79003D6B51 /* CustomizableVariant.swift in Sources */,
				077C389B2A9DEEDC003D6B51 /* RecipesBook.swift in Sources */,
				077C38572A9DDC79003D6B51 /* SelectionList.swift in Sources */,
				077C38802A9DDC79003D6B51 /* TypographyPage.swift in Sources */,
				077C38832A9DDC79003D6B51 /* AboutMyRecipeItemConfiguration.swift in Sources */,
				077C38972A9DEEDC003D6B51 /* Bundle+Extension.swift in Sources */,
				077C38532A9DDC79003D6B51 /* TextFieldComponent.swift in Sources */,
				077C38872A9DDC79003D6B51 /* ModulesList.swift in Sources */,
				077C38712A9DDC79003D6B51 /* BottomSheetStandardVariant.swift in Sources */,
				077C384B2A9DDC79003D6B51 /* ComponentPage.swift in Sources */,
				077C385F2A9DDC79003D6B51 /* ChipsComponentModel.swift in Sources */,
				077C38592A9DDC79003D6B51 /* StandardListModel.swift in Sources */,
				077C38772A9DDC79003D6B51 /* GuidelinesList.swift in Sources */,
				077C38842A9DDC79003D6B51 /* AboutModule.swift in Sources */,
				077C38552A9DDC79003D6B51 /* SelectionListModel.swift in Sources */,
				077C389E2A9DEEDC003D6B51 /* ThemeablePreviews.swift in Sources */,
				077C386D2A9DDC79003D6B51 /* BannerVariantOptions.swift in Sources */,
				077C38682A9DDC79003D6B51 /* TabBarVariant.swift in Sources */,
				077C384E2A9DDC79003D6B51 /* ButtonsComponent.swift in Sources */,
				075326802AD02E1D003D8832 /* ListOfVerticalImageFirstCard.swift in Sources */,
				077C38792A9DDC79003D6B51 /* RGBA.swift in Sources */,
				077C386C2A9DDC79003D6B51 /* NavigationBarComponent.swift in Sources */,
				077C38602A9DDC79003D6B51 /* CardVerticalHeaderFirstVariant.swift in Sources */,
				077C38622A9DDC79003D6B51 /* CardVerticalImageFirstVariant.swift in Sources */,
				077C38692A9DDC79003D6B51 /* TabBarComponent.swift in Sources */,
				077C387E2A9DDC79003D6B51 /* ColorsGuideline.swift in Sources */,
				077C386F2A9DDC79003D6B51 /* BottomSheetExpandingVariant.swift in Sources */,
				077C385C2A9DDC79003D6B51 /* ProgressIndicatorComponent.swift in Sources */,
				077C37E62A9DDC1A003D6B51 /* MainTabView.swift in Sources */,
				077C385D2A9DDC79003D6B51 /* ActivityIndicatorVariant.swift in Sources */,
				077C38612A9DDC79003D6B51 /* CardExampleData.swift in Sources */,
				077C384D2A9DDC79003D6B51 /* ComponentList.swift in Sources */,
				077C38512A9DDC79003D6B51 /* CapitalizedTextInputsVariant.swift in Sources */,
				077C38632A9DDC79003D6B51 /* CardHorizontalVariant.swift in Sources */,
				077C38882A9DDC79003D6B51 /* CardViewDemo.swift in Sources */,
				077C38562A9DDC79003D6B51 /* SelectionListOptions.swift in Sources */,
				077C387F2A9DDC79003D6B51 /* TypographyGuideline.swift in Sources */,
				077C389C2A9DEEDC003D6B51 /* RecipesLoader.swift in Sources */,
				075326822AD03615003D8832 /* GrifOfSmallCards.swift in Sources */,
				077C38742A9DDC79003D6B51 /* SliderComponent.swift in Sources */,
				077C389A2A9DEEDC003D6B51 /* RecipeBookModel.swift in Sources */,
				F99FF0732767AE2A006236A0 /* OrangeDesignSystemApp.swift in Sources */,
				077C38502A9DDC79003D6B51 /* EmphasisAndFunctionnalVariant.swift in Sources */,
			);
			runOnlyForDeploymentPostprocessing = 0;
		};
		EB0AA53C275652AF0012E192 /* Sources */ = {
			isa = PBXSourcesBuildPhase;
			buildActionMask = 2147483647;
			files = (
				F99FF08C2767B23E006236A0 /* OrangeDesignSystemDemoTests.swift in Sources */,
			);
			runOnlyForDeploymentPostprocessing = 0;
		};
		EB0AA546275652AF0012E192 /* Sources */ = {
			isa = PBXSourcesBuildPhase;
			buildActionMask = 2147483647;
			files = (
				F99FF0932767B38D006236A0 /* OrangeDesignSystemDemoUITestsLaunchTests.swift in Sources */,
				F99FF0922767B38B006236A0 /* OrangeDesignSystemDemoUITests.swift in Sources */,
			);
			runOnlyForDeploymentPostprocessing = 0;
		};
/* End PBXSourcesBuildPhase section */

/* Begin PBXTargetDependency section */
		EB0AA542275652AF0012E192 /* PBXTargetDependency */ = {
			isa = PBXTargetDependency;
			target = EB0AA52F275652AE0012E192 /* OrangeDesignSystemDemo */;
			targetProxy = EB0AA541275652AF0012E192 /* PBXContainerItemProxy */;
		};
		EB0AA54C275652AF0012E192 /* PBXTargetDependency */ = {
			isa = PBXTargetDependency;
			target = EB0AA52F275652AE0012E192 /* OrangeDesignSystemDemo */;
			targetProxy = EB0AA54B275652AF0012E192 /* PBXContainerItemProxy */;
		};
/* End PBXTargetDependency section */

/* Begin XCBuildConfiguration section */
		EB0AA552275652AF0012E192 /* Debug */ = {
			isa = XCBuildConfiguration;
			buildSettings = {
				ALWAYS_SEARCH_USER_PATHS = NO;
				CLANG_ANALYZER_NONNULL = YES;
				CLANG_ANALYZER_NUMBER_OBJECT_CONVERSION = YES_AGGRESSIVE;
				CLANG_CXX_LANGUAGE_STANDARD = "gnu++17";
				CLANG_CXX_LIBRARY = "libc++";
				CLANG_ENABLE_MODULES = YES;
				CLANG_ENABLE_OBJC_ARC = YES;
				CLANG_ENABLE_OBJC_WEAK = YES;
				CLANG_WARN_BLOCK_CAPTURE_AUTORELEASING = YES;
				CLANG_WARN_BOOL_CONVERSION = YES;
				CLANG_WARN_COMMA = YES;
				CLANG_WARN_CONSTANT_CONVERSION = YES;
				CLANG_WARN_DEPRECATED_OBJC_IMPLEMENTATIONS = YES;
				CLANG_WARN_DIRECT_OBJC_ISA_USAGE = YES_ERROR;
				CLANG_WARN_DOCUMENTATION_COMMENTS = YES;
				CLANG_WARN_EMPTY_BODY = YES;
				CLANG_WARN_ENUM_CONVERSION = YES;
				CLANG_WARN_INFINITE_RECURSION = YES;
				CLANG_WARN_INT_CONVERSION = YES;
				CLANG_WARN_NON_LITERAL_NULL_CONVERSION = YES;
				CLANG_WARN_OBJC_IMPLICIT_RETAIN_SELF = YES;
				CLANG_WARN_OBJC_LITERAL_CONVERSION = YES;
				CLANG_WARN_OBJC_ROOT_CLASS = YES_ERROR;
				CLANG_WARN_QUOTED_INCLUDE_IN_FRAMEWORK_HEADER = YES;
				CLANG_WARN_RANGE_LOOP_ANALYSIS = YES;
				CLANG_WARN_STRICT_PROTOTYPES = YES;
				CLANG_WARN_SUSPICIOUS_MOVE = YES;
				CLANG_WARN_UNGUARDED_AVAILABILITY = YES_AGGRESSIVE;
				CLANG_WARN_UNREACHABLE_CODE = YES;
				CLANG_WARN__DUPLICATE_METHOD_MATCH = YES;
				COPY_PHASE_STRIP = NO;
				DEBUG_INFORMATION_FORMAT = dwarf;
				ENABLE_STRICT_OBJC_MSGSEND = YES;
				ENABLE_TESTABILITY = YES;
				GCC_C_LANGUAGE_STANDARD = gnu11;
				GCC_DYNAMIC_NO_PIC = NO;
				GCC_NO_COMMON_BLOCKS = YES;
				GCC_OPTIMIZATION_LEVEL = 0;
				GCC_PREPROCESSOR_DEFINITIONS = (
					"DEBUG=1",
					"$(inherited)",
				);
				GCC_WARN_64_TO_32_BIT_CONVERSION = YES;
				GCC_WARN_ABOUT_RETURN_TYPE = YES_ERROR;
				GCC_WARN_UNDECLARED_SELECTOR = YES;
				GCC_WARN_UNINITIALIZED_AUTOS = YES_AGGRESSIVE;
				GCC_WARN_UNUSED_FUNCTION = YES;
				GCC_WARN_UNUSED_VARIABLE = YES;
				IPHONEOS_DEPLOYMENT_TARGET = 15.0;
				MTL_ENABLE_DEBUG_INFO = INCLUDE_SOURCE;
				MTL_FAST_MATH = YES;
				ONLY_ACTIVE_ARCH = YES;
				SDKROOT = iphoneos;
				SWIFT_ACTIVE_COMPILATION_CONDITIONS = DEBUG;
				SWIFT_OPTIMIZATION_LEVEL = "-Onone";
				SWIFT_VERSION = 5.0;
			};
			name = Debug;
		};
		EB0AA553275652AF0012E192 /* Release */ = {
			isa = XCBuildConfiguration;
			buildSettings = {
				ALWAYS_SEARCH_USER_PATHS = NO;
				CLANG_ANALYZER_NONNULL = YES;
				CLANG_ANALYZER_NUMBER_OBJECT_CONVERSION = YES_AGGRESSIVE;
				CLANG_CXX_LANGUAGE_STANDARD = "gnu++17";
				CLANG_CXX_LIBRARY = "libc++";
				CLANG_ENABLE_MODULES = YES;
				CLANG_ENABLE_OBJC_ARC = YES;
				CLANG_ENABLE_OBJC_WEAK = YES;
				CLANG_WARN_BLOCK_CAPTURE_AUTORELEASING = YES;
				CLANG_WARN_BOOL_CONVERSION = YES;
				CLANG_WARN_COMMA = YES;
				CLANG_WARN_CONSTANT_CONVERSION = YES;
				CLANG_WARN_DEPRECATED_OBJC_IMPLEMENTATIONS = YES;
				CLANG_WARN_DIRECT_OBJC_ISA_USAGE = YES_ERROR;
				CLANG_WARN_DOCUMENTATION_COMMENTS = YES;
				CLANG_WARN_EMPTY_BODY = YES;
				CLANG_WARN_ENUM_CONVERSION = YES;
				CLANG_WARN_INFINITE_RECURSION = YES;
				CLANG_WARN_INT_CONVERSION = YES;
				CLANG_WARN_NON_LITERAL_NULL_CONVERSION = YES;
				CLANG_WARN_OBJC_IMPLICIT_RETAIN_SELF = YES;
				CLANG_WARN_OBJC_LITERAL_CONVERSION = YES;
				CLANG_WARN_OBJC_ROOT_CLASS = YES_ERROR;
				CLANG_WARN_QUOTED_INCLUDE_IN_FRAMEWORK_HEADER = YES;
				CLANG_WARN_RANGE_LOOP_ANALYSIS = YES;
				CLANG_WARN_STRICT_PROTOTYPES = YES;
				CLANG_WARN_SUSPICIOUS_MOVE = YES;
				CLANG_WARN_UNGUARDED_AVAILABILITY = YES_AGGRESSIVE;
				CLANG_WARN_UNREACHABLE_CODE = YES;
				CLANG_WARN__DUPLICATE_METHOD_MATCH = YES;
				COPY_PHASE_STRIP = NO;
				DEBUG_INFORMATION_FORMAT = "dwarf-with-dsym";
				ENABLE_NS_ASSERTIONS = NO;
				ENABLE_STRICT_OBJC_MSGSEND = YES;
				GCC_C_LANGUAGE_STANDARD = gnu11;
				GCC_NO_COMMON_BLOCKS = YES;
				GCC_WARN_64_TO_32_BIT_CONVERSION = YES;
				GCC_WARN_ABOUT_RETURN_TYPE = YES_ERROR;
				GCC_WARN_UNDECLARED_SELECTOR = YES;
				GCC_WARN_UNINITIALIZED_AUTOS = YES_AGGRESSIVE;
				GCC_WARN_UNUSED_FUNCTION = YES;
				GCC_WARN_UNUSED_VARIABLE = YES;
				IPHONEOS_DEPLOYMENT_TARGET = 15.0;
				MTL_ENABLE_DEBUG_INFO = NO;
				MTL_FAST_MATH = YES;
				SDKROOT = iphoneos;
				SWIFT_COMPILATION_MODE = wholemodule;
				SWIFT_OPTIMIZATION_LEVEL = "-O";
				SWIFT_VERSION = 5.0;
				VALIDATE_PRODUCT = YES;
			};
			name = Release;
		};
		EB0AA555275652AF0012E192 /* Debug */ = {
			isa = XCBuildConfiguration;
			baseConfigurationReference = 2ACFE972C59B1460F410852D /* Pods-OrangeDesignSystemDemo.debug.xcconfig */;
			buildSettings = {
				ASSETCATALOG_COMPILER_APPICON_NAME = AppIconDev;
				ASSETCATALOG_COMPILER_GLOBAL_ACCENT_COLOR_NAME = AccentColor;
				CLANG_ENABLE_MODULES = YES;
				CODE_SIGN_STYLE = Automatic;
				CURRENT_PROJECT_VERSION = 1652713510;
				DEVELOPMENT_ASSET_PATHS = "\"OrangeDesignSystemDemo/Resources/Preview Content\"";
				DEVELOPMENT_TEAM = MG2LSJNJB6;
				ENABLE_PREVIEWS = YES;
				GENERATE_INFOPLIST_FILE = YES;
				INFOPLIST_FILE = OrangeDesignSystemDemo/Resources/Info.plist;
				INFOPLIST_KEY_CFBundleDisplayName = "Orange Design System";
				INFOPLIST_KEY_UIApplicationSceneManifest_Generation = YES;
				INFOPLIST_KEY_UIApplicationSupportsIndirectInputEvents = YES;
				INFOPLIST_KEY_UILaunchScreen_Generation = YES;
				INFOPLIST_KEY_UISupportedInterfaceOrientations_iPad = "UIInterfaceOrientationPortrait UIInterfaceOrientationPortraitUpsideDown UIInterfaceOrientationLandscapeLeft UIInterfaceOrientationLandscapeRight";
				INFOPLIST_KEY_UISupportedInterfaceOrientations_iPhone = "UIInterfaceOrientationPortrait UIInterfaceOrientationLandscapeLeft UIInterfaceOrientationLandscapeRight";
				IPHONEOS_DEPLOYMENT_TARGET = 15.0;
				LD_RUNPATH_SEARCH_PATHS = (
					"$(inherited)",
					"@executable_path/Frameworks",
				);
				MARKETING_VERSION = 0.15.0;
				PRODUCT_BUNDLE_IDENTIFIER = "soft.cocoa.ods-ios-demo.dev";
				PRODUCT_NAME = "$(TARGET_NAME)";
				SWIFT_EMIT_LOC_STRINGS = YES;
				SWIFT_OPTIMIZATION_LEVEL = "-Onone";
				SWIFT_VERSION = 5.0;
				TARGETED_DEVICE_FAMILY = "1,2";
			};
			name = Debug;
		};
		EB0AA556275652AF0012E192 /* Release */ = {
			isa = XCBuildConfiguration;
			baseConfigurationReference = 021ED547747F959E94B4EA22 /* Pods-OrangeDesignSystemDemo.release.xcconfig */;
			buildSettings = {
				ASSETCATALOG_COMPILER_APPICON_NAME = AppIconRelease;
				ASSETCATALOG_COMPILER_GLOBAL_ACCENT_COLOR_NAME = AccentColor;
				CLANG_ENABLE_MODULES = YES;
				CODE_SIGN_STYLE = Automatic;
				CURRENT_PROJECT_VERSION = 1652713510;
				DEVELOPMENT_ASSET_PATHS = "\"OrangeDesignSystemDemo/Resources/Preview Content\"";
				DEVELOPMENT_TEAM = MG2LSJNJB6;
				ENABLE_PREVIEWS = YES;
				GENERATE_INFOPLIST_FILE = YES;
				INFOPLIST_FILE = OrangeDesignSystemDemo/Resources/Info.plist;
				INFOPLIST_KEY_CFBundleDisplayName = "Orange Design System";
				INFOPLIST_KEY_UIApplicationSceneManifest_Generation = YES;
				INFOPLIST_KEY_UIApplicationSupportsIndirectInputEvents = YES;
				INFOPLIST_KEY_UILaunchScreen_Generation = YES;
				INFOPLIST_KEY_UISupportedInterfaceOrientations_iPad = "UIInterfaceOrientationPortrait UIInterfaceOrientationPortraitUpsideDown UIInterfaceOrientationLandscapeLeft UIInterfaceOrientationLandscapeRight";
				INFOPLIST_KEY_UISupportedInterfaceOrientations_iPhone = "UIInterfaceOrientationPortrait UIInterfaceOrientationLandscapeLeft UIInterfaceOrientationLandscapeRight";
				IPHONEOS_DEPLOYMENT_TARGET = 15.0;
				LD_RUNPATH_SEARCH_PATHS = (
					"$(inherited)",
					"@executable_path/Frameworks",
				);
				MARKETING_VERSION = 0.15.0;
				PRODUCT_BUNDLE_IDENTIFIER = "soft.cocoa.ods-ios-demo.dev";
				PRODUCT_NAME = "$(TARGET_NAME)";
				SWIFT_EMIT_LOC_STRINGS = YES;
				SWIFT_VERSION = 5.0;
				TARGETED_DEVICE_FAMILY = "1,2";
			};
			name = Release;
		};
		EB0AA558275652AF0012E192 /* Debug */ = {
			isa = XCBuildConfiguration;
			baseConfigurationReference = B655A0B148F11BB69BCFF556 /* Pods-OrangeDesignSystemDemoTests.debug.xcconfig */;
			buildSettings = {
				ALWAYS_EMBED_SWIFT_STANDARD_LIBRARIES = "$(inherited)";
				BUNDLE_LOADER = "$(TEST_HOST)";
				CODE_SIGN_STYLE = Automatic;
				CURRENT_PROJECT_VERSION = 1652713510;
				DEVELOPMENT_TEAM = MG2LSJNJB6;
				GENERATE_INFOPLIST_FILE = YES;
				IPHONEOS_DEPLOYMENT_TARGET = 15.0;
				LD_RUNPATH_SEARCH_PATHS = (
					"$(inherited)",
					"@executable_path/Frameworks",
					"@loader_path/Frameworks",
				);
				MARKETING_VERSION = 1.0;
				PRODUCT_BUNDLE_IDENTIFIER = "com.demoh.ods-ios-swiftUI-demoTests";
				PRODUCT_NAME = "$(TARGET_NAME)";
				SWIFT_EMIT_LOC_STRINGS = NO;
				SWIFT_VERSION = 5.0;
				TARGETED_DEVICE_FAMILY = "1,2";
				TEST_HOST = "$(BUILT_PRODUCTS_DIR)/OrangeDesignSystemDemo.app/OrangeDesignSystemDemo";
			};
			name = Debug;
		};
		EB0AA559275652AF0012E192 /* Release */ = {
			isa = XCBuildConfiguration;
			baseConfigurationReference = FB859C964985A86562A19502 /* Pods-OrangeDesignSystemDemoTests.release.xcconfig */;
			buildSettings = {
				ALWAYS_EMBED_SWIFT_STANDARD_LIBRARIES = "$(inherited)";
				BUNDLE_LOADER = "$(TEST_HOST)";
				CODE_SIGN_STYLE = Automatic;
				CURRENT_PROJECT_VERSION = 1652713510;
				DEVELOPMENT_TEAM = MG2LSJNJB6;
				GENERATE_INFOPLIST_FILE = YES;
				IPHONEOS_DEPLOYMENT_TARGET = 15.0;
				LD_RUNPATH_SEARCH_PATHS = (
					"$(inherited)",
					"@executable_path/Frameworks",
					"@loader_path/Frameworks",
				);
				MARKETING_VERSION = 1.0;
				PRODUCT_BUNDLE_IDENTIFIER = "com.demoh.ods-ios-swiftUI-demoTests";
				PRODUCT_NAME = "$(TARGET_NAME)";
				SWIFT_EMIT_LOC_STRINGS = NO;
				SWIFT_VERSION = 5.0;
				TARGETED_DEVICE_FAMILY = "1,2";
				TEST_HOST = "$(BUILT_PRODUCTS_DIR)/OrangeDesignSystemDemo.app/OrangeDesignSystemDemo";
			};
			name = Release;
		};
		EB0AA55B275652AF0012E192 /* Debug */ = {
			isa = XCBuildConfiguration;
			buildSettings = {
				ALWAYS_EMBED_SWIFT_STANDARD_LIBRARIES = "$(inherited)";
				CODE_SIGN_STYLE = Automatic;
				CURRENT_PROJECT_VERSION = 1652713510;
				DEVELOPMENT_TEAM = MG2LSJNJB6;
				GENERATE_INFOPLIST_FILE = YES;
				LD_RUNPATH_SEARCH_PATHS = (
					"$(inherited)",
					"@executable_path/Frameworks",
					"@loader_path/Frameworks",
				);
				MARKETING_VERSION = 1.0;
				PRODUCT_BUNDLE_IDENTIFIER = "com.demoh.ods-ios-swiftUI-demoUITests";
				PRODUCT_NAME = "$(TARGET_NAME)";
				SWIFT_EMIT_LOC_STRINGS = NO;
				SWIFT_VERSION = 5.0;
				TARGETED_DEVICE_FAMILY = "1,2";
				TEST_TARGET_NAME = "ods-ios-swiftUI-demo";
			};
			name = Debug;
		};
		EB0AA55C275652AF0012E192 /* Release */ = {
			isa = XCBuildConfiguration;
			buildSettings = {
				ALWAYS_EMBED_SWIFT_STANDARD_LIBRARIES = "$(inherited)";
				CODE_SIGN_STYLE = Automatic;
				CURRENT_PROJECT_VERSION = 1652713510;
				DEVELOPMENT_TEAM = MG2LSJNJB6;
				GENERATE_INFOPLIST_FILE = YES;
				LD_RUNPATH_SEARCH_PATHS = (
					"$(inherited)",
					"@executable_path/Frameworks",
					"@loader_path/Frameworks",
				);
				MARKETING_VERSION = 1.0;
				PRODUCT_BUNDLE_IDENTIFIER = "com.demoh.ods-ios-swiftUI-demoUITests";
				PRODUCT_NAME = "$(TARGET_NAME)";
				SWIFT_EMIT_LOC_STRINGS = NO;
				SWIFT_VERSION = 5.0;
				TARGETED_DEVICE_FAMILY = "1,2";
				TEST_TARGET_NAME = "ods-ios-swiftUI-demo";
			};
			name = Release;
		};
/* End XCBuildConfiguration section */

/* Begin XCConfigurationList section */
		EB0AA52B275652AE0012E192 /* Build configuration list for PBXProject "OrangeDesignSystemDemo" */ = {
			isa = XCConfigurationList;
			buildConfigurations = (
				EB0AA552275652AF0012E192 /* Debug */,
				EB0AA553275652AF0012E192 /* Release */,
			);
			defaultConfigurationIsVisible = 0;
			defaultConfigurationName = Release;
		};
		EB0AA554275652AF0012E192 /* Build configuration list for PBXNativeTarget "OrangeDesignSystemDemo" */ = {
			isa = XCConfigurationList;
			buildConfigurations = (
				EB0AA555275652AF0012E192 /* Debug */,
				EB0AA556275652AF0012E192 /* Release */,
			);
			defaultConfigurationIsVisible = 0;
			defaultConfigurationName = Release;
		};
		EB0AA557275652AF0012E192 /* Build configuration list for PBXNativeTarget "OrangeDesignSystemDemoTests" */ = {
			isa = XCConfigurationList;
			buildConfigurations = (
				EB0AA558275652AF0012E192 /* Debug */,
				EB0AA559275652AF0012E192 /* Release */,
			);
			defaultConfigurationIsVisible = 0;
			defaultConfigurationName = Release;
		};
		EB0AA55A275652AF0012E192 /* Build configuration list for PBXNativeTarget "OrangeDesignSystemDemoUITests" */ = {
			isa = XCConfigurationList;
			buildConfigurations = (
				EB0AA55B275652AF0012E192 /* Debug */,
				EB0AA55C275652AF0012E192 /* Release */,
			);
			defaultConfigurationIsVisible = 0;
			defaultConfigurationName = Release;
		};
/* End XCConfigurationList section */

/* Begin XCSwiftPackageProductDependency section */
		076C0E0C2AC1BCF800AAE074 /* InnovationCupTheme */ = {
			isa = XCSwiftPackageProductDependency;
			productName = InnovationCupTheme;
		};
		076C0E0E2AC1BCF800AAE074 /* OrangeDesignSystem */ = {
			isa = XCSwiftPackageProductDependency;
			productName = OrangeDesignSystem;
		};
		076C0E102AC1BCF800AAE074 /* OrangeTheme */ = {
			isa = XCSwiftPackageProductDependency;
			productName = OrangeTheme;
		};
/* End XCSwiftPackageProductDependency section */
	};
	rootObject = EB0AA528275652AE0012E192 /* Project object */;
}
