{
  "object": {
    "pins": [
      {
        "package": "DeclarationAccessibility",
        "repositoryURL": "https://github.com/Orange-OpenSource/accessibility-statement-lib-ios.git",
        "state": {
          "branch": null,
          "revision": "480bf4629b951e459308379030f1ca0ce28a0987",
          "version": "1.3.0"
        }
      },
      {
        "package": "BottomSheet",
        "repositoryURL": "https://github.com/lucaszischka/BottomSheet",
        "state": {
          "branch": null,
          "revision": "720ddbd1371fef2a09cc1ab65fc503df37767f9c",
          "version": "3.1.1"
        }
      },
      {
        "package": "swift-argument-parser",
        "repositoryURL": "https://github.com/apple/swift-argument-parser",
        "state": {
          "branch": null,
          "revision": "41982a3656a71c768319979febd796c6fd111d5c",
          "version": "1.5.0"
        }
      },
      {
        "package": "Flow",
        "repositoryURL": "https://github.com/tevelee/SwiftUI-Flow",
        "state": {
          "branch": null,
          "revision": "d592b610a92869b74ede8ee4c0435a29219be9d8",
          "version": "1.2.0"
        }
      }
    ]
  },
  "version": 1
}
